{
  "version": 4,
  "terraform_version": "1.0.8",
  "serial": 157,
  "lineage": "a48b7e83-49ce-b58f-08e3-f2189d332205",
  "outputs": {
    "bastion_public_ip": {
      "value": [
        "150.230.123.146"
      ],
      "type": [
        "tuple",
        [
          "string"
        ]
      ]
    },
    "bastion_ssh_metadata": {
      "value": [],
      "type": [
        "tuple",
        []
      ]
    },
    "generated_ssh_private_key": {
      "value": "-----BEGIN RSA PRIVATE KEY-----\nMIIEpQIBAAKCAQEA0B7684GtIpIb+/pG1Vnjb58w2RwDsBdv0iEwO06MNv/k5/G7\nD/02xaFX9oWfZK6w6H7HLJ7/PPdG8g8utI7v1rTF/w4Ppgjo0jY5f+ZYqPmzdNP/\nTClmBFelZzksqLt+DRKVzsdxNhJKUPQ4BrNRlBrNIiWPbL/9CnOOlemX9S2WnXTj\neh92zkQkjPm+tQKPzLbFg5mxnE3pFd7Z50aURI5mcQvmjcRes8lkBdh+jHh0JP9i\n+yAgMIzMLa9U8IgoH0xKFYA/qNpnO76UXjuYNfbGu9skPOyxSBKSvgzNq7gUPJWd\n9Qn91YOd6XUwI1yCt5XYy7v72A4x6g1rr0Kf0wIDAQABAoIBAQCEDiRNvkqNVQhM\nqlGnrpGRkgD8wbnVUgmx2z0vZHezrksgoVGAo7rNS8L0uXSZ/f5ih4750SlDFeP+\nU4PfLZMhOTMo01M6lwyj1aRGc3JuRYKI7rtfKCWDO9nH1Y9wwQcKZHCJ9CLxnElr\ndIrYNY/d2eOvdwW6i1eT+h7PIJk7B71Lx+o6RuASIdWlVfZujS9yh9oV9lx67hIQ\n+cMyDs7KAmntOrGYtSIjg4Xc9wtEScnNwJ2317EaWbdVN/TW4zo3S7iAd0P20So1\nGkDFwuiqS4ZnqRr98ffXag0LJf84lj4Xqc/OwROISmTVHBaPq7Qe1k7kjtB432N1\n6UtdMn2BAoGBAOVTVjbCYbSgFBj572qK+2rOl4FIS0p3UhV+LoM8CqRvvRdVRZ6G\ntjLSBC5CE5GXgYFv9onCzuYoJWEssqFj9I28CyydSht0i8RL8RADaASB0gGmPD5K\n6jYaSad/abxLDWGChDLAnAiLeFelz3iR3C14SuJtBULvRzUwtf/0RYgNAoGBAOhU\nO7HsuiYaFQIsO+ZodEtPiUXSNGJPXzsfDX5KmAdRgq6ntrnGARpLuItbk22gOVky\n2klCoF165GdEdq4jhsqWcACIwsV1reENIM+07ket6ZFBD9xY9dZuF+NVLLTL/13V\nTcC/gVk1Xza0UzOBujoxiYYDhHTluYPuWqnX9e9fAoGAfyK1gERBgK7ilXoyxiFp\nAyynh8/5lb4S7sF2reDikYk1DrOClkFez0vpb2/Ig4W4EXdt+a/bnnORTY9HNPxC\nPzWKCGDnDdOODPSBH3yT9TO3ppxvd6V2tSnbvZWAnBgLwgxml/B6UK5puEW/gLt0\nkmzHL0J7kUEwfAeWTuEwjx0CgYEAjmgLSy1KkM5N8E4CzWFbX0o6X1TQjS4PtmJ7\nV90LQPkifEILC+YliOO/E5SnUnvyiw1TpbI0L/iDBhV+FZFrLsR1lK4/jN9sHFV6\ntjY2FDOyxjk2Kp9Q2QYUmGD+DTg5qF910F7SP0cqvJJdqWWsK71viXigeTLSut6g\nLhlVA0sCgYEAo4KNCtIVD6vmxLi+gJ9ORI1cZ1iZ7/QMAyODUko/2tqw7HSWf6/F\nAt9G1iJJtLRTJZBwVnapTcud+vB5fMsgu3Q4IuVAjUaxO7J4+MdiUK5BrAOR/yJH\ndy68wDn9asqA006L05acoeQhYuAAsJ6Hff/DrseqEZuSAe58W4BQXPk=\n-----END RSA PRIVATE KEY-----\n",
      "type": "string",
      "sensitive": true
    },
    "todoapp_url": {
      "value": "http://150.230.122.17/todoapp/list",
      "type": "string"
    },
    "tomcat-server_private_ips": {
      "value": [
        "10.0.10.22",
        "10.0.10.176"
      ],
      "type": [
        "tuple",
        [
          "string",
          "string"
        ]
      ]
    },
    "wallet_password": {
      "value": [
        "OegQgA8t6ONWJTv1"
      ],
      "type": [
        "tuple",
        [
          "string"
        ]
      ],
      "sensitive": true
    }
  },
  "resources": [
    {
      "mode": "data",
      "type": "oci_core_images",
      "name": "InstanceImageOCID",
      "provider": "provider[\"registry.terraform.io/hashicorp/oci\"]",
      "instances": [
        {
          "schema_version": 0,
          "attributes": {
            "compartment_id": "ocid1.tenancy.oc1..aaaaaaaawxhxnvqcnahx74civwly2duq4gfytiw2inngqg2tbcflgl56ytmq",
            "display_name": null,
            "filter": [
              {
                "name": "display_name",
                "regex": true,
                "values": [
                  "^.*Oracle[^G]*$"
                ]
              }
            ],
            "id": "CoreImagesDataSource-2854825635",
            "images": [
              {
                "agent_features": [],
                "base_image_id": "",
                "billable_size_in_gbs": "3",
                "compartment_id": "",
                "create_image_allowed": true,
                "defined_tags": {},
                "display_name": "Oracle-Linux-7.9-aarch64-2021.10.04-0",
                "freeform_tags": {},
                "id": "ocid1.image.oc1.uk-london-1.aaaaaaaa2xck5obp45jcsmj6expv4pzrbopcdtckzs7st4um42v6rpmibilq",
                "image_source_details": [],
                "instance_id": "",
                "launch_mode": "NATIVE",
                "launch_options": [
                  {
                    "boot_volume_type": "PARAVIRTUALIZED",
                    "firmware": "UEFI_64",
                    "is_consistent_volume_naming_enabled": true,
                    "is_pv_encryption_in_transit_enabled": true,
                    "network_type": "PARAVIRTUALIZED",
                    "remote_data_volume_type": "PARAVIRTUALIZED"
                  }
                ],
                "listing_type": "",
                "operating_system": "Oracle Linux",
                "operating_system_version": "7.9",
                "size_in_mbs": "47694",
                "state": "AVAILABLE",
                "time_created": "2021-10-07 19:26:32.056 +0000 UTC"
              },
              {
                "agent_features": [],
                "base_image_id": "",
                "billable_size_in_gbs": "3",
                "compartment_id": "",
                "create_image_allowed": true,
                "defined_tags": {},
                "display_name": "Oracle-Linux-7.9-aarch64-2021.08.27-0",
                "freeform_tags": {},
                "id": "ocid1.image.oc1.uk-london-1.aaaaaaaavbeeschu4tyj7rbdtcpwca2bdzgf6jx4wz6a7tebqs7ebuzgd3oq",
                "image_source_details": [],
                "instance_id": "",
                "launch_mode": "NATIVE",
                "launch_options": [
                  {
                    "boot_volume_type": "PARAVIRTUALIZED",
                    "firmware": "UEFI_64",
                    "is_consistent_volume_naming_enabled": true,
                    "is_pv_encryption_in_transit_enabled": true,
                    "network_type": "PARAVIRTUALIZED",
                    "remote_data_volume_type": "PARAVIRTUALIZED"
                  }
                ],
                "listing_type": "",
                "operating_system": "Oracle Linux",
                "operating_system_version": "7.9",
                "size_in_mbs": "47694",
                "state": "AVAILABLE",
                "time_created": "2021-08-30 23:42:46.666 +0000 UTC"
              }
            ],
            "operating_system": "Oracle Linux",
            "operating_system_version": "7.9",
            "shape": "VM.Standard.A1.Flex",
            "sort_by": null,
            "sort_order": null,
            "state": null
          },
          "sensitive_attributes": []
        }
      ]
    },
    {
      "mode": "data",
      "type": "oci_core_vnic",
      "name": "tomcat-server_primaryvnic",
      "provider": "provider[\"registry.terraform.io/hashicorp/oci\"]",
      "instances": [
        {
          "index_key": 0,
          "schema_version": 0,
          "attributes": {
            "availability_domain": "KXQA:UK-LONDON-1-AD-1",
            "compartment_id": "ocid1.tenancy.oc1..aaaaaaaawxhxnvqcnahx74civwly2duq4gfytiw2inngqg2tbcflgl56ytmq",
            "defined_tags": {
              "ArchitectureCenter\\deploy-tomcat-adb-38d2.release": "1.4",
              "Oracle-Tags.CreatedBy": "oracleidentitycloudservice/amish.jain@oracle.com",
              "Oracle-Tags.CreatedOn": "2021-10-14T19:12:27.027Z"
            },
            "display_name": "primaryvnic",
            "freeform_tags": {},
            "hostname_label": null,
            "id": "ocid1.vnic.oc1.uk-london-1.abwgiljtvxvcqj7rb2og753gygjjaymdlavw4g6k3vcsqewlp65l6ejaqnuq",
            "is_primary": true,
            "mac_address": "02:00:17:05:92:09",
            "nsg_ids": [
              "ocid1.networksecuritygroup.oc1.uk-london-1.aaaaaaaadbmyxsy46bpeopejkfikmjy7wajg6zkhjz3cudg2l5b3m7tee4mq",
              "ocid1.networksecuritygroup.oc1.uk-london-1.aaaaaaaabh3ip2wi7z3tdma3p7fy6a4voircmyznmvkvk7za3gqdv4sukp4a"
            ],
            "private_ip_address": "10.0.10.22",
            "public_ip_address": null,
            "skip_source_dest_check": false,
            "state": "AVAILABLE",
            "subnet_id": "ocid1.subnet.oc1.uk-london-1.aaaaaaaazkv2g7wihwbjht7g5rjnbqnuubkqbnd5rf5rdj4fvfvqmiojytna",
            "time_created": "2021-10-14 19:12:31.694 +0000 UTC",
            "vlan_id": null,
            "vnic_id": "ocid1.vnic.oc1.uk-london-1.abwgiljtvxvcqj7rb2og753gygjjaymdlavw4g6k3vcsqewlp65l6ejaqnuq"
          },
          "sensitive_attributes": []
        },
        {
          "index_key": 1,
          "schema_version": 0,
          "attributes": {
            "availability_domain": "KXQA:UK-LONDON-1-AD-1",
            "compartment_id": "ocid1.tenancy.oc1..aaaaaaaawxhxnvqcnahx74civwly2duq4gfytiw2inngqg2tbcflgl56ytmq",
            "defined_tags": {
              "ArchitectureCenter\\deploy-tomcat-adb-38d2.release": "1.4",
              "Oracle-Tags.CreatedBy": "oracleidentitycloudservice/amish.jain@oracle.com",
              "Oracle-Tags.CreatedOn": "2021-10-14T19:12:27.031Z"
            },
            "display_name": "primaryvnic",
            "freeform_tags": {},
            "hostname_label": null,
            "id": "ocid1.vnic.oc1.uk-london-1.abwgiljtrf47lf2ieceikano4xzn6exupuga3gfj2pnihn7kxfv3ivlaggga",
            "is_primary": true,
            "mac_address": "02:00:17:05:00:01",
            "nsg_ids": [
              "ocid1.networksecuritygroup.oc1.uk-london-1.aaaaaaaadbmyxsy46bpeopejkfikmjy7wajg6zkhjz3cudg2l5b3m7tee4mq",
              "ocid1.networksecuritygroup.oc1.uk-london-1.aaaaaaaabh3ip2wi7z3tdma3p7fy6a4voircmyznmvkvk7za3gqdv4sukp4a"
            ],
            "private_ip_address": "10.0.10.176",
            "public_ip_address": null,
            "skip_source_dest_check": false,
            "state": "AVAILABLE",
            "subnet_id": "ocid1.subnet.oc1.uk-london-1.aaaaaaaazkv2g7wihwbjht7g5rjnbqnuubkqbnd5rf5rdj4fvfvqmiojytna",
            "time_created": "2021-10-14 19:12:31.896 +0000 UTC",
            "vlan_id": null,
            "vnic_id": "ocid1.vnic.oc1.uk-london-1.abwgiljtrf47lf2ieceikano4xzn6exupuga3gfj2pnihn7kxfv3ivlaggga"
          },
          "sensitive_attributes": []
        }
      ]
    },
    {
      "mode": "data",
      "type": "oci_core_vnic_attachments",
      "name": "tomcat-server_primaryvnic_attach",
      "provider": "provider[\"registry.terraform.io/hashicorp/oci\"]",
      "instances": [
        {
          "index_key": 0,
          "schema_version": 0,
          "attributes": {
            "availability_domain": "KXQA:UK-LONDON-1-AD-1",
            "compartment_id": "ocid1.tenancy.oc1..aaaaaaaawxhxnvqcnahx74civwly2duq4gfytiw2inngqg2tbcflgl56ytmq",
            "filter": null,
            "id": "CoreVnicAttachmentsDataSource-4248504061",
            "instance_id": "ocid1.instance.oc1.uk-london-1.anwgiljtfacedticbdhuwvam26bt3ehwfpxm24qu5i7s3nssrfft3u5jpzuq",
            "vnic_attachments": [
              {
                "availability_domain": "KXQA:UK-LONDON-1-AD-1",
                "compartment_id": "ocid1.tenancy.oc1..aaaaaaaawxhxnvqcnahx74civwly2duq4gfytiw2inngqg2tbcflgl56ytmq",
                "create_vnic_details": [],
                "display_name": "",
                "id": "ocid1.vnicattachment.oc1.uk-london-1.anwgiljtfacedtic2uonaipuvkgwukqm67qjbmvlpfer4bscg3ckwy5bjeha",
                "instance_id": "ocid1.instance.oc1.uk-london-1.anwgiljtfacedticbdhuwvam26bt3ehwfpxm24qu5i7s3nssrfft3u5jpzuq",
                "nic_index": 0,
                "state": "ATTACHED",
                "subnet_id": "ocid1.subnet.oc1.uk-london-1.aaaaaaaazkv2g7wihwbjht7g5rjnbqnuubkqbnd5rf5rdj4fvfvqmiojytna",
                "time_created": "2021-10-14 19:12:31.904 +0000 UTC",
                "vlan_id": "",
                "vlan_tag": 3858,
                "vnic_id": "ocid1.vnic.oc1.uk-london-1.abwgiljtvxvcqj7rb2og753gygjjaymdlavw4g6k3vcsqewlp65l6ejaqnuq"
              }
            ],
            "vnic_id": null
          },
          "sensitive_attributes": []
        },
        {
          "index_key": 1,
          "schema_version": 0,
          "attributes": {
            "availability_domain": "KXQA:UK-LONDON-1-AD-1",
            "compartment_id": "ocid1.tenancy.oc1..aaaaaaaawxhxnvqcnahx74civwly2duq4gfytiw2inngqg2tbcflgl56ytmq",
            "filter": null,
            "id": "CoreVnicAttachmentsDataSource-4143153727",
            "instance_id": "ocid1.instance.oc1.uk-london-1.anwgiljtfacedticqmiqmcearwxtcwejbm3i7izchqxfbcs2dwr5jyp45lfq",
            "vnic_attachments": [
              {
                "availability_domain": "KXQA:UK-LONDON-1-AD-1",
                "compartment_id": "ocid1.tenancy.oc1..aaaaaaaawxhxnvqcnahx74civwly2duq4gfytiw2inngqg2tbcflgl56ytmq",
                "create_vnic_details": [],
                "display_name": "",
                "id": "ocid1.vnicattachment.oc1.uk-london-1.anwgiljtfacedtico3vxnxnoopdjnqpcqarznt4dmmb666gnqiqrogb2vgva",
                "instance_id": "ocid1.instance.oc1.uk-london-1.anwgiljtfacedticqmiqmcearwxtcwejbm3i7izchqxfbcs2dwr5jyp45lfq",
                "nic_index": 0,
                "state": "ATTACHED",
                "subnet_id": "ocid1.subnet.oc1.uk-london-1.aaaaaaaazkv2g7wihwbjht7g5rjnbqnuubkqbnd5rf5rdj4fvfvqmiojytna",
                "time_created": "2021-10-14 19:12:32.116 +0000 UTC",
                "vlan_id": "",
                "vlan_tag": 2232,
                "vnic_id": "ocid1.vnic.oc1.uk-london-1.abwgiljtrf47lf2ieceikano4xzn6exupuga3gfj2pnihn7kxfv3ivlaggga"
              }
            ],
            "vnic_id": null
          },
          "sensitive_attributes": []
        }
      ]
    },
    {
      "mode": "data",
      "type": "oci_identity_availability_domains",
      "name": "ADs",
      "provider": "provider[\"registry.terraform.io/hashicorp/oci\"]",
      "instances": [
        {
          "schema_version": 0,
          "attributes": {
            "availability_domains": [
              {
                "compartment_id": "ocid1.tenancy.oc1..aaaaaaaawxhxnvqcnahx74civwly2duq4gfytiw2inngqg2tbcflgl56ytmq",
                "id": "ocid1.availabilitydomain.oc1..aaaaaaaapjv4p3qtly2fesrig77q4tlmi3wvakeet6fskc7do2fmawz3xctq",
                "name": "KXQA:UK-LONDON-1-AD-1"
              },
              {
                "compartment_id": "ocid1.tenancy.oc1..aaaaaaaawxhxnvqcnahx74civwly2duq4gfytiw2inngqg2tbcflgl56ytmq",
                "id": "ocid1.availabilitydomain.oc1..aaaaaaaac6kgqnl5eberztbdm2ufhpxohk7cuelajmafpqa3m6rpri4tc2yq",
                "name": "KXQA:UK-LONDON-1-AD-2"
              },
              {
                "compartment_id": "ocid1.tenancy.oc1..aaaaaaaawxhxnvqcnahx74civwly2duq4gfytiw2inngqg2tbcflgl56ytmq",
                "id": "ocid1.availabilitydomain.oc1..aaaaaaaaw2i3i53quioaywmhx56ss5plwk7bmmeg2266lo7inilhbizeroua",
                "name": "KXQA:UK-LONDON-1-AD-3"
              }
            ],
            "compartment_id": "ocid1.tenancy.oc1..aaaaaaaawxhxnvqcnahx74civwly2duq4gfytiw2inngqg2tbcflgl56ytmq",
            "filter": null,
            "id": "IdentityAvailabilityDomainsDataSource-3994856434"
          },
          "sensitive_attributes": []
        }
      ]
    },
    {
      "mode": "data",
      "type": "oci_identity_region_subscriptions",
      "name": "home_region_subscriptions",
      "provider": "provider[\"registry.terraform.io/hashicorp/oci\"]",
      "instances": [
        {
          "schema_version": 0,
          "attributes": {
            "filter": [
              {
                "name": "is_home_region",
                "regex": false,
                "values": [
                  "true"
                ]
              }
            ],
            "id": "IdentityRegionSubscriptionsDataSource-3994856434",
            "region_subscriptions": [
              {
                "is_home_region": true,
                "region_key": "LHR",
                "region_name": "uk-london-1",
                "state": "READY",
                "tenancy_id": ""
              }
            ],
            "tenancy_id": "ocid1.tenancy.oc1..aaaaaaaawxhxnvqcnahx74civwly2duq4gfytiw2inngqg2tbcflgl56ytmq"
          },
          "sensitive_attributes": []
        }
      ]
    },
    {
      "mode": "data",
      "type": "template_cloudinit_config",
      "name": "cloud_init",
      "provider": "provider[\"registry.terraform.io/hashicorp/template\"]",
      "instances": [
        {
          "schema_version": 0,
          "attributes": {
            "base64_encode": true,
            "gzip": true,
            "id": "2367811509",
            "part": [
              {
                "content": "#!/bin/bash\n\ncp /home/opc/.ssh/authorized_keys /home/opc/.ssh/authorized_keys.bak\necho \"ssh-rsa AAAAB3NzaC1yc2EAAAADAQABAAABAQDQHvrzga0ikhv7+kbVWeNvnzDZHAOwF2/SITA7Tow2/+Tn8bsP/TbFoVf2hZ9krrDofscsnv8890byDy60ju/WtMX/Dg+mCOjSNjl/5lio+bN00/9MKWYEV6VnOSyou34NEpXOx3E2EkpQ9DgGs1GUGs0iJY9sv/0Kc46V6Zf1LZaddON6H3bORCSM+b61Ao/MtsWDmbGcTekV3tnnRpREjmZxC+aNxF6zyWQF2H6MeHQk/2L7ICAwjMwtr1TwiCgfTEoVgD+o2mc7vpReO5g19sa72yQ87LFIEpK+DM2ruBQ8lZ31Cf3Vg53pdTAjXIK3ldjLu/vYDjHqDWuvQp/T\n\" \u003e\u003e /home/opc/.ssh/authorized_keys\nchown -R opc /home/opc/.ssh/authorized_keys\n",
                "content_type": "text/x-shellscript",
                "filename": "ainit.sh",
                "merge_type": ""
              }
            ],
            "rendered": "H4sIAAAAAAAA/4SSS2+jSBDH70j+Dqz3iHDzSLCdKJEw4MfawGITHPuyaqANzaObpRts/OlHiTSaaOaQ47/qV6WfVGVRwhHhcjg06Emsu4rjBrYc1PiG0mcxph1JYTu8jN2N6yz8N88296ex8JHkCLUMU/IkqhNlJIwEWf4KjYSfu23MGsow/2Qh5zDJa0T4s3jBFSKwRi9jiAnmE5aPf02FLSTsglrZIQlNMcmexGmM+RfgU5mjGwc3meWoqljS4oaPBBfX6A+7v/8CMSYghiwXhKQRQU5rBGiTgAljOYAdz2mL7yj9r0QD+6Y9iWEpoCSn4pixXG4ZFE3TNBe6d4eWOiSa8xFtMzAXH2UzsIN1394zqOAy76dSGUdH5PXkbp/Xpn9dauCwCc1pSK8akEIyi9m/IIyXNLpo+Xletq1NLyxhpJ/N5ko82IOhFB04cvcd2JlUW35x8IoKPFaYSrGnKGDubo8nJzIi4h8G2ukPntO8+zfd0ZyyCeZ2tmLq6m3FFPzPac56oGyTByMyzhd1d4Zp6nvGWo/9vXVwpdhQTQpczo52Ha+SEJWRzgnZN3unqM83S4LebWnch2Ow1NaGi9ZBCbTddGOZ18K98lYNr9jKLqFDo8yWqFYn077ZI/8xU+cMTrUhmE13y43TbCXb1dpuEcyqs65aFz3KHvUmDc3ifbPVq7TYdaA/2cX6f/vY9UEDQmEsvr5+cyohyemViPJepE3yHfv7E8vySPgRAAD//4RLeb8jAwAA"
          },
          "sensitive_attributes": []
        }
      ]
    },
    {
      "mode": "data",
      "type": "template_file",
      "name": "key_script",
      "provider": "provider[\"registry.terraform.io/hashicorp/template\"]",
      "instances": [
        {
          "schema_version": 0,
          "attributes": {
            "filename": null,
            "id": "2addac21692352d0d2fb33f4ab16e20f6799e9e47125b994e5e42c46975f3573",
            "rendered": "#!/bin/bash\n\ncp /home/opc/.ssh/authorized_keys /home/opc/.ssh/authorized_keys.bak\necho \"ssh-rsa AAAAB3NzaC1yc2EAAAADAQABAAABAQDQHvrzga0ikhv7+kbVWeNvnzDZHAOwF2/SITA7Tow2/+Tn8bsP/TbFoVf2hZ9krrDofscsnv8890byDy60ju/WtMX/Dg+mCOjSNjl/5lio+bN00/9MKWYEV6VnOSyou34NEpXOx3E2EkpQ9DgGs1GUGs0iJY9sv/0Kc46V6Zf1LZaddON6H3bORCSM+b61Ao/MtsWDmbGcTekV3tnnRpREjmZxC+aNxF6zyWQF2H6MeHQk/2L7ICAwjMwtr1TwiCgfTEoVgD+o2mc7vpReO5g19sa72yQ87LFIEpK+DM2ruBQ8lZ31Cf3Vg53pdTAjXIK3ldjLu/vYDjHqDWuvQp/T\n\" \u003e\u003e /home/opc/.ssh/authorized_keys\nchown -R opc /home/opc/.ssh/authorized_keys\n",
            "template": "#!/bin/bash\n\ncp /home/opc/.ssh/authorized_keys /home/opc/.ssh/authorized_keys.bak\necho \"${ssh_public_key}\" \u003e\u003e /home/opc/.ssh/authorized_keys\nchown -R opc /home/opc/.ssh/authorized_keys\n",
            "vars": {
              "ssh_public_key": "ssh-rsa AAAAB3NzaC1yc2EAAAADAQABAAABAQDQHvrzga0ikhv7+kbVWeNvnzDZHAOwF2/SITA7Tow2/+Tn8bsP/TbFoVf2hZ9krrDofscsnv8890byDy60ju/WtMX/Dg+mCOjSNjl/5lio+bN00/9MKWYEV6VnOSyou34NEpXOx3E2EkpQ9DgGs1GUGs0iJY9sv/0Kc46V6Zf1LZaddON6H3bORCSM+b61Ao/MtsWDmbGcTekV3tnnRpREjmZxC+aNxF6zyWQF2H6MeHQk/2L7ICAwjMwtr1TwiCgfTEoVgD+o2mc7vpReO5g19sa72yQ87LFIEpK+DM2ruBQ8lZ31Cf3Vg53pdTAjXIK3ldjLu/vYDjHqDWuvQp/T\n"
            }
          },
          "sensitive_attributes": []
        }
      ]
    },
    {
      "mode": "data",
      "type": "template_file",
      "name": "tomcat_context_xml",
      "provider": "provider[\"registry.terraform.io/hashicorp/template\"]",
      "instances": [
        {
          "schema_version": 0,
          "attributes": {
            "filename": null,
            "id": "335bcb83de2bfb0308e2fb10eda0ca24c941df832df3fed0ef315a9239768997",
            "rendered": "\u003c?xml version='1.0' encoding='utf-8'?\u003e\n\u003cContext reloadable=\"true\" source=\"org.eclipse.jst.jee.server:samplejdbcpage\"\u003e\n\n\u003cResource name=\"tomcat/UCP_atp\" auth=\"Container\"\n   factory=\"oracle.ucp.jdbc.PoolDataSourceImpl\"\n   type=\"oracle.ucp.jdbc.PoolDataSource\"\n   description=\"UCP Pool in Tomcat\"\n   connectionFactoryClassName=\"oracle.jdbc.pool.OracleDataSource\"\n   minPoolSize=\"5\"\n   maxPoolSize=\"50\"\n   initialPoolSize=\"15\"\n   user=\"todoapp\"\n   password=\"CcB51rjgUJlu\"\n   url=\"jdbc:oracle:thin:@ATPDB_medium?TNS_ADMIN=/usr/lib/oracle/19.10/client64/lib/network/admin/\"/\u003e\n\n  \u003cWatchedResource\u003eWEB-INF/web.xml\u003c/WatchedResource\u003e\n\u003c/Context\u003e\n",
            "template": "\u003c?xml version='1.0' encoding='utf-8'?\u003e\n\u003cContext reloadable=\"true\" source=\"org.eclipse.jst.jee.server:samplejdbcpage\"\u003e\n\n\u003cResource name=\"tomcat/UCP_atp\" auth=\"Container\"\n   factory=\"oracle.ucp.jdbc.PoolDataSourceImpl\"\n   type=\"oracle.ucp.jdbc.PoolDataSource\"\n   description=\"UCP Pool in Tomcat\"\n   connectionFactoryClassName=\"oracle.jdbc.pool.OracleDataSource\"\n   minPoolSize=\"5\"\n   maxPoolSize=\"50\"\n   initialPoolSize=\"15\"\n   user=\"${db_user_name}\"\n   password=\"${db_user_password}\"\n   url=\"jdbc:oracle:thin:@${db_name}_medium?TNS_ADMIN=/usr/lib/oracle/${oracle_instant_client_version_short}/client64/lib/network/admin/\"/\u003e\n\n  \u003cWatchedResource\u003eWEB-INF/web.xml\u003c/WatchedResource\u003e\n\u003c/Context\u003e\n",
            "vars": {
              "db_name": "ATPDB",
              "db_user_name": "todoapp",
              "db_user_password": "CcB51rjgUJlu",
              "oracle_instant_client_version_short": "19.10"
            }
          },
          "sensitive_attributes": []
        }
      ]
    },
    {
      "mode": "data",
      "type": "template_file",
      "name": "tomcat_service_template",
      "provider": "provider[\"registry.terraform.io/hashicorp/template\"]",
      "instances": [
        {
          "index_key": 0,
          "schema_version": 0,
          "attributes": {
            "filename": null,
            "id": "762c7db5e000f7eeaa26f002c33f72042e1614d492ce1b014434b362a513ac4e",
            "rendered": "[Unit]\nDescription=Tomcat Service\n\n[Service]\nType=oneshot\nUser=tomcat\nGroup=tomcat\nRemainAfterExit=yes\nExecStart=/usr/bin/echo 'Starting Tomcat Server'\nExecStart=nohup /u01/apache-tomcat-9.0.45/bin/startup.sh \u0026\nExecStart=/usr/bin/echo 'Tomcat has been started'\nExecStop=/usr/bin/echo 'Stopping Tomcat Server'\nExecStop=nohup /u01/apache-tomcat-9.0.45/bin/shutdown.sh \u0026\nExecStop=/usr/bin/echo 'Tomcat has been stopped'\n\n[Install]\nWantedBy=multi-user.target\n",
            "template": "[Unit]\nDescription=Tomcat Service\n\n[Service]\nType=oneshot\nUser=tomcat\nGroup=tomcat\nRemainAfterExit=yes\nExecStart=/usr/bin/echo 'Starting Tomcat Server'\nExecStart=nohup /u01/apache-tomcat-${tomcat_version}/bin/startup.sh \u0026\nExecStart=/usr/bin/echo 'Tomcat has been started'\nExecStop=/usr/bin/echo 'Stopping Tomcat Server'\nExecStop=nohup /u01/apache-tomcat-${tomcat_version}/bin/shutdown.sh \u0026\nExecStop=/usr/bin/echo 'Tomcat has been stopped'\n\n[Install]\nWantedBy=multi-user.target\n",
            "vars": {
              "tomcat_version": "9.0.45"
            }
          },
          "sensitive_attributes": []
        },
        {
          "index_key": 1,
          "schema_version": 0,
          "attributes": {
            "filename": null,
            "id": "762c7db5e000f7eeaa26f002c33f72042e1614d492ce1b014434b362a513ac4e",
            "rendered": "[Unit]\nDescription=Tomcat Service\n\n[Service]\nType=oneshot\nUser=tomcat\nGroup=tomcat\nRemainAfterExit=yes\nExecStart=/usr/bin/echo 'Starting Tomcat Server'\nExecStart=nohup /u01/apache-tomcat-9.0.45/bin/startup.sh \u0026\nExecStart=/usr/bin/echo 'Tomcat has been started'\nExecStop=/usr/bin/echo 'Stopping Tomcat Server'\nExecStop=nohup /u01/apache-tomcat-9.0.45/bin/shutdown.sh \u0026\nExecStop=/usr/bin/echo 'Tomcat has been stopped'\n\n[Install]\nWantedBy=multi-user.target\n",
            "template": "[Unit]\nDescription=Tomcat Service\n\n[Service]\nType=oneshot\nUser=tomcat\nGroup=tomcat\nRemainAfterExit=yes\nExecStart=/usr/bin/echo 'Starting Tomcat Server'\nExecStart=nohup /u01/apache-tomcat-${tomcat_version}/bin/startup.sh \u0026\nExecStart=/usr/bin/echo 'Tomcat has been started'\nExecStop=/usr/bin/echo 'Stopping Tomcat Server'\nExecStop=nohup /u01/apache-tomcat-${tomcat_version}/bin/shutdown.sh \u0026\nExecStop=/usr/bin/echo 'Tomcat has been stopped'\n\n[Install]\nWantedBy=multi-user.target\n",
            "vars": {
              "tomcat_version": "9.0.45"
            }
          },
          "sensitive_attributes": []
        }
      ]
    },
    {
      "mode": "data",
      "type": "template_file",
      "name": "tomcat_template",
      "provider": "provider[\"registry.terraform.io/hashicorp/template\"]",
      "instances": [
        {
          "index_key": 0,
          "schema_version": 0,
          "attributes": {
            "filename": null,
            "id": "2c0b8b83178b91a12e2bba507af9937bab54123fdaaa1cdcbea3c37ec703c6f9",
            "rendered": "#!/bin/bash\n\n# Install Java JDK \u0026 Tomcat\necho '== 1. Install Java JDK \u0026 Tomcat'\nyum install -y java-11-openjdk-devel\n\nuseradd tomcat\n\nmkdir /u01\nwget -O /u01/apache-tomcat-9.0.45.zip https://archive.apache.org/dist/tomcat/tomcat-9/v9.0.45/bin/apache-tomcat-9.0.45.zip\nunzip /u01/apache-tomcat-9.0.45.zip -d /u01/\nchown -R tomcat:tomcat /u01\nchmod +x /u01/apache-tomcat-9.0.45/bin/*.sh\n\n# Install Oracle instant client\n\necho '== 2. Install Oracle instant client'\nif [[ $(uname -r | sed 's/^.*\\(el[0-9]\\+\\).*$/\\1/') == \"el8\" ]]\nthen \n  if [[ $(uname -m | sed 's/^.*\\(el[0-9]\\+\\).*$/\\1/') == \"aarch64\" ]]\n  then\n    echo '=== 2.1 aarch64 platform \u0026 OL8' \n  \tyum install -y https://yum.oracle.com/repo/OracleLinux/OL8/oracle/instantclient/aarch64/getPackage/oracle-instantclient19.10-basic-19.10.0.0.0-1.aarch64.rpm\n  \tyum install -y https://yum.oracle.com/repo/OracleLinux/OL8/oracle/instantclient/aarch64/getPackage/oracle-instantclient19.10-sqlplus-19.10.0.0.0-1.aarch64.rpm\n  else\n  \techo '=== 2.1 x86_64 platform \u0026 OL8'\n    dnf install -y https://yum.oracle.com/repo/OracleLinux/OL8/oracle/instantclient/x86_64/getPackage/oracle-instantclient19.10-basic-19.10.0.0.0-1.x86_64.rpm\n    dnf install -y https://yum.oracle.com/repo/OracleLinux/OL8/oracle/instantclient/x86_64/getPackage/oracle-instantclient19.10-sqlplus-19.10.0.0.0-1.x86_64.rpm\n  fi\t\nelse\n  if [[ $(uname -m | sed 's/^.*\\(el[0-9]\\+\\).*$/\\1/') == \"aarch64\" ]]\n  then \t\n  \techo '=== 2.1 aarch64 platform \u0026 OL7' \n  \tyum install -y https://yum.oracle.com/repo/OracleLinux/OL7/oracle/instantclient/aarch64/getPackage/oracle-instantclient19.10-basic-19.10.0.0.0-1.aarch64.rpm\n    yum install -y https://yum.oracle.com/repo/OracleLinux/OL7/oracle/instantclient/aarch64/getPackage/oracle-instantclient19.10-sqlplus-19.10.0.0.0-1.aarch64.rpm\n  else\n    echo '=== 2.1 x86_64 platform \u0026 OL7'\n    yum install -y https://yum.oracle.com/repo/OracleLinux/OL7/oracle/instantclient/x86_64/getPackage/oracle-instantclient19.10-basic-19.10.0.0.0-1.x86_64.rpm\n    yum install -y https://yum.oracle.com/repo/OracleLinux/OL7/oracle/instantclient/x86_64/getPackage/oracle-instantclient19.10-sqlplus-19.10.0.0.0-1.x86_64.rpm\n  fi\nfi \n\n# Prepare TDE wallet \necho '== 3. Prepare TDE wallet'\nunzip -o /tmp/tde_wallet_ATPdb1.zip -d /usr/lib/oracle/19.10/client64/lib/network/admin/\n\nexport tomcat_host='tomcat-server-0'\n\nif [[ $tomcat_host == \"tomcat-server-0\" ]]; then\n\t# Create TODOAPP user in ATP\n\techo '== 4. Create TODOAPP user in ATP'\n\trm -rf /tmp/create_todoapp_user.sql\n\techo 'CREATE USER todoapp IDENTIFIED BY \"CcB51rjgUJlu\";' | sudo tee -a /tmp/create_todoapp_user.sql\n\techo 'GRANT CREATE SESSION TO todoapp;' | sudo tee -a /tmp/create_todoapp_user.sql\n\techo 'GRANT CREATE TABLE TO todoapp;' | sudo tee -a /tmp/create_todoapp_user.sql\n\techo 'GRANT CREATE SEQUENCE TO todoapp;' | sudo tee -a /tmp/create_todoapp_user.sql\n\techo 'GRANT UNLIMITED TABLESPACE TO todoapp;' | sudo tee -a /tmp/create_todoapp_user.sql\n\techo 'exit;' | sudo tee -a /tmp/create_todoapp_user.sql\n\texport LD_LIBRARY_PATH=/usr/lib/oracle/19.10/client64/lib\n\t/usr/lib/oracle/19.10/client64/bin/sqlplus admin/CcB51rjgUJlu@ATPDB_medium @/tmp/create_todoapp_user.sql \u003e /tmp/create_todoapp_user.log\n\tcat /tmp/create_todoapp_user.log\n\t# Create TODOS table in ATP\n\techo '== 5. Create TODOS table in ATP'\n\trm -rf /tmp/create_todos_table.sql\n\techo 'CREATE TABLE TODOS (' | sudo tee -a /tmp/create_todos_table.sql\n\techo 'id number GENERATED ALWAYS as IDENTITY(START with 1 INCREMENT by 1),' | sudo tee -a /tmp/create_todos_table.sql \n\techo 'title varchar2(255),' | sudo tee -a /tmp/create_todos_table.sql\n\techo 'description varchar2(255),' | sudo tee -a /tmp/create_todos_table.sql\n\techo \"is_done char(1) check (is_done in ('Y','N'))\" | sudo tee -a /tmp/create_todos_table.sql \n\techo ');' | sudo tee -a /tmp/create_todos_table.sql\n\techo 'SELECT * FROM TODOS;' | sudo tee -a /tmp/create_todos_table.sql\n\techo 'exit;' | sudo tee -a /tmp/create_todos_table.sql\n\texport LD_LIBRARY_PATH=/usr/lib/oracle/19.10/client64/lib\n\t/usr/lib/oracle/19.10/client64/bin/sqlplus todoapp/CcB51rjgUJlu@ATPDB_medium @/tmp/create_todos_table.sql \u003e /tmp/create_todos_table.log\n\tcat /tmp/create_todos_table.log\nfi\n\n# Prepare application and Tomcat\necho '== 6. Prepare application and Tomcat'\ncp /home/opc/context.xml /u01/apache-tomcat-9.0.45/conf/context.xml\n\n# Start Tomcat\necho '== 7. Start Tomcat'\nsetsebool -P tomcat_can_network_connect_db 1\nchmod +x /u01/apache-tomcat-9.0.45/bin/*.sh\nsudo -u tomcat nohup /u01/apache-tomcat-9.0.45/bin/startup.sh \u0026\n\n# Download TODOAPP and deploy in Tomcat\necho '== 8. Download TODOAPP and deploy in Tomcat'\nwget -O /home/opc/TestconnectDBapp.war https://github.com/ajainj831/TestconnectDBapp/raw/main/TestconnectDBapp-1.war\nchown opc:opc /home/opc/TestconnectDBapp.war\ncp /home/opc/TestconnectDBapp.war /u01/apache-tomcat-9.0.45/webapps\nchown tomcat:tomcat /u01/apache-tomcat-9.0.45/webapps/TestconnectDBapp.war\nsleep 30\n\n# Adding Tomcat as systemd service\necho '== 9. Adding Tomcat as systemd service'\ncp /home/opc/tomcat.service /etc/systemd/system/\nls -latr /etc/systemd/system/tomcat.service\nchown root:root /etc/systemd/system/tomcat.service\ncat /etc/systemd/system/tomcat.service\nsystemctl daemon-reload\nsystemctl enable tomcat\nsystemctl start tomcat\nsleep 20\nps -ef | grep tomcat\n\n# Stop and disable firewalld \necho '== 10. Stop and disable firewalld '\nservice firewalld stop\nsystemctl disable firewalld\n\n\n",
            "template": "#!/bin/bash\n\n# Install Java JDK \u0026 Tomcat\necho '== 1. Install Java JDK \u0026 Tomcat'\nyum install -y java-11-openjdk-devel\n\nuseradd tomcat\n\nmkdir /u01\nwget -O /u01/apache-tomcat-${tomcat_version}.zip https://archive.apache.org/dist/tomcat/tomcat-${tomcat_major_release}/v${tomcat_version}/bin/apache-tomcat-${tomcat_version}.zip\nunzip /u01/apache-tomcat-${tomcat_version}.zip -d /u01/\nchown -R tomcat:tomcat /u01\nchmod +x /u01/apache-tomcat-${tomcat_version}/bin/*.sh\n\n# Install Oracle instant client\n\necho '== 2. Install Oracle instant client'\nif [[ $(uname -r | sed 's/^.*\\(el[0-9]\\+\\).*$/\\1/') == \"el8\" ]]\nthen \n  if [[ $(uname -m | sed 's/^.*\\(el[0-9]\\+\\).*$/\\1/') == \"aarch64\" ]]\n  then\n    echo '=== 2.1 aarch64 platform \u0026 OL8' \n  \tyum install -y https://yum.oracle.com/repo/OracleLinux/OL8/oracle/instantclient/aarch64/getPackage/oracle-instantclient19.10-basic-19.10.0.0.0-1.aarch64.rpm\n  \tyum install -y https://yum.oracle.com/repo/OracleLinux/OL8/oracle/instantclient/aarch64/getPackage/oracle-instantclient19.10-sqlplus-19.10.0.0.0-1.aarch64.rpm\n  else\n  \techo '=== 2.1 x86_64 platform \u0026 OL8'\n    dnf install -y https://yum.oracle.com/repo/OracleLinux/OL8/oracle/instantclient/x86_64/getPackage/oracle-instantclient19.10-basic-19.10.0.0.0-1.x86_64.rpm\n    dnf install -y https://yum.oracle.com/repo/OracleLinux/OL8/oracle/instantclient/x86_64/getPackage/oracle-instantclient19.10-sqlplus-19.10.0.0.0-1.x86_64.rpm\n  fi\t\nelse\n  if [[ $(uname -m | sed 's/^.*\\(el[0-9]\\+\\).*$/\\1/') == \"aarch64\" ]]\n  then \t\n  \techo '=== 2.1 aarch64 platform \u0026 OL7' \n  \tyum install -y https://yum.oracle.com/repo/OracleLinux/OL7/oracle/instantclient/aarch64/getPackage/oracle-instantclient19.10-basic-19.10.0.0.0-1.aarch64.rpm\n    yum install -y https://yum.oracle.com/repo/OracleLinux/OL7/oracle/instantclient/aarch64/getPackage/oracle-instantclient19.10-sqlplus-19.10.0.0.0-1.aarch64.rpm\n  else\n    echo '=== 2.1 x86_64 platform \u0026 OL7'\n    yum install -y https://yum.oracle.com/repo/OracleLinux/OL7/oracle/instantclient/x86_64/getPackage/oracle-instantclient19.10-basic-19.10.0.0.0-1.x86_64.rpm\n    yum install -y https://yum.oracle.com/repo/OracleLinux/OL7/oracle/instantclient/x86_64/getPackage/oracle-instantclient19.10-sqlplus-19.10.0.0.0-1.x86_64.rpm\n  fi\nfi \n\n# Prepare TDE wallet \necho '== 3. Prepare TDE wallet'\nunzip -o /tmp/${tde_wallet_zip_file} -d /usr/lib/oracle/${oracle_instant_client_version_short}/client64/lib/network/admin/\n\nexport tomcat_host='${tomcat_host}'\n\nif [[ $tomcat_host == \"tomcat-server-0\" ]]; then\n\t# Create TODOAPP user in ATP\n\techo '== 4. Create TODOAPP user in ATP'\n\trm -rf /tmp/create_todoapp_user.sql\n\techo 'CREATE USER ${db_user_name} IDENTIFIED BY \"${db_user_password}\";' | sudo tee -a /tmp/create_todoapp_user.sql\n\techo 'GRANT CREATE SESSION TO ${db_user_name};' | sudo tee -a /tmp/create_todoapp_user.sql\n\techo 'GRANT CREATE TABLE TO ${db_user_name};' | sudo tee -a /tmp/create_todoapp_user.sql\n\techo 'GRANT CREATE SEQUENCE TO ${db_user_name};' | sudo tee -a /tmp/create_todoapp_user.sql\n\techo 'GRANT UNLIMITED TABLESPACE TO ${db_user_name};' | sudo tee -a /tmp/create_todoapp_user.sql\n\techo 'exit;' | sudo tee -a /tmp/create_todoapp_user.sql\n\texport LD_LIBRARY_PATH=/usr/lib/oracle/${oracle_instant_client_version_short}/client64/lib\n\t/usr/lib/oracle/${oracle_instant_client_version_short}/client64/bin/sqlplus admin/${db_user_password}@${db_name}_medium @/tmp/create_todoapp_user.sql \u003e /tmp/create_todoapp_user.log\n\tcat /tmp/create_todoapp_user.log\n\t# Create TODOS table in ATP\n\techo '== 5. Create TODOS table in ATP'\n\trm -rf /tmp/create_todos_table.sql\n\techo 'CREATE TABLE TODOS (' | sudo tee -a /tmp/create_todos_table.sql\n\techo 'id number GENERATED ALWAYS as IDENTITY(START with 1 INCREMENT by 1),' | sudo tee -a /tmp/create_todos_table.sql \n\techo 'title varchar2(255),' | sudo tee -a /tmp/create_todos_table.sql\n\techo 'description varchar2(255),' | sudo tee -a /tmp/create_todos_table.sql\n\techo \"is_done char(1) check (is_done in ('Y','N'))\" | sudo tee -a /tmp/create_todos_table.sql \n\techo ');' | sudo tee -a /tmp/create_todos_table.sql\n\techo 'SELECT * FROM TODOS;' | sudo tee -a /tmp/create_todos_table.sql\n\techo 'exit;' | sudo tee -a /tmp/create_todos_table.sql\n\texport LD_LIBRARY_PATH=/usr/lib/oracle/${oracle_instant_client_version_short}/client64/lib\n\t/usr/lib/oracle/${oracle_instant_client_version_short}/client64/bin/sqlplus ${db_user_name}/${db_user_password}@${db_name}_medium @/tmp/create_todos_table.sql \u003e /tmp/create_todos_table.log\n\tcat /tmp/create_todos_table.log\nfi\n\n# Prepare application and Tomcat\necho '== 6. Prepare application and Tomcat'\ncp /home/opc/context.xml /u01/apache-tomcat-${tomcat_version}/conf/context.xml\n\n# Start Tomcat\necho '== 7. Start Tomcat'\nsetsebool -P tomcat_can_network_connect_db 1\nchmod +x /u01/apache-tomcat-${tomcat_version}/bin/*.sh\nsudo -u tomcat nohup /u01/apache-tomcat-${tomcat_version}/bin/startup.sh \u0026\n\n# Download TODOAPP and deploy in Tomcat\necho '== 8. Download TODOAPP and deploy in Tomcat'\nwget -O /home/opc/TestconnectDBapp.war https://github.com/ajainj831/TestconnectDBapp/raw/main/TestconnectDBapp-1.war\nchown opc:opc /home/opc/TestconnectDBapp.war\ncp /home/opc/TestconnectDBapp.war /u01/apache-tomcat-${tomcat_version}/webapps\nchown tomcat:tomcat /u01/apache-tomcat-${tomcat_version}/webapps/TestconnectDBapp.war\nsleep 30\n\n# Adding Tomcat as systemd service\necho '== 9. Adding Tomcat as systemd service'\ncp /home/opc/tomcat.service /etc/systemd/system/\nls -latr /etc/systemd/system/tomcat.service\nchown root:root /etc/systemd/system/tomcat.service\ncat /etc/systemd/system/tomcat.service\nsystemctl daemon-reload\nsystemctl enable tomcat\nsystemctl start tomcat\nsleep 20\nps -ef | grep tomcat\n\n# Stop and disable firewalld \necho '== 10. Stop and disable firewalld '\nservice firewalld stop\nsystemctl disable firewalld\n\n\n",
            "vars": {
              "db_name": "ATPDB",
              "db_user_name": "todoapp",
              "db_user_password": "CcB51rjgUJlu",
              "oracle_instant_client_version": "19.10",
              "oracle_instant_client_version_short": "19.10",
              "tde_wallet_zip_file": "tde_wallet_ATPdb1.zip",
              "tomcat_host": "tomcat-server-0",
              "tomcat_major_release": "9",
              "tomcat_version": "9.0.45"
            }
          },
          "sensitive_attributes": []
        },
        {
          "index_key": 1,
          "schema_version": 0,
          "attributes": {
            "filename": null,
            "id": "bf731224f9515af0ecc2783d1b0d80d68616984c1cb7a3ad71b76c9e6ff4dd38",
            "rendered": "#!/bin/bash\n\n# Install Java JDK \u0026 Tomcat\necho '== 1. Install Java JDK \u0026 Tomcat'\nyum install -y java-11-openjdk-devel\n\nuseradd tomcat\n\nmkdir /u01\nwget -O /u01/apache-tomcat-9.0.45.zip https://archive.apache.org/dist/tomcat/tomcat-9/v9.0.45/bin/apache-tomcat-9.0.45.zip\nunzip /u01/apache-tomcat-9.0.45.zip -d /u01/\nchown -R tomcat:tomcat /u01\nchmod +x /u01/apache-tomcat-9.0.45/bin/*.sh\n\n# Install Oracle instant client\n\necho '== 2. Install Oracle instant client'\nif [[ $(uname -r | sed 's/^.*\\(el[0-9]\\+\\).*$/\\1/') == \"el8\" ]]\nthen \n  if [[ $(uname -m | sed 's/^.*\\(el[0-9]\\+\\).*$/\\1/') == \"aarch64\" ]]\n  then\n    echo '=== 2.1 aarch64 platform \u0026 OL8' \n  \tyum install -y https://yum.oracle.com/repo/OracleLinux/OL8/oracle/instantclient/aarch64/getPackage/oracle-instantclient19.10-basic-19.10.0.0.0-1.aarch64.rpm\n  \tyum install -y https://yum.oracle.com/repo/OracleLinux/OL8/oracle/instantclient/aarch64/getPackage/oracle-instantclient19.10-sqlplus-19.10.0.0.0-1.aarch64.rpm\n  else\n  \techo '=== 2.1 x86_64 platform \u0026 OL8'\n    dnf install -y https://yum.oracle.com/repo/OracleLinux/OL8/oracle/instantclient/x86_64/getPackage/oracle-instantclient19.10-basic-19.10.0.0.0-1.x86_64.rpm\n    dnf install -y https://yum.oracle.com/repo/OracleLinux/OL8/oracle/instantclient/x86_64/getPackage/oracle-instantclient19.10-sqlplus-19.10.0.0.0-1.x86_64.rpm\n  fi\t\nelse\n  if [[ $(uname -m | sed 's/^.*\\(el[0-9]\\+\\).*$/\\1/') == \"aarch64\" ]]\n  then \t\n  \techo '=== 2.1 aarch64 platform \u0026 OL7' \n  \tyum install -y https://yum.oracle.com/repo/OracleLinux/OL7/oracle/instantclient/aarch64/getPackage/oracle-instantclient19.10-basic-19.10.0.0.0-1.aarch64.rpm\n    yum install -y https://yum.oracle.com/repo/OracleLinux/OL7/oracle/instantclient/aarch64/getPackage/oracle-instantclient19.10-sqlplus-19.10.0.0.0-1.aarch64.rpm\n  else\n    echo '=== 2.1 x86_64 platform \u0026 OL7'\n    yum install -y https://yum.oracle.com/repo/OracleLinux/OL7/oracle/instantclient/x86_64/getPackage/oracle-instantclient19.10-basic-19.10.0.0.0-1.x86_64.rpm\n    yum install -y https://yum.oracle.com/repo/OracleLinux/OL7/oracle/instantclient/x86_64/getPackage/oracle-instantclient19.10-sqlplus-19.10.0.0.0-1.x86_64.rpm\n  fi\nfi \n\n# Prepare TDE wallet \necho '== 3. Prepare TDE wallet'\nunzip -o /tmp/tde_wallet_ATPdb1.zip -d /usr/lib/oracle/19.10/client64/lib/network/admin/\n\nexport tomcat_host='tomcat-server-1'\n\nif [[ $tomcat_host == \"tomcat-server-0\" ]]; then\n\t# Create TODOAPP user in ATP\n\techo '== 4. Create TODOAPP user in ATP'\n\trm -rf /tmp/create_todoapp_user.sql\n\techo 'CREATE USER todoapp IDENTIFIED BY \"CcB51rjgUJlu\";' | sudo tee -a /tmp/create_todoapp_user.sql\n\techo 'GRANT CREATE SESSION TO todoapp;' | sudo tee -a /tmp/create_todoapp_user.sql\n\techo 'GRANT CREATE TABLE TO todoapp;' | sudo tee -a /tmp/create_todoapp_user.sql\n\techo 'GRANT CREATE SEQUENCE TO todoapp;' | sudo tee -a /tmp/create_todoapp_user.sql\n\techo 'GRANT UNLIMITED TABLESPACE TO todoapp;' | sudo tee -a /tmp/create_todoapp_user.sql\n\techo 'exit;' | sudo tee -a /tmp/create_todoapp_user.sql\n\texport LD_LIBRARY_PATH=/usr/lib/oracle/19.10/client64/lib\n\t/usr/lib/oracle/19.10/client64/bin/sqlplus admin/CcB51rjgUJlu@ATPDB_medium @/tmp/create_todoapp_user.sql \u003e /tmp/create_todoapp_user.log\n\tcat /tmp/create_todoapp_user.log\n\t# Create TODOS table in ATP\n\techo '== 5. Create TODOS table in ATP'\n\trm -rf /tmp/create_todos_table.sql\n\techo 'CREATE TABLE TODOS (' | sudo tee -a /tmp/create_todos_table.sql\n\techo 'id number GENERATED ALWAYS as IDENTITY(START with 1 INCREMENT by 1),' | sudo tee -a /tmp/create_todos_table.sql \n\techo 'title varchar2(255),' | sudo tee -a /tmp/create_todos_table.sql\n\techo 'description varchar2(255),' | sudo tee -a /tmp/create_todos_table.sql\n\techo \"is_done char(1) check (is_done in ('Y','N'))\" | sudo tee -a /tmp/create_todos_table.sql \n\techo ');' | sudo tee -a /tmp/create_todos_table.sql\n\techo 'SELECT * FROM TODOS;' | sudo tee -a /tmp/create_todos_table.sql\n\techo 'exit;' | sudo tee -a /tmp/create_todos_table.sql\n\texport LD_LIBRARY_PATH=/usr/lib/oracle/19.10/client64/lib\n\t/usr/lib/oracle/19.10/client64/bin/sqlplus todoapp/CcB51rjgUJlu@ATPDB_medium @/tmp/create_todos_table.sql \u003e /tmp/create_todos_table.log\n\tcat /tmp/create_todos_table.log\nfi\n\n# Prepare application and Tomcat\necho '== 6. Prepare application and Tomcat'\ncp /home/opc/context.xml /u01/apache-tomcat-9.0.45/conf/context.xml\n\n# Start Tomcat\necho '== 7. Start Tomcat'\nsetsebool -P tomcat_can_network_connect_db 1\nchmod +x /u01/apache-tomcat-9.0.45/bin/*.sh\nsudo -u tomcat nohup /u01/apache-tomcat-9.0.45/bin/startup.sh \u0026\n\n# Download TODOAPP and deploy in Tomcat\necho '== 8. Download TODOAPP and deploy in Tomcat'\nwget -O /home/opc/TestconnectDBapp.war https://github.com/ajainj831/TestconnectDBapp/raw/main/TestconnectDBapp-1.war\nchown opc:opc /home/opc/TestconnectDBapp.war\ncp /home/opc/TestconnectDBapp.war /u01/apache-tomcat-9.0.45/webapps\nchown tomcat:tomcat /u01/apache-tomcat-9.0.45/webapps/TestconnectDBapp.war\nsleep 30\n\n# Adding Tomcat as systemd service\necho '== 9. Adding Tomcat as systemd service'\ncp /home/opc/tomcat.service /etc/systemd/system/\nls -latr /etc/systemd/system/tomcat.service\nchown root:root /etc/systemd/system/tomcat.service\ncat /etc/systemd/system/tomcat.service\nsystemctl daemon-reload\nsystemctl enable tomcat\nsystemctl start tomcat\nsleep 20\nps -ef | grep tomcat\n\n# Stop and disable firewalld \necho '== 10. Stop and disable firewalld '\nservice firewalld stop\nsystemctl disable firewalld\n\n\n",
            "template": "#!/bin/bash\n\n# Install Java JDK \u0026 Tomcat\necho '== 1. Install Java JDK \u0026 Tomcat'\nyum install -y java-11-openjdk-devel\n\nuseradd tomcat\n\nmkdir /u01\nwget -O /u01/apache-tomcat-${tomcat_version}.zip https://archive.apache.org/dist/tomcat/tomcat-${tomcat_major_release}/v${tomcat_version}/bin/apache-tomcat-${tomcat_version}.zip\nunzip /u01/apache-tomcat-${tomcat_version}.zip -d /u01/\nchown -R tomcat:tomcat /u01\nchmod +x /u01/apache-tomcat-${tomcat_version}/bin/*.sh\n\n# Install Oracle instant client\n\necho '== 2. Install Oracle instant client'\nif [[ $(uname -r | sed 's/^.*\\(el[0-9]\\+\\).*$/\\1/') == \"el8\" ]]\nthen \n  if [[ $(uname -m | sed 's/^.*\\(el[0-9]\\+\\).*$/\\1/') == \"aarch64\" ]]\n  then\n    echo '=== 2.1 aarch64 platform \u0026 OL8' \n  \tyum install -y https://yum.oracle.com/repo/OracleLinux/OL8/oracle/instantclient/aarch64/getPackage/oracle-instantclient19.10-basic-19.10.0.0.0-1.aarch64.rpm\n  \tyum install -y https://yum.oracle.com/repo/OracleLinux/OL8/oracle/instantclient/aarch64/getPackage/oracle-instantclient19.10-sqlplus-19.10.0.0.0-1.aarch64.rpm\n  else\n  \techo '=== 2.1 x86_64 platform \u0026 OL8'\n    dnf install -y https://yum.oracle.com/repo/OracleLinux/OL8/oracle/instantclient/x86_64/getPackage/oracle-instantclient19.10-basic-19.10.0.0.0-1.x86_64.rpm\n    dnf install -y https://yum.oracle.com/repo/OracleLinux/OL8/oracle/instantclient/x86_64/getPackage/oracle-instantclient19.10-sqlplus-19.10.0.0.0-1.x86_64.rpm\n  fi\t\nelse\n  if [[ $(uname -m | sed 's/^.*\\(el[0-9]\\+\\).*$/\\1/') == \"aarch64\" ]]\n  then \t\n  \techo '=== 2.1 aarch64 platform \u0026 OL7' \n  \tyum install -y https://yum.oracle.com/repo/OracleLinux/OL7/oracle/instantclient/aarch64/getPackage/oracle-instantclient19.10-basic-19.10.0.0.0-1.aarch64.rpm\n    yum install -y https://yum.oracle.com/repo/OracleLinux/OL7/oracle/instantclient/aarch64/getPackage/oracle-instantclient19.10-sqlplus-19.10.0.0.0-1.aarch64.rpm\n  else\n    echo '=== 2.1 x86_64 platform \u0026 OL7'\n    yum install -y https://yum.oracle.com/repo/OracleLinux/OL7/oracle/instantclient/x86_64/getPackage/oracle-instantclient19.10-basic-19.10.0.0.0-1.x86_64.rpm\n    yum install -y https://yum.oracle.com/repo/OracleLinux/OL7/oracle/instantclient/x86_64/getPackage/oracle-instantclient19.10-sqlplus-19.10.0.0.0-1.x86_64.rpm\n  fi\nfi \n\n# Prepare TDE wallet \necho '== 3. Prepare TDE wallet'\nunzip -o /tmp/${tde_wallet_zip_file} -d /usr/lib/oracle/${oracle_instant_client_version_short}/client64/lib/network/admin/\n\nexport tomcat_host='${tomcat_host}'\n\nif [[ $tomcat_host == \"tomcat-server-0\" ]]; then\n\t# Create TODOAPP user in ATP\n\techo '== 4. Create TODOAPP user in ATP'\n\trm -rf /tmp/create_todoapp_user.sql\n\techo 'CREATE USER ${db_user_name} IDENTIFIED BY \"${db_user_password}\";' | sudo tee -a /tmp/create_todoapp_user.sql\n\techo 'GRANT CREATE SESSION TO ${db_user_name};' | sudo tee -a /tmp/create_todoapp_user.sql\n\techo 'GRANT CREATE TABLE TO ${db_user_name};' | sudo tee -a /tmp/create_todoapp_user.sql\n\techo 'GRANT CREATE SEQUENCE TO ${db_user_name};' | sudo tee -a /tmp/create_todoapp_user.sql\n\techo 'GRANT UNLIMITED TABLESPACE TO ${db_user_name};' | sudo tee -a /tmp/create_todoapp_user.sql\n\techo 'exit;' | sudo tee -a /tmp/create_todoapp_user.sql\n\texport LD_LIBRARY_PATH=/usr/lib/oracle/${oracle_instant_client_version_short}/client64/lib\n\t/usr/lib/oracle/${oracle_instant_client_version_short}/client64/bin/sqlplus admin/${db_user_password}@${db_name}_medium @/tmp/create_todoapp_user.sql \u003e /tmp/create_todoapp_user.log\n\tcat /tmp/create_todoapp_user.log\n\t# Create TODOS table in ATP\n\techo '== 5. Create TODOS table in ATP'\n\trm -rf /tmp/create_todos_table.sql\n\techo 'CREATE TABLE TODOS (' | sudo tee -a /tmp/create_todos_table.sql\n\techo 'id number GENERATED ALWAYS as IDENTITY(START with 1 INCREMENT by 1),' | sudo tee -a /tmp/create_todos_table.sql \n\techo 'title varchar2(255),' | sudo tee -a /tmp/create_todos_table.sql\n\techo 'description varchar2(255),' | sudo tee -a /tmp/create_todos_table.sql\n\techo \"is_done char(1) check (is_done in ('Y','N'))\" | sudo tee -a /tmp/create_todos_table.sql \n\techo ');' | sudo tee -a /tmp/create_todos_table.sql\n\techo 'SELECT * FROM TODOS;' | sudo tee -a /tmp/create_todos_table.sql\n\techo 'exit;' | sudo tee -a /tmp/create_todos_table.sql\n\texport LD_LIBRARY_PATH=/usr/lib/oracle/${oracle_instant_client_version_short}/client64/lib\n\t/usr/lib/oracle/${oracle_instant_client_version_short}/client64/bin/sqlplus ${db_user_name}/${db_user_password}@${db_name}_medium @/tmp/create_todos_table.sql \u003e /tmp/create_todos_table.log\n\tcat /tmp/create_todos_table.log\nfi\n\n# Prepare application and Tomcat\necho '== 6. Prepare application and Tomcat'\ncp /home/opc/context.xml /u01/apache-tomcat-${tomcat_version}/conf/context.xml\n\n# Start Tomcat\necho '== 7. Start Tomcat'\nsetsebool -P tomcat_can_network_connect_db 1\nchmod +x /u01/apache-tomcat-${tomcat_version}/bin/*.sh\nsudo -u tomcat nohup /u01/apache-tomcat-${tomcat_version}/bin/startup.sh \u0026\n\n# Download TODOAPP and deploy in Tomcat\necho '== 8. Download TODOAPP and deploy in Tomcat'\nwget -O /home/opc/TestconnectDBapp.war https://github.com/ajainj831/TestconnectDBapp/raw/main/TestconnectDBapp-1.war\nchown opc:opc /home/opc/TestconnectDBapp.war\ncp /home/opc/TestconnectDBapp.war /u01/apache-tomcat-${tomcat_version}/webapps\nchown tomcat:tomcat /u01/apache-tomcat-${tomcat_version}/webapps/TestconnectDBapp.war\nsleep 30\n\n# Adding Tomcat as systemd service\necho '== 9. Adding Tomcat as systemd service'\ncp /home/opc/tomcat.service /etc/systemd/system/\nls -latr /etc/systemd/system/tomcat.service\nchown root:root /etc/systemd/system/tomcat.service\ncat /etc/systemd/system/tomcat.service\nsystemctl daemon-reload\nsystemctl enable tomcat\nsystemctl start tomcat\nsleep 20\nps -ef | grep tomcat\n\n# Stop and disable firewalld \necho '== 10. Stop and disable firewalld '\nservice firewalld stop\nsystemctl disable firewalld\n\n\n",
            "vars": {
              "db_name": "ATPDB",
              "db_user_name": "todoapp",
              "db_user_password": "CcB51rjgUJlu",
              "oracle_instant_client_version": "19.10",
              "oracle_instant_client_version_short": "19.10",
              "tde_wallet_zip_file": "tde_wallet_ATPdb1.zip",
              "tomcat_host": "tomcat-server-1",
              "tomcat_major_release": "9",
              "tomcat_version": "9.0.45"
            }
          },
          "sensitive_attributes": []
        }
      ]
    },
    {
      "mode": "managed",
      "type": "null_resource",
      "name": "tomcat-server-config",
      "provider": "provider[\"registry.terraform.io/hashicorp/null\"]",
      "instances": [
        {
          "index_key": 0,
          "schema_version": 0,
          "attributes": {
            "id": "292705074911587790",
            "triggers": null
          },
          "sensitive_attributes": [],
          "private": "bnVsbA==",
          "dependencies": [
            "data.oci_core_images.InstanceImageOCID",
            "data.oci_core_vnic.tomcat-server_primaryvnic",
            "data.oci_core_vnic_attachments.tomcat-server_primaryvnic_attach",
            "data.oci_identity_availability_domains.ADs",
            "data.oci_identity_region_subscriptions.home_region_subscriptions",
            "data.template_cloudinit_config.cloud_init",
            "data.template_file.key_script",
            "data.template_file.tomcat_context_xml",
            "data.template_file.tomcat_service_template",
            "data.template_file.tomcat_template",
            "oci_bastion_session.ssh_via_bastion_service",
            "oci_core_instance.bastion_instance",
            "oci_core_instance.tomcat-server",
            "oci_core_network_security_group.APPSecurityGroup",
            "oci_core_network_security_group.ATPSecurityGroup",
            "oci_core_network_security_group.SSHSecurityGroup",
            "oci_core_security_list.vcn01_db_security_list",
            "oci_core_subnet.vcn01_subnet_app01",
            "oci_core_subnet.vcn01_subnet_db01",
            "oci_core_subnet.vcn01_subnet_pub02",
            "oci_core_vcn.vcn01",
            "oci_database_autonomous_database.ATPdatabase",
            "oci_database_autonomous_database_wallet.atp_wallet",
            "oci_identity_tag.ArchitectureCenterTag",
            "oci_identity_tag_namespace.ArchitectureCenterTagNamespace",
            "random_id.tag",
            "random_password.wallet_password",
            "tls_private_key.public_private_key_pair"
          ]
        },
        {
          "index_key": 1,
          "schema_version": 0,
          "attributes": {
            "id": "2329057987070854367",
            "triggers": null
          },
          "sensitive_attributes": [],
          "private": "bnVsbA==",
          "dependencies": [
            "data.oci_core_images.InstanceImageOCID",
            "data.oci_core_vnic.tomcat-server_primaryvnic",
            "data.oci_core_vnic_attachments.tomcat-server_primaryvnic_attach",
            "data.oci_identity_availability_domains.ADs",
            "data.oci_identity_region_subscriptions.home_region_subscriptions",
            "data.template_cloudinit_config.cloud_init",
            "data.template_file.key_script",
            "data.template_file.tomcat_context_xml",
            "data.template_file.tomcat_service_template",
            "data.template_file.tomcat_template",
            "oci_bastion_session.ssh_via_bastion_service",
            "oci_core_instance.bastion_instance",
            "oci_core_instance.tomcat-server",
            "oci_core_network_security_group.APPSecurityGroup",
            "oci_core_network_security_group.ATPSecurityGroup",
            "oci_core_network_security_group.SSHSecurityGroup",
            "oci_core_security_list.vcn01_db_security_list",
            "oci_core_subnet.vcn01_subnet_app01",
            "oci_core_subnet.vcn01_subnet_db01",
            "oci_core_subnet.vcn01_subnet_pub02",
            "oci_core_vcn.vcn01",
            "oci_database_autonomous_database.ATPdatabase",
            "oci_database_autonomous_database_wallet.atp_wallet",
            "oci_identity_tag.ArchitectureCenterTag",
            "oci_identity_tag_namespace.ArchitectureCenterTagNamespace",
            "random_id.tag",
            "random_password.wallet_password",
            "tls_private_key.public_private_key_pair"
          ]
        }
      ]
    },
    {
      "mode": "managed",
      "type": "oci_core_default_route_table",
      "name": "vcn01_default_route_table",
      "provider": "provider[\"registry.terraform.io/hashicorp/oci\"]",
      "instances": [
        {
          "schema_version": 0,
          "attributes": {
            "compartment_id": "ocid1.tenancy.oc1..aaaaaaaawxhxnvqcnahx74civwly2duq4gfytiw2inngqg2tbcflgl56ytmq",
            "defined_tags": {
              "ArchitectureCenter\\deploy-tomcat-adb-38d2.release": "1.4"
            },
            "display_name": "Default Route Table for vcn01",
            "freeform_tags": {},
            "id": "ocid1.routetable.oc1.uk-london-1.aaaaaaaapfijlxsray6glm7ya3irua5yruow2g6syenbsyngbgubeaayzelq",
            "manage_default_resource_id": "ocid1.routetable.oc1.uk-london-1.aaaaaaaapfijlxsray6glm7ya3irua5yruow2g6syenbsyngbgubeaayzelq",
            "route_rules": [
              {
                "cidr_block": "",
                "description": "",
                "destination": "0.0.0.0/0",
                "destination_type": "CIDR_BLOCK",
                "network_entity_id": "ocid1.internetgateway.oc1.uk-london-1.aaaaaaaa4qyvltneiq2yb53a2hulayvj6ccvd7q5sowpelejvk56jmpozsyq"
              }
            ],
            "state": "AVAILABLE",
            "time_created": "2021-10-14 19:12:21.467 +0000 UTC",
            "timeouts": null
          },
          "sensitive_attributes": [],
          "private": "eyJlMmJmYjczMC1lY2FhLTExZTYtOGY4OC0zNDM2M2JjN2M0YzAiOnsiY3JlYXRlIjoxMjAwMDAwMDAwMDAwLCJkZWxldGUiOjEyMDAwMDAwMDAwMDAsInVwZGF0ZSI6MTIwMDAwMDAwMDAwMH19",
          "dependencies": [
            "data.oci_identity_region_subscriptions.home_region_subscriptions",
            "oci_core_internet_gateway.vcn01_internet_gateway",
            "oci_core_vcn.vcn01",
            "oci_identity_tag.ArchitectureCenterTag",
            "oci_identity_tag_namespace.ArchitectureCenterTagNamespace",
            "random_id.tag"
          ]
        }
      ]
    },
    {
      "mode": "managed",
      "type": "oci_core_default_security_list",
      "name": "vcn01_default_security_list",
      "provider": "provider[\"registry.terraform.io/hashicorp/oci\"]",
      "instances": [
        {
          "schema_version": 0,
          "attributes": {
            "compartment_id": "ocid1.tenancy.oc1..aaaaaaaawxhxnvqcnahx74civwly2duq4gfytiw2inngqg2tbcflgl56ytmq",
            "defined_tags": {
              "ArchitectureCenter\\deploy-tomcat-adb-38d2.release": "1.4"
            },
            "display_name": "Default Security List for vcn01",
            "egress_security_rules": [
              {
                "description": "",
                "destination": "0.0.0.0/0",
                "destination_type": "CIDR_BLOCK",
                "icmp_options": [],
                "protocol": "all",
                "stateless": false,
                "tcp_options": [],
                "udp_options": []
              }
            ],
            "freeform_tags": {},
            "id": "ocid1.securitylist.oc1.uk-london-1.aaaaaaaabnzaxfgtu4zzxoasyuufcfs34japze5idolfcssx6ivki3ltfjnq",
            "ingress_security_rules": [],
            "manage_default_resource_id": "ocid1.securitylist.oc1.uk-london-1.aaaaaaaabnzaxfgtu4zzxoasyuufcfs34japze5idolfcssx6ivki3ltfjnq",
            "state": "AVAILABLE",
            "time_created": "2021-10-14 19:12:21.467 +0000 UTC",
            "timeouts": null
          },
          "sensitive_attributes": [],
          "private": "eyJlMmJmYjczMC1lY2FhLTExZTYtOGY4OC0zNDM2M2JjN2M0YzAiOnsiY3JlYXRlIjoxMjAwMDAwMDAwMDAwLCJkZWxldGUiOjEyMDAwMDAwMDAwMDAsInVwZGF0ZSI6MTIwMDAwMDAwMDAwMH19",
          "dependencies": [
            "data.oci_identity_region_subscriptions.home_region_subscriptions",
            "oci_core_vcn.vcn01",
            "oci_identity_tag.ArchitectureCenterTag",
            "oci_identity_tag_namespace.ArchitectureCenterTagNamespace",
            "random_id.tag"
          ]
        }
      ]
    },
    {
      "mode": "managed",
      "type": "oci_core_instance",
      "name": "bastion_instance",
      "provider": "provider[\"registry.terraform.io/hashicorp/oci\"]",
      "instances": [
        {
          "index_key": 0,
          "schema_version": 0,
          "attributes": {
            "agent_config": [
              {
                "are_all_plugins_disabled": false,
                "is_management_disabled": false,
                "is_monitoring_disabled": false,
                "plugins_config": []
              }
            ],
            "availability_config": [
              {
                "is_live_migration_preferred": false,
                "recovery_action": "RESTORE_INSTANCE"
              }
            ],
            "availability_domain": "KXQA:UK-LONDON-1-AD-1",
            "boot_volume_id": "ocid1.bootvolume.oc1.uk-london-1.abwgiljtgpns6qxoskwchrpythtg7pim5tpq23oy65xsq4n7zpcl3xzua5jq",
            "capacity_reservation_id": null,
            "compartment_id": "ocid1.tenancy.oc1..aaaaaaaawxhxnvqcnahx74civwly2duq4gfytiw2inngqg2tbcflgl56ytmq",
            "create_vnic_details": [
              {
                "assign_private_dns_record": false,
                "assign_public_ip": "true",
                "defined_tags": {
                  "ArchitectureCenter\\deploy-tomcat-adb-38d2.release": "1.4",
                  "Oracle-Tags.CreatedBy": "oracleidentitycloudservice/amish.jain@oracle.com",
                  "Oracle-Tags.CreatedOn": "2021-10-14T19:12:27.193Z"
                },
                "display_name": "primaryvnic",
                "freeform_tags": {},
                "hostname_label": "",
                "nsg_ids": [
                  "ocid1.networksecuritygroup.oc1.uk-london-1.aaaaaaaabh3ip2wi7z3tdma3p7fy6a4voircmyznmvkvk7za3gqdv4sukp4a"
                ],
                "private_ip": "10.0.2.178",
                "skip_source_dest_check": false,
                "subnet_id": "ocid1.subnet.oc1.uk-london-1.aaaaaaaa4p7xgydaejgntw5odvdwgzxf32oiuzzbsue5ulhzmqwzczfuq77a",
                "vlan_id": ""
              }
            ],
            "dedicated_vm_host_id": null,
            "defined_tags": {
              "ArchitectureCenter\\deploy-tomcat-adb-38d2.release": "1.4",
              "Oracle-Tags.CreatedBy": "oracleidentitycloudservice/amish.jain@oracle.com",
              "Oracle-Tags.CreatedOn": "2021-10-14T19:12:26.978Z"
            },
            "display_name": "BastionVM",
            "extended_metadata": null,
            "fault_domain": "FAULT-DOMAIN-2",
            "freeform_tags": {},
            "hostname_label": "",
            "id": "ocid1.instance.oc1.uk-london-1.anwgiljtfacedticy6rwbmf6vyhmo6b3adawg7abalfbtrf3z4iuapcwoo2a",
            "image": "ocid1.image.oc1.uk-london-1.aaaaaaaa2xck5obp45jcsmj6expv4pzrbopcdtckzs7st4um42v6rpmibilq",
            "instance_options": [
              {
                "are_legacy_imds_endpoints_disabled": false
              }
            ],
            "ipxe_script": null,
            "is_pv_encryption_in_transit_enabled": null,
            "launch_mode": "PARAVIRTUALIZED",
            "launch_options": [
              {
                "boot_volume_type": "PARAVIRTUALIZED",
                "firmware": "UEFI_64",
                "is_consistent_volume_naming_enabled": true,
                "is_pv_encryption_in_transit_enabled": false,
                "network_type": "PARAVIRTUALIZED",
                "remote_data_volume_type": "PARAVIRTUALIZED"
              }
            ],
            "metadata": {
              "ssh_authorized_keys": "ssh-rsa AAAAB3NzaC1yc2EAAAADAQABAAABgQC3AGu0T3lCWky/nrvI+wqnOuUNFi6AmGjZG/6U2Hdu1TQh2MkxE4C0FJogAOf1GWQ++O6ifeZCoyuraSZN9dYBfVU9ZVRHhz9g+VUXeNBJAz8xAgRAWcNPHnWxU4RfLk1WFZchC3nN4K3oMl/zpcXU54JFqira77bL7n1ptI2twBlpUcjzqUwB2v6JxxyE7HozAgYz60y4CnJQZHsG+efI5Kl/+28C40ms0nUf0PLJno7ilg7YrM/kW2m8Cr8J8ILJe2UHpNxY2Eot5gnLc9SdZcRXYZ785ZflQ/FuH7CzlnksKoLv2JD9WaoQ/fcnC9elgXy+Le2Mg75/MFj5JKbZTTbQHIxT76mkZpA4vMhcu1El4yhapkhww6Ze/Myl2d/OPGUNPaek33biOhlJ6e/LJ50jYzUN3PpgfMAgOl9dhw4KS9KCLsByY6XucejitunJx0SNLX807jKAUSlOJvHK7zIKn8w7EGb61fjSpE6blMPVSbb1vbdax6zmsbXh55c= amish.jain@oracle.com",
              "user_data": "H4sIAAAAAAAA/4SSS2+jSBDH70j+Dqz3iHDzSLCdKJEw4MfawGITHPuyaqANzaObpRts/OlHiTSaaOaQ47/qV6WfVGVRwhHhcjg06Emsu4rjBrYc1PiG0mcxph1JYTu8jN2N6yz8N88296ex8JHkCLUMU/IkqhNlJIwEWf4KjYSfu23MGsow/2Qh5zDJa0T4s3jBFSKwRi9jiAnmE5aPf02FLSTsglrZIQlNMcmexGmM+RfgU5mjGwc3meWoqljS4oaPBBfX6A+7v/8CMSYghiwXhKQRQU5rBGiTgAljOYAdz2mL7yj9r0QD+6Y9iWEpoCSn4pixXG4ZFE3TNBe6d4eWOiSa8xFtMzAXH2UzsIN1394zqOAy76dSGUdH5PXkbp/Xpn9dauCwCc1pSK8akEIyi9m/IIyXNLpo+Xletq1NLyxhpJ/N5ko82IOhFB04cvcd2JlUW35x8IoKPFaYSrGnKGDubo8nJzIi4h8G2ukPntO8+zfd0ZyyCeZ2tmLq6m3FFPzPac56oGyTByMyzhd1d4Zp6nvGWo/9vXVwpdhQTQpczo52Ha+SEJWRzgnZN3unqM83S4LebWnch2Ow1NaGi9ZBCbTddGOZ18K98lYNr9jKLqFDo8yWqFYn077ZI/8xU+cMTrUhmE13y43TbCXb1dpuEcyqs65aFz3KHvUmDc3ifbPVq7TYdaA/2cX6f/vY9UEDQmEsvr5+cyohyemViPJepE3yHfv7E8vySPgRAAD//4RLeb8jAwAA"
            },
            "platform_config": [],
            "preemptible_instance_config": [],
            "preserve_boot_volume": null,
            "private_ip": "10.0.2.178",
            "public_ip": "150.230.123.146",
            "region": "uk-london-1",
            "shape": "VM.Standard.A1.Flex",
            "shape_config": [
              {
                "baseline_ocpu_utilization": "",
                "gpu_description": "",
                "gpus": 0,
                "local_disk_description": "",
                "local_disks": 0,
                "local_disks_total_size_in_gbs": 0,
                "max_vnic_attachments": 2,
                "memory_in_gbs": 10,
                "networking_bandwidth_in_gbps": 1,
                "ocpus": 1,
                "processor_description": "3.0 GHz Ampere® Altra™"
              }
            ],
            "source_details": [
              {
                "boot_volume_size_in_gbs": "50",
                "kms_key_id": "",
                "source_id": "ocid1.image.oc1.uk-london-1.aaaaaaaa2xck5obp45jcsmj6expv4pzrbopcdtckzs7st4um42v6rpmibilq",
                "source_type": "image"
              }
            ],
            "state": "RUNNING",
            "subnet_id": "ocid1.subnet.oc1.uk-london-1.aaaaaaaa4p7xgydaejgntw5odvdwgzxf32oiuzzbsue5ulhzmqwzczfuq77a",
            "system_tags": {},
            "time_created": "2021-10-14 19:12:27.795 +0000 UTC",
            "time_maintenance_reboot_due": "",
            "timeouts": null
          },
          "sensitive_attributes": [],
          "private": "eyJlMmJmYjczMC1lY2FhLTExZTYtOGY4OC0zNDM2M2JjN2M0YzAiOnsiY3JlYXRlIjoyNzAwMDAwMDAwMDAwLCJkZWxldGUiOjQ1MDAwMDAwMDAwMDAsInVwZGF0ZSI6MjcwMDAwMDAwMDAwMH19",
          "dependencies": [
            "data.oci_core_images.InstanceImageOCID",
            "data.oci_identity_availability_domains.ADs",
            "data.oci_identity_region_subscriptions.home_region_subscriptions",
            "data.template_cloudinit_config.cloud_init",
            "data.template_file.key_script",
            "oci_core_network_security_group.SSHSecurityGroup",
            "oci_core_subnet.vcn01_subnet_pub02",
            "oci_core_vcn.vcn01",
            "oci_identity_tag.ArchitectureCenterTag",
            "oci_identity_tag_namespace.ArchitectureCenterTagNamespace",
            "random_id.tag",
            "tls_private_key.public_private_key_pair"
          ]
        }
      ]
    },
    {
      "mode": "managed",
      "type": "oci_core_instance",
      "name": "tomcat-server",
      "provider": "provider[\"registry.terraform.io/hashicorp/oci\"]",
      "instances": [
        {
          "index_key": 0,
          "schema_version": 0,
          "attributes": {
            "agent_config": [
              {
                "are_all_plugins_disabled": false,
                "is_management_disabled": false,
                "is_monitoring_disabled": false,
                "plugins_config": []
              }
            ],
            "availability_config": [
              {
                "is_live_migration_preferred": false,
                "recovery_action": "RESTORE_INSTANCE"
              }
            ],
            "availability_domain": "KXQA:UK-LONDON-1-AD-1",
            "boot_volume_id": "ocid1.bootvolume.oc1.uk-london-1.abwgiljtrltlk3lt2fivbvfafyy45wuryhqym76lwumtpdse52exhabrqxba",
            "capacity_reservation_id": null,
            "compartment_id": "ocid1.tenancy.oc1..aaaaaaaawxhxnvqcnahx74civwly2duq4gfytiw2inngqg2tbcflgl56ytmq",
            "create_vnic_details": [
              {
                "assign_private_dns_record": false,
                "assign_public_ip": "false",
                "defined_tags": {
                  "ArchitectureCenter\\deploy-tomcat-adb-38d2.release": "1.4",
                  "Oracle-Tags.CreatedBy": "oracleidentitycloudservice/amish.jain@oracle.com",
                  "Oracle-Tags.CreatedOn": "2021-10-14T19:12:27.027Z"
                },
                "display_name": "primaryvnic",
                "freeform_tags": {},
                "hostname_label": "",
                "nsg_ids": [
                  "ocid1.networksecuritygroup.oc1.uk-london-1.aaaaaaaabh3ip2wi7z3tdma3p7fy6a4voircmyznmvkvk7za3gqdv4sukp4a",
                  "ocid1.networksecuritygroup.oc1.uk-london-1.aaaaaaaadbmyxsy46bpeopejkfikmjy7wajg6zkhjz3cudg2l5b3m7tee4mq"
                ],
                "private_ip": "10.0.10.22",
                "skip_source_dest_check": false,
                "subnet_id": "ocid1.subnet.oc1.uk-london-1.aaaaaaaazkv2g7wihwbjht7g5rjnbqnuubkqbnd5rf5rdj4fvfvqmiojytna",
                "vlan_id": ""
              }
            ],
            "dedicated_vm_host_id": null,
            "defined_tags": {
              "ArchitectureCenter\\deploy-tomcat-adb-38d2.release": "1.4",
              "Oracle-Tags.CreatedBy": "oracleidentitycloudservice/amish.jain@oracle.com",
              "Oracle-Tags.CreatedOn": "2021-10-14T19:12:26.906Z"
            },
            "display_name": "tomcat-server-0",
            "extended_metadata": null,
            "fault_domain": "FAULT-DOMAIN-1",
            "freeform_tags": {},
            "hostname_label": "",
            "id": "ocid1.instance.oc1.uk-london-1.anwgiljtfacedticbdhuwvam26bt3ehwfpxm24qu5i7s3nssrfft3u5jpzuq",
            "image": "ocid1.image.oc1.uk-london-1.aaaaaaaa2xck5obp45jcsmj6expv4pzrbopcdtckzs7st4um42v6rpmibilq",
            "instance_options": [
              {
                "are_legacy_imds_endpoints_disabled": false
              }
            ],
            "ipxe_script": null,
            "is_pv_encryption_in_transit_enabled": null,
            "launch_mode": "PARAVIRTUALIZED",
            "launch_options": [
              {
                "boot_volume_type": "PARAVIRTUALIZED",
                "firmware": "UEFI_64",
                "is_consistent_volume_naming_enabled": true,
                "is_pv_encryption_in_transit_enabled": false,
                "network_type": "PARAVIRTUALIZED",
                "remote_data_volume_type": "PARAVIRTUALIZED"
              }
            ],
            "metadata": {
              "ssh_authorized_keys": "ssh-rsa AAAAB3NzaC1yc2EAAAADAQABAAABgQC3AGu0T3lCWky/nrvI+wqnOuUNFi6AmGjZG/6U2Hdu1TQh2MkxE4C0FJogAOf1GWQ++O6ifeZCoyuraSZN9dYBfVU9ZVRHhz9g+VUXeNBJAz8xAgRAWcNPHnWxU4RfLk1WFZchC3nN4K3oMl/zpcXU54JFqira77bL7n1ptI2twBlpUcjzqUwB2v6JxxyE7HozAgYz60y4CnJQZHsG+efI5Kl/+28C40ms0nUf0PLJno7ilg7YrM/kW2m8Cr8J8ILJe2UHpNxY2Eot5gnLc9SdZcRXYZ785ZflQ/FuH7CzlnksKoLv2JD9WaoQ/fcnC9elgXy+Le2Mg75/MFj5JKbZTTbQHIxT76mkZpA4vMhcu1El4yhapkhww6Ze/Myl2d/OPGUNPaek33biOhlJ6e/LJ50jYzUN3PpgfMAgOl9dhw4KS9KCLsByY6XucejitunJx0SNLX807jKAUSlOJvHK7zIKn8w7EGb61fjSpE6blMPVSbb1vbdax6zmsbXh55c= amish.jain@oracle.com",
              "user_data": "H4sIAAAAAAAA/4SSS2+jSBDH70j+Dqz3iHDzSLCdKJEw4MfawGITHPuyaqANzaObpRts/OlHiTSaaOaQ47/qV6WfVGVRwhHhcjg06Emsu4rjBrYc1PiG0mcxph1JYTu8jN2N6yz8N88296ex8JHkCLUMU/IkqhNlJIwEWf4KjYSfu23MGsow/2Qh5zDJa0T4s3jBFSKwRi9jiAnmE5aPf02FLSTsglrZIQlNMcmexGmM+RfgU5mjGwc3meWoqljS4oaPBBfX6A+7v/8CMSYghiwXhKQRQU5rBGiTgAljOYAdz2mL7yj9r0QD+6Y9iWEpoCSn4pixXG4ZFE3TNBe6d4eWOiSa8xFtMzAXH2UzsIN1394zqOAy76dSGUdH5PXkbp/Xpn9dauCwCc1pSK8akEIyi9m/IIyXNLpo+Xletq1NLyxhpJ/N5ko82IOhFB04cvcd2JlUW35x8IoKPFaYSrGnKGDubo8nJzIi4h8G2ukPntO8+zfd0ZyyCeZ2tmLq6m3FFPzPac56oGyTByMyzhd1d4Zp6nvGWo/9vXVwpdhQTQpczo52Ha+SEJWRzgnZN3unqM83S4LebWnch2Ow1NaGi9ZBCbTddGOZ18K98lYNr9jKLqFDo8yWqFYn077ZI/8xU+cMTrUhmE13y43TbCXb1dpuEcyqs65aFz3KHvUmDc3ifbPVq7TYdaA/2cX6f/vY9UEDQmEsvr5+cyohyemViPJepE3yHfv7E8vySPgRAAD//4RLeb8jAwAA"
            },
            "platform_config": [],
            "preemptible_instance_config": [],
            "preserve_boot_volume": null,
            "private_ip": "10.0.10.22",
            "public_ip": "",
            "region": "uk-london-1",
            "shape": "VM.Standard.A1.Flex",
            "shape_config": [
              {
                "baseline_ocpu_utilization": "",
                "gpu_description": "",
                "gpus": 0,
                "local_disk_description": "",
                "local_disks": 0,
                "local_disks_total_size_in_gbs": 0,
                "max_vnic_attachments": 2,
                "memory_in_gbs": 10,
                "networking_bandwidth_in_gbps": 1,
                "ocpus": 1,
                "processor_description": "3.0 GHz Ampere® Altra™"
              }
            ],
            "source_details": [
              {
                "boot_volume_size_in_gbs": "50",
                "kms_key_id": "",
                "source_id": "ocid1.image.oc1.uk-london-1.aaaaaaaa2xck5obp45jcsmj6expv4pzrbopcdtckzs7st4um42v6rpmibilq",
                "source_type": "image"
              }
            ],
            "state": "RUNNING",
            "subnet_id": "ocid1.subnet.oc1.uk-london-1.aaaaaaaazkv2g7wihwbjht7g5rjnbqnuubkqbnd5rf5rdj4fvfvqmiojytna",
            "system_tags": {},
            "time_created": "2021-10-14 19:12:27.861 +0000 UTC",
            "time_maintenance_reboot_due": "",
            "timeouts": null
          },
          "sensitive_attributes": [],
          "private": "eyJlMmJmYjczMC1lY2FhLTExZTYtOGY4OC0zNDM2M2JjN2M0YzAiOnsiY3JlYXRlIjoyNzAwMDAwMDAwMDAwLCJkZWxldGUiOjQ1MDAwMDAwMDAwMDAsInVwZGF0ZSI6MjcwMDAwMDAwMDAwMH19",
          "dependencies": [
            "data.oci_core_images.InstanceImageOCID",
            "data.oci_identity_availability_domains.ADs",
            "data.oci_identity_region_subscriptions.home_region_subscriptions",
            "data.template_cloudinit_config.cloud_init",
            "data.template_file.key_script",
            "oci_core_network_security_group.APPSecurityGroup",
            "oci_core_network_security_group.SSHSecurityGroup",
            "oci_core_subnet.vcn01_subnet_app01",
            "oci_core_vcn.vcn01",
            "oci_identity_tag.ArchitectureCenterTag",
            "oci_identity_tag_namespace.ArchitectureCenterTagNamespace",
            "random_id.tag",
            "tls_private_key.public_private_key_pair"
          ]
        },
        {
          "index_key": 1,
          "schema_version": 0,
          "attributes": {
            "agent_config": [
              {
                "are_all_plugins_disabled": false,
                "is_management_disabled": false,
                "is_monitoring_disabled": false,
                "plugins_config": []
              }
            ],
            "availability_config": [
              {
                "is_live_migration_preferred": false,
                "recovery_action": "RESTORE_INSTANCE"
              }
            ],
            "availability_domain": "KXQA:UK-LONDON-1-AD-1",
            "boot_volume_id": "ocid1.bootvolume.oc1.uk-london-1.abwgiljtk7owb7mnl3z3kgindgnhlvuifkivoqrdhsewosmjczpnbwcryh7a",
            "capacity_reservation_id": null,
            "compartment_id": "ocid1.tenancy.oc1..aaaaaaaawxhxnvqcnahx74civwly2duq4gfytiw2inngqg2tbcflgl56ytmq",
            "create_vnic_details": [
              {
                "assign_private_dns_record": false,
                "assign_public_ip": "false",
                "defined_tags": {
                  "ArchitectureCenter\\deploy-tomcat-adb-38d2.release": "1.4",
                  "Oracle-Tags.CreatedBy": "oracleidentitycloudservice/amish.jain@oracle.com",
                  "Oracle-Tags.CreatedOn": "2021-10-14T19:12:27.031Z"
                },
                "display_name": "primaryvnic",
                "freeform_tags": {},
                "hostname_label": "",
                "nsg_ids": [
                  "ocid1.networksecuritygroup.oc1.uk-london-1.aaaaaaaabh3ip2wi7z3tdma3p7fy6a4voircmyznmvkvk7za3gqdv4sukp4a",
                  "ocid1.networksecuritygroup.oc1.uk-london-1.aaaaaaaadbmyxsy46bpeopejkfikmjy7wajg6zkhjz3cudg2l5b3m7tee4mq"
                ],
                "private_ip": "10.0.10.176",
                "skip_source_dest_check": false,
                "subnet_id": "ocid1.subnet.oc1.uk-london-1.aaaaaaaazkv2g7wihwbjht7g5rjnbqnuubkqbnd5rf5rdj4fvfvqmiojytna",
                "vlan_id": ""
              }
            ],
            "dedicated_vm_host_id": null,
            "defined_tags": {
              "ArchitectureCenter\\deploy-tomcat-adb-38d2.release": "1.4",
              "Oracle-Tags.CreatedBy": "oracleidentitycloudservice/amish.jain@oracle.com",
              "Oracle-Tags.CreatedOn": "2021-10-14T19:12:26.922Z"
            },
            "display_name": "tomcat-server-1",
            "extended_metadata": null,
            "fault_domain": "FAULT-DOMAIN-2",
            "freeform_tags": {},
            "hostname_label": "",
            "id": "ocid1.instance.oc1.uk-london-1.anwgiljtfacedticqmiqmcearwxtcwejbm3i7izchqxfbcs2dwr5jyp45lfq",
            "image": "ocid1.image.oc1.uk-london-1.aaaaaaaa2xck5obp45jcsmj6expv4pzrbopcdtckzs7st4um42v6rpmibilq",
            "instance_options": [
              {
                "are_legacy_imds_endpoints_disabled": false
              }
            ],
            "ipxe_script": null,
            "is_pv_encryption_in_transit_enabled": null,
            "launch_mode": "PARAVIRTUALIZED",
            "launch_options": [
              {
                "boot_volume_type": "PARAVIRTUALIZED",
                "firmware": "UEFI_64",
                "is_consistent_volume_naming_enabled": true,
                "is_pv_encryption_in_transit_enabled": false,
                "network_type": "PARAVIRTUALIZED",
                "remote_data_volume_type": "PARAVIRTUALIZED"
              }
            ],
            "metadata": {
              "ssh_authorized_keys": "ssh-rsa AAAAB3NzaC1yc2EAAAADAQABAAABgQC3AGu0T3lCWky/nrvI+wqnOuUNFi6AmGjZG/6U2Hdu1TQh2MkxE4C0FJogAOf1GWQ++O6ifeZCoyuraSZN9dYBfVU9ZVRHhz9g+VUXeNBJAz8xAgRAWcNPHnWxU4RfLk1WFZchC3nN4K3oMl/zpcXU54JFqira77bL7n1ptI2twBlpUcjzqUwB2v6JxxyE7HozAgYz60y4CnJQZHsG+efI5Kl/+28C40ms0nUf0PLJno7ilg7YrM/kW2m8Cr8J8ILJe2UHpNxY2Eot5gnLc9SdZcRXYZ785ZflQ/FuH7CzlnksKoLv2JD9WaoQ/fcnC9elgXy+Le2Mg75/MFj5JKbZTTbQHIxT76mkZpA4vMhcu1El4yhapkhww6Ze/Myl2d/OPGUNPaek33biOhlJ6e/LJ50jYzUN3PpgfMAgOl9dhw4KS9KCLsByY6XucejitunJx0SNLX807jKAUSlOJvHK7zIKn8w7EGb61fjSpE6blMPVSbb1vbdax6zmsbXh55c= amish.jain@oracle.com",
              "user_data": "H4sIAAAAAAAA/4SSS2+jSBDH70j+Dqz3iHDzSLCdKJEw4MfawGITHPuyaqANzaObpRts/OlHiTSaaOaQ47/qV6WfVGVRwhHhcjg06Emsu4rjBrYc1PiG0mcxph1JYTu8jN2N6yz8N88296ex8JHkCLUMU/IkqhNlJIwEWf4KjYSfu23MGsow/2Qh5zDJa0T4s3jBFSKwRi9jiAnmE5aPf02FLSTsglrZIQlNMcmexGmM+RfgU5mjGwc3meWoqljS4oaPBBfX6A+7v/8CMSYghiwXhKQRQU5rBGiTgAljOYAdz2mL7yj9r0QD+6Y9iWEpoCSn4pixXG4ZFE3TNBe6d4eWOiSa8xFtMzAXH2UzsIN1394zqOAy76dSGUdH5PXkbp/Xpn9dauCwCc1pSK8akEIyi9m/IIyXNLpo+Xletq1NLyxhpJ/N5ko82IOhFB04cvcd2JlUW35x8IoKPFaYSrGnKGDubo8nJzIi4h8G2ukPntO8+zfd0ZyyCeZ2tmLq6m3FFPzPac56oGyTByMyzhd1d4Zp6nvGWo/9vXVwpdhQTQpczo52Ha+SEJWRzgnZN3unqM83S4LebWnch2Ow1NaGi9ZBCbTddGOZ18K98lYNr9jKLqFDo8yWqFYn077ZI/8xU+cMTrUhmE13y43TbCXb1dpuEcyqs65aFz3KHvUmDc3ifbPVq7TYdaA/2cX6f/vY9UEDQmEsvr5+cyohyemViPJepE3yHfv7E8vySPgRAAD//4RLeb8jAwAA"
            },
            "platform_config": [],
            "preemptible_instance_config": [],
            "preserve_boot_volume": null,
            "private_ip": "10.0.10.176",
            "public_ip": "",
            "region": "uk-london-1",
            "shape": "VM.Standard.A1.Flex",
            "shape_config": [
              {
                "baseline_ocpu_utilization": "",
                "gpu_description": "",
                "gpus": 0,
                "local_disk_description": "",
                "local_disks": 0,
                "local_disks_total_size_in_gbs": 0,
                "max_vnic_attachments": 2,
                "memory_in_gbs": 10,
                "networking_bandwidth_in_gbps": 1,
                "ocpus": 1,
                "processor_description": "3.0 GHz Ampere® Altra™"
              }
            ],
            "source_details": [
              {
                "boot_volume_size_in_gbs": "50",
                "kms_key_id": "",
                "source_id": "ocid1.image.oc1.uk-london-1.aaaaaaaa2xck5obp45jcsmj6expv4pzrbopcdtckzs7st4um42v6rpmibilq",
                "source_type": "image"
              }
            ],
            "state": "RUNNING",
            "subnet_id": "ocid1.subnet.oc1.uk-london-1.aaaaaaaazkv2g7wihwbjht7g5rjnbqnuubkqbnd5rf5rdj4fvfvqmiojytna",
            "system_tags": {},
            "time_created": "2021-10-14 19:12:27.894 +0000 UTC",
            "time_maintenance_reboot_due": "",
            "timeouts": null
          },
          "sensitive_attributes": [],
          "private": "eyJlMmJmYjczMC1lY2FhLTExZTYtOGY4OC0zNDM2M2JjN2M0YzAiOnsiY3JlYXRlIjoyNzAwMDAwMDAwMDAwLCJkZWxldGUiOjQ1MDAwMDAwMDAwMDAsInVwZGF0ZSI6MjcwMDAwMDAwMDAwMH19",
          "dependencies": [
            "data.oci_core_images.InstanceImageOCID",
            "data.oci_identity_availability_domains.ADs",
            "data.oci_identity_region_subscriptions.home_region_subscriptions",
            "data.template_cloudinit_config.cloud_init",
            "data.template_file.key_script",
            "oci_core_network_security_group.APPSecurityGroup",
            "oci_core_network_security_group.SSHSecurityGroup",
            "oci_core_subnet.vcn01_subnet_app01",
            "oci_core_vcn.vcn01",
            "oci_identity_tag.ArchitectureCenterTag",
            "oci_identity_tag_namespace.ArchitectureCenterTagNamespace",
            "random_id.tag",
            "tls_private_key.public_private_key_pair"
          ]
        }
      ]
    },
    {
      "mode": "managed",
      "type": "oci_core_internet_gateway",
      "name": "vcn01_internet_gateway",
      "provider": "provider[\"registry.terraform.io/hashicorp/oci\"]",
      "instances": [
        {
          "schema_version": 0,
          "attributes": {
            "compartment_id": "ocid1.tenancy.oc1..aaaaaaaawxhxnvqcnahx74civwly2duq4gfytiw2inngqg2tbcflgl56ytmq",
            "defined_tags": {
              "ArchitectureCenter\\deploy-tomcat-adb-38d2.release": "1.4",
              "Oracle-Tags.CreatedBy": "oracleidentitycloudservice/amish.jain@oracle.com",
              "Oracle-Tags.CreatedOn": "2021-10-14T19:12:22.434Z"
            },
            "display_name": "IGW_vcn01",
            "enabled": true,
            "freeform_tags": {},
            "id": "ocid1.internetgateway.oc1.uk-london-1.aaaaaaaa4qyvltneiq2yb53a2hulayvj6ccvd7q5sowpelejvk56jmpozsyq",
            "state": "AVAILABLE",
            "time_created": "2021-10-14 19:12:22.478 +0000 UTC",
            "timeouts": null,
            "vcn_id": "ocid1.vcn.oc1.uk-london-1.amaaaaaafacedtiabva5lttzd7jnxezwp7szygjlxfi5otalq5aweilfn2la"
          },
          "sensitive_attributes": [],
          "private": "eyJlMmJmYjczMC1lY2FhLTExZTYtOGY4OC0zNDM2M2JjN2M0YzAiOnsiY3JlYXRlIjoxMjAwMDAwMDAwMDAwLCJkZWxldGUiOjEyMDAwMDAwMDAwMDAsInVwZGF0ZSI6MTIwMDAwMDAwMDAwMH19",
          "dependencies": [
            "data.oci_identity_region_subscriptions.home_region_subscriptions",
            "oci_core_vcn.vcn01",
            "oci_identity_tag.ArchitectureCenterTag",
            "oci_identity_tag_namespace.ArchitectureCenterTagNamespace",
            "random_id.tag"
          ]
        }
      ]
    },
    {
      "mode": "managed",
      "type": "oci_core_nat_gateway",
      "name": "vcn01_nat_gateway",
      "provider": "provider[\"registry.terraform.io/hashicorp/oci\"]",
      "instances": [
        {
          "schema_version": 0,
          "attributes": {
            "block_traffic": false,
            "compartment_id": "ocid1.tenancy.oc1..aaaaaaaawxhxnvqcnahx74civwly2duq4gfytiw2inngqg2tbcflgl56ytmq",
            "defined_tags": {
              "ArchitectureCenter\\deploy-tomcat-adb-38d2.release": "1.4",
              "Oracle-Tags.CreatedBy": "oracleidentitycloudservice/amish.jain@oracle.com",
              "Oracle-Tags.CreatedOn": "2021-10-14T19:12:22.934Z"
            },
            "display_name": "NAT_GW_vcn01",
            "freeform_tags": {},
            "id": "ocid1.natgateway.oc1.uk-london-1.aaaaaaaa2f4yv6xeupw6ieuwpwjetnj5eaeahlotctnlzacxp6o2hgfkm4oq",
            "nat_ip": "150.230.125.157",
            "public_ip_id": "ocid1.publicip.oc1.uk-london-1.aaaaaaaalmsmxcyg2hb3gqerq6pekiwg4upauxtx2pmlastfrmwf5f36bqra",
            "state": "AVAILABLE",
            "time_created": "2021-10-14 19:12:23.222 +0000 UTC",
            "timeouts": null,
            "vcn_id": "ocid1.vcn.oc1.uk-london-1.amaaaaaafacedtiabva5lttzd7jnxezwp7szygjlxfi5otalq5aweilfn2la"
          },
          "sensitive_attributes": [],
          "private": "eyJlMmJmYjczMC1lY2FhLTExZTYtOGY4OC0zNDM2M2JjN2M0YzAiOnsiY3JlYXRlIjoxMjAwMDAwMDAwMDAwLCJkZWxldGUiOjEyMDAwMDAwMDAwMDAsInVwZGF0ZSI6MTIwMDAwMDAwMDAwMH19",
          "dependencies": [
            "data.oci_identity_region_subscriptions.home_region_subscriptions",
            "oci_core_vcn.vcn01",
            "oci_identity_tag.ArchitectureCenterTag",
            "oci_identity_tag_namespace.ArchitectureCenterTagNamespace",
            "random_id.tag"
          ]
        }
      ]
    },
    {
      "mode": "managed",
      "type": "oci_core_network_security_group",
      "name": "APPSecurityGroup",
      "provider": "provider[\"registry.terraform.io/hashicorp/oci\"]",
      "instances": [
        {
          "schema_version": 0,
          "attributes": {
            "compartment_id": "ocid1.tenancy.oc1..aaaaaaaawxhxnvqcnahx74civwly2duq4gfytiw2inngqg2tbcflgl56ytmq",
            "defined_tags": {
              "ArchitectureCenter\\deploy-tomcat-adb-38d2.release": "1.4",
              "Oracle-Tags.CreatedBy": "oracleidentitycloudservice/amish.jain@oracle.com",
              "Oracle-Tags.CreatedOn": "2021-10-14T19:12:22.890Z"
            },
            "display_name": "APP_NSG",
            "freeform_tags": {},
            "id": "ocid1.networksecuritygroup.oc1.uk-london-1.aaaaaaaadbmyxsy46bpeopejkfikmjy7wajg6zkhjz3cudg2l5b3m7tee4mq",
            "state": "AVAILABLE",
            "time_created": "2021-10-14 19:12:23.003 +0000 UTC",
            "timeouts": null,
            "vcn_id": "ocid1.vcn.oc1.uk-london-1.amaaaaaafacedtiabva5lttzd7jnxezwp7szygjlxfi5otalq5aweilfn2la"
          },
          "sensitive_attributes": [],
          "private": "eyJlMmJmYjczMC1lY2FhLTExZTYtOGY4OC0zNDM2M2JjN2M0YzAiOnsiY3JlYXRlIjoxMjAwMDAwMDAwMDAwLCJkZWxldGUiOjEyMDAwMDAwMDAwMDAsInVwZGF0ZSI6MTIwMDAwMDAwMDAwMH19",
          "dependencies": [
            "data.oci_identity_region_subscriptions.home_region_subscriptions",
            "oci_core_vcn.vcn01",
            "oci_identity_tag.ArchitectureCenterTag",
            "oci_identity_tag_namespace.ArchitectureCenterTagNamespace",
            "random_id.tag"
          ]
        }
      ]
    },
    {
      "mode": "managed",
      "type": "oci_core_network_security_group",
      "name": "ATPSecurityGroup",
      "provider": "provider[\"registry.terraform.io/hashicorp/oci\"]",
      "instances": [
        {
          "schema_version": 0,
          "attributes": {
            "compartment_id": "ocid1.tenancy.oc1..aaaaaaaawxhxnvqcnahx74civwly2duq4gfytiw2inngqg2tbcflgl56ytmq",
            "defined_tags": {
              "ArchitectureCenter\\deploy-tomcat-adb-38d2.release": "1.4",
              "Oracle-Tags.CreatedBy": "oracleidentitycloudservice/amish.jain@oracle.com",
              "Oracle-Tags.CreatedOn": "2021-10-14T19:12:22.806Z"
            },
            "display_name": "ATPSecurityGroup",
            "freeform_tags": {},
            "id": "ocid1.networksecuritygroup.oc1.uk-london-1.aaaaaaaa7p2fr27gbkz7y2kvyevivvpoy7umag33whm7l2sfv4biklt3ca2q",
            "state": "AVAILABLE",
            "time_created": "2021-10-14 19:12:22.952 +0000 UTC",
            "timeouts": null,
            "vcn_id": "ocid1.vcn.oc1.uk-london-1.amaaaaaafacedtiabva5lttzd7jnxezwp7szygjlxfi5otalq5aweilfn2la"
          },
          "sensitive_attributes": [],
          "private": "eyJlMmJmYjczMC1lY2FhLTExZTYtOGY4OC0zNDM2M2JjN2M0YzAiOnsiY3JlYXRlIjoxMjAwMDAwMDAwMDAwLCJkZWxldGUiOjEyMDAwMDAwMDAwMDAsInVwZGF0ZSI6MTIwMDAwMDAwMDAwMH19",
          "dependencies": [
            "data.oci_identity_region_subscriptions.home_region_subscriptions",
            "oci_core_vcn.vcn01",
            "oci_identity_tag.ArchitectureCenterTag",
            "oci_identity_tag_namespace.ArchitectureCenterTagNamespace",
            "random_id.tag"
          ]
        }
      ]
    },
    {
      "mode": "managed",
      "type": "oci_core_network_security_group",
      "name": "LBSecurityGroup",
      "provider": "provider[\"registry.terraform.io/hashicorp/oci\"]",
      "instances": [
        {
          "schema_version": 0,
          "attributes": {
            "compartment_id": "ocid1.tenancy.oc1..aaaaaaaawxhxnvqcnahx74civwly2duq4gfytiw2inngqg2tbcflgl56ytmq",
            "defined_tags": {
              "ArchitectureCenter\\deploy-tomcat-adb-38d2.release": "1.4",
              "Oracle-Tags.CreatedBy": "oracleidentitycloudservice/amish.jain@oracle.com",
              "Oracle-Tags.CreatedOn": "2021-10-14T19:12:22.891Z"
            },
            "display_name": "LB_NSG",
            "freeform_tags": {},
            "id": "ocid1.networksecuritygroup.oc1.uk-london-1.aaaaaaaadkwiojvfrvqlnkbdprm6j3ko2z734a4b4cvtywwb47mqijxkm6pa",
            "state": "AVAILABLE",
            "time_created": "2021-10-14 19:12:23.103 +0000 UTC",
            "timeouts": null,
            "vcn_id": "ocid1.vcn.oc1.uk-london-1.amaaaaaafacedtiabva5lttzd7jnxezwp7szygjlxfi5otalq5aweilfn2la"
          },
          "sensitive_attributes": [],
          "private": "eyJlMmJmYjczMC1lY2FhLTExZTYtOGY4OC0zNDM2M2JjN2M0YzAiOnsiY3JlYXRlIjoxMjAwMDAwMDAwMDAwLCJkZWxldGUiOjEyMDAwMDAwMDAwMDAsInVwZGF0ZSI6MTIwMDAwMDAwMDAwMH19",
          "dependencies": [
            "data.oci_identity_region_subscriptions.home_region_subscriptions",
            "oci_core_vcn.vcn01",
            "oci_identity_tag.ArchitectureCenterTag",
            "oci_identity_tag_namespace.ArchitectureCenterTagNamespace",
            "random_id.tag"
          ]
        }
      ]
    },
    {
      "mode": "managed",
      "type": "oci_core_network_security_group",
      "name": "SSHSecurityGroup",
      "provider": "provider[\"registry.terraform.io/hashicorp/oci\"]",
      "instances": [
        {
          "schema_version": 0,
          "attributes": {
            "compartment_id": "ocid1.tenancy.oc1..aaaaaaaawxhxnvqcnahx74civwly2duq4gfytiw2inngqg2tbcflgl56ytmq",
            "defined_tags": {
              "ArchitectureCenter\\deploy-tomcat-adb-38d2.release": "1.4",
              "Oracle-Tags.CreatedBy": "oracleidentitycloudservice/amish.jain@oracle.com",
              "Oracle-Tags.CreatedOn": "2021-10-14T19:12:22.891Z"
            },
            "display_name": "Bastion_NSG",
            "freeform_tags": {},
            "id": "ocid1.networksecuritygroup.oc1.uk-london-1.aaaaaaaabh3ip2wi7z3tdma3p7fy6a4voircmyznmvkvk7za3gqdv4sukp4a",
            "state": "AVAILABLE",
            "time_created": "2021-10-14 19:12:23.348 +0000 UTC",
            "timeouts": null,
            "vcn_id": "ocid1.vcn.oc1.uk-london-1.amaaaaaafacedtiabva5lttzd7jnxezwp7szygjlxfi5otalq5aweilfn2la"
          },
          "sensitive_attributes": [],
          "private": "eyJlMmJmYjczMC1lY2FhLTExZTYtOGY4OC0zNDM2M2JjN2M0YzAiOnsiY3JlYXRlIjoxMjAwMDAwMDAwMDAwLCJkZWxldGUiOjEyMDAwMDAwMDAwMDAsInVwZGF0ZSI6MTIwMDAwMDAwMDAwMH19",
          "dependencies": [
            "data.oci_identity_region_subscriptions.home_region_subscriptions",
            "oci_core_vcn.vcn01",
            "oci_identity_tag.ArchitectureCenterTag",
            "oci_identity_tag_namespace.ArchitectureCenterTagNamespace",
            "random_id.tag"
          ]
        }
      ]
    },
    {
      "mode": "managed",
      "type": "oci_core_network_security_group_security_rule",
      "name": "APPSecurityEgressATPGroupRule",
      "provider": "provider[\"registry.terraform.io/hashicorp/oci\"]",
      "instances": [
        {
          "schema_version": 0,
          "attributes": {
            "description": null,
            "destination": "ocid1.networksecuritygroup.oc1.uk-london-1.aaaaaaaa7p2fr27gbkz7y2kvyevivvpoy7umag33whm7l2sfv4biklt3ca2q",
            "destination_type": "NETWORK_SECURITY_GROUP",
            "direction": "EGRESS",
            "icmp_options": [],
            "id": "AFDADD",
            "is_valid": true,
            "network_security_group_id": "ocid1.networksecuritygroup.oc1.uk-london-1.aaaaaaaadbmyxsy46bpeopejkfikmjy7wajg6zkhjz3cudg2l5b3m7tee4mq",
            "protocol": "6",
            "source": null,
            "source_type": "",
            "stateless": false,
            "tcp_options": [],
            "time_created": "2021-10-14 19:12:24.811 +0000 UTC",
            "timeouts": null,
            "udp_options": []
          },
          "sensitive_attributes": [],
          "private": "eyJlMmJmYjczMC1lY2FhLTExZTYtOGY4OC0zNDM2M2JjN2M0YzAiOnsiY3JlYXRlIjoxMjAwMDAwMDAwMDAwLCJkZWxldGUiOjEyMDAwMDAwMDAwMDAsInVwZGF0ZSI6MTIwMDAwMDAwMDAwMH19",
          "dependencies": [
            "data.oci_identity_region_subscriptions.home_region_subscriptions",
            "oci_core_network_security_group.APPSecurityGroup",
            "oci_core_network_security_group.ATPSecurityGroup",
            "oci_core_vcn.vcn01",
            "oci_identity_tag.ArchitectureCenterTag",
            "oci_identity_tag_namespace.ArchitectureCenterTagNamespace",
            "random_id.tag"
          ]
        }
      ]
    },
    {
      "mode": "managed",
      "type": "oci_core_network_security_group_security_rule",
      "name": "APPSecurityEgressGroupRules",
      "provider": "provider[\"registry.terraform.io/hashicorp/oci\"]",
      "instances": [
        {
          "schema_version": 0,
          "attributes": {
            "description": null,
            "destination": "0.0.0.0/0",
            "destination_type": "CIDR_BLOCK",
            "direction": "EGRESS",
            "icmp_options": [],
            "id": "482070",
            "is_valid": true,
            "network_security_group_id": "ocid1.networksecuritygroup.oc1.uk-london-1.aaaaaaaadbmyxsy46bpeopejkfikmjy7wajg6zkhjz3cudg2l5b3m7tee4mq",
            "protocol": "6",
            "source": null,
            "source_type": "",
            "stateless": false,
            "tcp_options": [],
            "time_created": "2021-10-14 19:12:25.023 +0000 UTC",
            "timeouts": null,
            "udp_options": []
          },
          "sensitive_attributes": [],
          "private": "eyJlMmJmYjczMC1lY2FhLTExZTYtOGY4OC0zNDM2M2JjN2M0YzAiOnsiY3JlYXRlIjoxMjAwMDAwMDAwMDAwLCJkZWxldGUiOjEyMDAwMDAwMDAwMDAsInVwZGF0ZSI6MTIwMDAwMDAwMDAwMH19",
          "dependencies": [
            "data.oci_identity_region_subscriptions.home_region_subscriptions",
            "oci_core_network_security_group.APPSecurityGroup",
            "oci_core_vcn.vcn01",
            "oci_identity_tag.ArchitectureCenterTag",
            "oci_identity_tag_namespace.ArchitectureCenterTagNamespace",
            "random_id.tag"
          ]
        }
      ]
    },
    {
      "mode": "managed",
      "type": "oci_core_network_security_group_security_rule",
      "name": "APPSecurityIngressGroupRules",
      "provider": "provider[\"registry.terraform.io/hashicorp/oci\"]",
      "instances": [
        {
          "schema_version": 0,
          "attributes": {
            "description": null,
            "destination": null,
            "destination_type": "",
            "direction": "INGRESS",
            "icmp_options": [],
            "id": "B8A97D",
            "is_valid": true,
            "network_security_group_id": "ocid1.networksecuritygroup.oc1.uk-london-1.aaaaaaaadbmyxsy46bpeopejkfikmjy7wajg6zkhjz3cudg2l5b3m7tee4mq",
            "protocol": "6",
            "source": "0.0.0.0/0",
            "source_type": "CIDR_BLOCK",
            "stateless": false,
            "tcp_options": [
              {
                "destination_port_range": [
                  {
                    "max": 8080,
                    "min": 8080
                  }
                ],
                "source_port_range": []
              }
            ],
            "time_created": "2021-10-14 19:12:24.719 +0000 UTC",
            "timeouts": null,
            "udp_options": []
          },
          "sensitive_attributes": [],
          "private": "eyJlMmJmYjczMC1lY2FhLTExZTYtOGY4OC0zNDM2M2JjN2M0YzAiOnsiY3JlYXRlIjoxMjAwMDAwMDAwMDAwLCJkZWxldGUiOjEyMDAwMDAwMDAwMDAsInVwZGF0ZSI6MTIwMDAwMDAwMDAwMH19",
          "dependencies": [
            "data.oci_identity_region_subscriptions.home_region_subscriptions",
            "oci_core_network_security_group.APPSecurityGroup",
            "oci_core_vcn.vcn01",
            "oci_identity_tag.ArchitectureCenterTag",
            "oci_identity_tag_namespace.ArchitectureCenterTagNamespace",
            "random_id.tag"
          ]
        }
      ]
    },
    {
      "mode": "managed",
      "type": "oci_core_network_security_group_security_rule",
      "name": "ATPSecurityEgressGroupRule",
      "provider": "provider[\"registry.terraform.io/hashicorp/oci\"]",
      "instances": [
        {
          "schema_version": 0,
          "attributes": {
            "description": null,
            "destination": "0.0.0.0/0",
            "destination_type": "CIDR_BLOCK",
            "direction": "EGRESS",
            "icmp_options": [],
            "id": "1CC976",
            "is_valid": true,
            "network_security_group_id": "ocid1.networksecuritygroup.oc1.uk-london-1.aaaaaaaa7p2fr27gbkz7y2kvyevivvpoy7umag33whm7l2sfv4biklt3ca2q",
            "protocol": "6",
            "source": null,
            "source_type": "",
            "stateless": false,
            "tcp_options": [],
            "time_created": "2021-10-14 19:12:23.733 +0000 UTC",
            "timeouts": null,
            "udp_options": []
          },
          "sensitive_attributes": [],
          "private": "eyJlMmJmYjczMC1lY2FhLTExZTYtOGY4OC0zNDM2M2JjN2M0YzAiOnsiY3JlYXRlIjoxMjAwMDAwMDAwMDAwLCJkZWxldGUiOjEyMDAwMDAwMDAwMDAsInVwZGF0ZSI6MTIwMDAwMDAwMDAwMH19",
          "dependencies": [
            "data.oci_identity_region_subscriptions.home_region_subscriptions",
            "oci_core_network_security_group.ATPSecurityGroup",
            "oci_core_vcn.vcn01",
            "oci_identity_tag.ArchitectureCenterTag",
            "oci_identity_tag_namespace.ArchitectureCenterTagNamespace",
            "random_id.tag"
          ]
        }
      ]
    },
    {
      "mode": "managed",
      "type": "oci_core_network_security_group_security_rule",
      "name": "ATPSecurityIngressGroupRules",
      "provider": "provider[\"registry.terraform.io/hashicorp/oci\"]",
      "instances": [
        {
          "schema_version": 0,
          "attributes": {
            "description": null,
            "destination": null,
            "destination_type": "",
            "direction": "INGRESS",
            "icmp_options": [],
            "id": "689952",
            "is_valid": true,
            "network_security_group_id": "ocid1.networksecuritygroup.oc1.uk-london-1.aaaaaaaa7p2fr27gbkz7y2kvyevivvpoy7umag33whm7l2sfv4biklt3ca2q",
            "protocol": "6",
            "source": "0.0.0.0/0",
            "source_type": "CIDR_BLOCK",
            "stateless": false,
            "tcp_options": [
              {
                "destination_port_range": [
                  {
                    "max": 1522,
                    "min": 1522
                  }
                ],
                "source_port_range": []
              }
            ],
            "time_created": "2021-10-14 19:12:23.88 +0000 UTC",
            "timeouts": null,
            "udp_options": []
          },
          "sensitive_attributes": [],
          "private": "eyJlMmJmYjczMC1lY2FhLTExZTYtOGY4OC0zNDM2M2JjN2M0YzAiOnsiY3JlYXRlIjoxMjAwMDAwMDAwMDAwLCJkZWxldGUiOjEyMDAwMDAwMDAwMDAsInVwZGF0ZSI6MTIwMDAwMDAwMDAwMH19",
          "dependencies": [
            "data.oci_identity_region_subscriptions.home_region_subscriptions",
            "oci_core_network_security_group.ATPSecurityGroup",
            "oci_core_vcn.vcn01",
            "oci_identity_tag.ArchitectureCenterTag",
            "oci_identity_tag_namespace.ArchitectureCenterTagNamespace",
            "random_id.tag"
          ]
        }
      ]
    },
    {
      "mode": "managed",
      "type": "oci_core_network_security_group_security_rule",
      "name": "LBSecurityEgressInternetGroupRule",
      "provider": "provider[\"registry.terraform.io/hashicorp/oci\"]",
      "instances": [
        {
          "schema_version": 0,
          "attributes": {
            "description": null,
            "destination": "0.0.0.0/0",
            "destination_type": "CIDR_BLOCK",
            "direction": "EGRESS",
            "icmp_options": [],
            "id": "D4498B",
            "is_valid": true,
            "network_security_group_id": "ocid1.networksecuritygroup.oc1.uk-london-1.aaaaaaaadkwiojvfrvqlnkbdprm6j3ko2z734a4b4cvtywwb47mqijxkm6pa",
            "protocol": "6",
            "source": null,
            "source_type": "",
            "stateless": false,
            "tcp_options": [],
            "time_created": "2021-10-14 19:12:24.32 +0000 UTC",
            "timeouts": null,
            "udp_options": []
          },
          "sensitive_attributes": [],
          "private": "eyJlMmJmYjczMC1lY2FhLTExZTYtOGY4OC0zNDM2M2JjN2M0YzAiOnsiY3JlYXRlIjoxMjAwMDAwMDAwMDAwLCJkZWxldGUiOjEyMDAwMDAwMDAwMDAsInVwZGF0ZSI6MTIwMDAwMDAwMDAwMH19",
          "dependencies": [
            "data.oci_identity_region_subscriptions.home_region_subscriptions",
            "oci_core_network_security_group.LBSecurityGroup",
            "oci_core_vcn.vcn01",
            "oci_identity_tag.ArchitectureCenterTag",
            "oci_identity_tag_namespace.ArchitectureCenterTagNamespace",
            "random_id.tag"
          ]
        }
      ]
    },
    {
      "mode": "managed",
      "type": "oci_core_network_security_group_security_rule",
      "name": "LBSecurityIngressGroupRules_TCP443",
      "provider": "provider[\"registry.terraform.io/hashicorp/oci\"]",
      "instances": [
        {
          "schema_version": 0,
          "attributes": {
            "description": null,
            "destination": null,
            "destination_type": "",
            "direction": "INGRESS",
            "icmp_options": [],
            "id": "CACDB5",
            "is_valid": true,
            "network_security_group_id": "ocid1.networksecuritygroup.oc1.uk-london-1.aaaaaaaadkwiojvfrvqlnkbdprm6j3ko2z734a4b4cvtywwb47mqijxkm6pa",
            "protocol": "6",
            "source": "0.0.0.0/0",
            "source_type": "CIDR_BLOCK",
            "stateless": false,
            "tcp_options": [
              {
                "destination_port_range": [
                  {
                    "max": 443,
                    "min": 443
                  }
                ],
                "source_port_range": []
              }
            ],
            "time_created": "2021-10-14 19:12:24.202 +0000 UTC",
            "timeouts": null,
            "udp_options": []
          },
          "sensitive_attributes": [],
          "private": "eyJlMmJmYjczMC1lY2FhLTExZTYtOGY4OC0zNDM2M2JjN2M0YzAiOnsiY3JlYXRlIjoxMjAwMDAwMDAwMDAwLCJkZWxldGUiOjEyMDAwMDAwMDAwMDAsInVwZGF0ZSI6MTIwMDAwMDAwMDAwMH19",
          "dependencies": [
            "data.oci_identity_region_subscriptions.home_region_subscriptions",
            "oci_core_network_security_group.LBSecurityGroup",
            "oci_core_vcn.vcn01",
            "oci_identity_tag.ArchitectureCenterTag",
            "oci_identity_tag_namespace.ArchitectureCenterTagNamespace",
            "random_id.tag"
          ]
        }
      ]
    },
    {
      "mode": "managed",
      "type": "oci_core_network_security_group_security_rule",
      "name": "LBSecurityIngressGroupRules_TCP80",
      "provider": "provider[\"registry.terraform.io/hashicorp/oci\"]",
      "instances": [
        {
          "schema_version": 0,
          "attributes": {
            "description": null,
            "destination": null,
            "destination_type": "",
            "direction": "INGRESS",
            "icmp_options": [],
            "id": "3D4679",
            "is_valid": true,
            "network_security_group_id": "ocid1.networksecuritygroup.oc1.uk-london-1.aaaaaaaadkwiojvfrvqlnkbdprm6j3ko2z734a4b4cvtywwb47mqijxkm6pa",
            "protocol": "6",
            "source": "0.0.0.0/0",
            "source_type": "CIDR_BLOCK",
            "stateless": false,
            "tcp_options": [
              {
                "destination_port_range": [
                  {
                    "max": 80,
                    "min": 80
                  }
                ],
                "source_port_range": []
              }
            ],
            "time_created": "2021-10-14 19:12:24.436 +0000 UTC",
            "timeouts": null,
            "udp_options": []
          },
          "sensitive_attributes": [],
          "private": "eyJlMmJmYjczMC1lY2FhLTExZTYtOGY4OC0zNDM2M2JjN2M0YzAiOnsiY3JlYXRlIjoxMjAwMDAwMDAwMDAwLCJkZWxldGUiOjEyMDAwMDAwMDAwMDAsInVwZGF0ZSI6MTIwMDAwMDAwMDAwMH19",
          "dependencies": [
            "data.oci_identity_region_subscriptions.home_region_subscriptions",
            "oci_core_network_security_group.LBSecurityGroup",
            "oci_core_vcn.vcn01",
            "oci_identity_tag.ArchitectureCenterTag",
            "oci_identity_tag_namespace.ArchitectureCenterTagNamespace",
            "random_id.tag"
          ]
        }
      ]
    },
    {
      "mode": "managed",
      "type": "oci_core_network_security_group_security_rule",
      "name": "SSHSecurityEgressGroupRule",
      "provider": "provider[\"registry.terraform.io/hashicorp/oci\"]",
      "instances": [
        {
          "schema_version": 0,
          "attributes": {
            "description": null,
            "destination": "0.0.0.0/0",
            "destination_type": "CIDR_BLOCK",
            "direction": "EGRESS",
            "icmp_options": [],
            "id": "AB2B9C",
            "is_valid": true,
            "network_security_group_id": "ocid1.networksecuritygroup.oc1.uk-london-1.aaaaaaaabh3ip2wi7z3tdma3p7fy6a4voircmyznmvkvk7za3gqdv4sukp4a",
            "protocol": "6",
            "source": null,
            "source_type": "",
            "stateless": false,
            "tcp_options": [],
            "time_created": "2021-10-14 19:12:24.597 +0000 UTC",
            "timeouts": null,
            "udp_options": []
          },
          "sensitive_attributes": [],
          "private": "eyJlMmJmYjczMC1lY2FhLTExZTYtOGY4OC0zNDM2M2JjN2M0YzAiOnsiY3JlYXRlIjoxMjAwMDAwMDAwMDAwLCJkZWxldGUiOjEyMDAwMDAwMDAwMDAsInVwZGF0ZSI6MTIwMDAwMDAwMDAwMH19",
          "dependencies": [
            "data.oci_identity_region_subscriptions.home_region_subscriptions",
            "oci_core_network_security_group.SSHSecurityGroup",
            "oci_core_vcn.vcn01",
            "oci_identity_tag.ArchitectureCenterTag",
            "oci_identity_tag_namespace.ArchitectureCenterTagNamespace",
            "random_id.tag"
          ]
        }
      ]
    },
    {
      "mode": "managed",
      "type": "oci_core_network_security_group_security_rule",
      "name": "SSHSecurityIngressGroupRules",
      "provider": "provider[\"registry.terraform.io/hashicorp/oci\"]",
      "instances": [
        {
          "schema_version": 0,
          "attributes": {
            "description": null,
            "destination": null,
            "destination_type": "",
            "direction": "INGRESS",
            "icmp_options": [],
            "id": "C7C2B1",
            "is_valid": true,
            "network_security_group_id": "ocid1.networksecuritygroup.oc1.uk-london-1.aaaaaaaabh3ip2wi7z3tdma3p7fy6a4voircmyznmvkvk7za3gqdv4sukp4a",
            "protocol": "6",
            "source": "0.0.0.0/0",
            "source_type": "CIDR_BLOCK",
            "stateless": false,
            "tcp_options": [
              {
                "destination_port_range": [
                  {
                    "max": 22,
                    "min": 22
                  }
                ],
                "source_port_range": []
              }
            ],
            "time_created": "2021-10-14 19:12:24.495 +0000 UTC",
            "timeouts": null,
            "udp_options": []
          },
          "sensitive_attributes": [],
          "private": "eyJlMmJmYjczMC1lY2FhLTExZTYtOGY4OC0zNDM2M2JjN2M0YzAiOnsiY3JlYXRlIjoxMjAwMDAwMDAwMDAwLCJkZWxldGUiOjEyMDAwMDAwMDAwMDAsInVwZGF0ZSI6MTIwMDAwMDAwMDAwMH19",
          "dependencies": [
            "data.oci_identity_region_subscriptions.home_region_subscriptions",
            "oci_core_network_security_group.SSHSecurityGroup",
            "oci_core_vcn.vcn01",
            "oci_identity_tag.ArchitectureCenterTag",
            "oci_identity_tag_namespace.ArchitectureCenterTagNamespace",
            "random_id.tag"
          ]
        }
      ]
    },
    {
      "mode": "managed",
      "type": "oci_core_route_table",
      "name": "vnc01_nat_route_table",
      "provider": "provider[\"registry.terraform.io/hashicorp/oci\"]",
      "instances": [
        {
          "schema_version": 0,
          "attributes": {
            "compartment_id": "ocid1.tenancy.oc1..aaaaaaaawxhxnvqcnahx74civwly2duq4gfytiw2inngqg2tbcflgl56ytmq",
            "defined_tags": {
              "ArchitectureCenter\\deploy-tomcat-adb-38d2.release": "1.4",
              "Oracle-Tags.CreatedBy": "oracleidentitycloudservice/amish.jain@oracle.com",
              "Oracle-Tags.CreatedOn": "2021-10-14T19:12:24.845Z"
            },
            "display_name": "NAT_RT",
            "freeform_tags": {},
            "id": "ocid1.routetable.oc1.uk-london-1.aaaaaaaalss3ako2o6wx2x5vuzthl7mdepjvgmt5rusypaqwpjqusntcc6rq",
            "route_rules": [
              {
                "cidr_block": "0.0.0.0/0",
                "description": "",
                "destination": "0.0.0.0/0",
                "destination_type": "CIDR_BLOCK",
                "network_entity_id": "ocid1.natgateway.oc1.uk-london-1.aaaaaaaa2f4yv6xeupw6ieuwpwjetnj5eaeahlotctnlzacxp6o2hgfkm4oq"
              }
            ],
            "state": "AVAILABLE",
            "time_created": "2021-10-14 19:12:24.877 +0000 UTC",
            "timeouts": null,
            "vcn_id": "ocid1.vcn.oc1.uk-london-1.amaaaaaafacedtiabva5lttzd7jnxezwp7szygjlxfi5otalq5aweilfn2la"
          },
          "sensitive_attributes": [],
          "private": "eyJlMmJmYjczMC1lY2FhLTExZTYtOGY4OC0zNDM2M2JjN2M0YzAiOnsiY3JlYXRlIjoxMjAwMDAwMDAwMDAwLCJkZWxldGUiOjEyMDAwMDAwMDAwMDAsInVwZGF0ZSI6MTIwMDAwMDAwMDAwMH19",
          "dependencies": [
            "data.oci_identity_region_subscriptions.home_region_subscriptions",
            "oci_core_nat_gateway.vcn01_nat_gateway",
            "oci_core_vcn.vcn01",
            "oci_identity_tag.ArchitectureCenterTag",
            "oci_identity_tag_namespace.ArchitectureCenterTagNamespace",
            "random_id.tag"
          ]
        }
      ]
    },
    {
      "mode": "managed",
      "type": "oci_core_route_table_attachment",
      "name": "vcn01_subnet_app01_route_table_attachment",
      "provider": "provider[\"registry.terraform.io/hashicorp/oci\"]",
      "instances": [
        {
          "schema_version": 0,
          "attributes": {
            "id": "ocid1.subnet.oc1.uk-london-1.aaaaaaaazkv2g7wihwbjht7g5rjnbqnuubkqbnd5rf5rdj4fvfvqmiojytna/ocid1.routetable.oc1.uk-london-1.aaaaaaaalss3ako2o6wx2x5vuzthl7mdepjvgmt5rusypaqwpjqusntcc6rq",
            "route_table_id": "ocid1.routetable.oc1.uk-london-1.aaaaaaaalss3ako2o6wx2x5vuzthl7mdepjvgmt5rusypaqwpjqusntcc6rq",
            "subnet_id": "ocid1.subnet.oc1.uk-london-1.aaaaaaaazkv2g7wihwbjht7g5rjnbqnuubkqbnd5rf5rdj4fvfvqmiojytna",
            "timeouts": null
          },
          "sensitive_attributes": [],
          "private": "eyJlMmJmYjczMC1lY2FhLTExZTYtOGY4OC0zNDM2M2JjN2M0YzAiOnsiY3JlYXRlIjoxMjAwMDAwMDAwMDAwLCJkZWxldGUiOjEyMDAwMDAwMDAwMDAsInVwZGF0ZSI6MTIwMDAwMDAwMDAwMH19",
          "dependencies": [
            "data.oci_identity_region_subscriptions.home_region_subscriptions",
            "oci_core_nat_gateway.vcn01_nat_gateway",
            "oci_core_route_table.vnc01_nat_route_table",
            "oci_core_subnet.vcn01_subnet_app01",
            "oci_core_vcn.vcn01",
            "oci_identity_tag.ArchitectureCenterTag",
            "oci_identity_tag_namespace.ArchitectureCenterTagNamespace",
            "random_id.tag"
          ]
        }
      ]
    },
    {
      "mode": "managed",
      "type": "oci_core_route_table_attachment",
      "name": "vcn01_subnet_db01_route_table_attachment",
      "provider": "provider[\"registry.terraform.io/hashicorp/oci\"]",
      "instances": [
        {
          "schema_version": 0,
          "attributes": {
            "id": "ocid1.subnet.oc1.uk-london-1.aaaaaaaa6v4xvgp6ut5grp7s6r4fwqefoeefkyjx37w5fxrpbe2b2x5o35fq/ocid1.routetable.oc1.uk-london-1.aaaaaaaalss3ako2o6wx2x5vuzthl7mdepjvgmt5rusypaqwpjqusntcc6rq",
            "route_table_id": "ocid1.routetable.oc1.uk-london-1.aaaaaaaalss3ako2o6wx2x5vuzthl7mdepjvgmt5rusypaqwpjqusntcc6rq",
            "subnet_id": "ocid1.subnet.oc1.uk-london-1.aaaaaaaa6v4xvgp6ut5grp7s6r4fwqefoeefkyjx37w5fxrpbe2b2x5o35fq",
            "timeouts": null
          },
          "sensitive_attributes": [],
          "private": "eyJlMmJmYjczMC1lY2FhLTExZTYtOGY4OC0zNDM2M2JjN2M0YzAiOnsiY3JlYXRlIjoxMjAwMDAwMDAwMDAwLCJkZWxldGUiOjEyMDAwMDAwMDAwMDAsInVwZGF0ZSI6MTIwMDAwMDAwMDAwMH19",
          "dependencies": [
            "data.oci_identity_region_subscriptions.home_region_subscriptions",
            "oci_core_nat_gateway.vcn01_nat_gateway",
            "oci_core_route_table.vnc01_nat_route_table",
            "oci_core_security_list.vcn01_db_security_list",
            "oci_core_subnet.vcn01_subnet_db01",
            "oci_core_vcn.vcn01",
            "oci_identity_tag.ArchitectureCenterTag",
            "oci_identity_tag_namespace.ArchitectureCenterTagNamespace",
            "random_id.tag"
          ]
        }
      ]
    },
    {
      "mode": "managed",
      "type": "oci_core_security_list",
      "name": "vcn01_db_security_list",
      "provider": "provider[\"registry.terraform.io/hashicorp/oci\"]",
      "instances": [
        {
          "schema_version": 0,
          "attributes": {
            "compartment_id": "ocid1.tenancy.oc1..aaaaaaaawxhxnvqcnahx74civwly2duq4gfytiw2inngqg2tbcflgl56ytmq",
            "defined_tags": {
              "ArchitectureCenter\\deploy-tomcat-adb-38d2.release": "1.4",
              "Oracle-Tags.CreatedBy": "oracleidentitycloudservice/amish.jain@oracle.com",
              "Oracle-Tags.CreatedOn": "2021-10-14T19:12:22.919Z"
            },
            "display_name": "MDSSecureList",
            "egress_security_rules": [
              {
                "description": "",
                "destination": "0.0.0.0/0",
                "destination_type": "CIDR_BLOCK",
                "icmp_options": [],
                "protocol": "all",
                "stateless": false,
                "tcp_options": [],
                "udp_options": []
              }
            ],
            "freeform_tags": {},
            "id": "ocid1.securitylist.oc1.uk-london-1.aaaaaaaafrptata6svfrzjep6r7uu2ogvmmg3z4rftfnyxyjuzmetkunwvma",
            "ingress_security_rules": [
              {
                "description": "",
                "icmp_options": [],
                "protocol": "6",
                "source": "0.0.0.0/0",
                "source_type": "CIDR_BLOCK",
                "stateless": false,
                "tcp_options": [
                  {
                    "max": 33060,
                    "min": 33060,
                    "source_port_range": []
                  }
                ],
                "udp_options": []
              },
              {
                "description": "",
                "icmp_options": [],
                "protocol": "6",
                "source": "0.0.0.0/0",
                "source_type": "CIDR_BLOCK",
                "stateless": false,
                "tcp_options": [
                  {
                    "max": 3306,
                    "min": 3306,
                    "source_port_range": []
                  }
                ],
                "udp_options": []
              }
            ],
            "state": "AVAILABLE",
            "time_created": "2021-10-14 19:12:23 +0000 UTC",
            "timeouts": null,
            "vcn_id": "ocid1.vcn.oc1.uk-london-1.amaaaaaafacedtiabva5lttzd7jnxezwp7szygjlxfi5otalq5aweilfn2la"
          },
          "sensitive_attributes": [],
          "private": "eyJlMmJmYjczMC1lY2FhLTExZTYtOGY4OC0zNDM2M2JjN2M0YzAiOnsiY3JlYXRlIjoxMjAwMDAwMDAwMDAwLCJkZWxldGUiOjEyMDAwMDAwMDAwMDAsInVwZGF0ZSI6MTIwMDAwMDAwMDAwMH19",
          "dependencies": [
            "data.oci_identity_region_subscriptions.home_region_subscriptions",
            "oci_core_vcn.vcn01",
            "oci_identity_tag.ArchitectureCenterTag",
            "oci_identity_tag_namespace.ArchitectureCenterTagNamespace",
            "random_id.tag"
          ]
        }
      ]
    },
    {
      "mode": "managed",
      "type": "oci_core_subnet",
      "name": "vcn01_subnet_app01",
      "provider": "provider[\"registry.terraform.io/hashicorp/oci\"]",
      "instances": [
        {
          "schema_version": 0,
          "attributes": {
            "availability_domain": null,
            "cidr_block": "10.0.10.0/24",
            "compartment_id": "ocid1.tenancy.oc1..aaaaaaaawxhxnvqcnahx74civwly2duq4gfytiw2inngqg2tbcflgl56ytmq",
            "defined_tags": {
              "ArchitectureCenter\\deploy-tomcat-adb-38d2.release": "1.4",
              "Oracle-Tags.CreatedBy": "oracleidentitycloudservice/amish.jain@oracle.com",
              "Oracle-Tags.CreatedOn": "2021-10-14T19:12:22.942Z"
            },
            "dhcp_options_id": "ocid1.dhcpoptions.oc1.uk-london-1.aaaaaaaappgrvbijtijp6ozzobxoloqlrq2mxxkv2ytyp7bmnopvobmhz7dq",
            "display_name": "vcn01_subnet_app01",
            "dns_label": null,
            "freeform_tags": {},
            "id": "ocid1.subnet.oc1.uk-london-1.aaaaaaaazkv2g7wihwbjht7g5rjnbqnuubkqbnd5rf5rdj4fvfvqmiojytna",
            "ipv6cidr_block": null,
            "ipv6virtual_router_ip": null,
            "prohibit_internet_ingress": true,
            "prohibit_public_ip_on_vnic": true,
            "route_table_id": "ocid1.routetable.oc1.uk-london-1.aaaaaaaapfijlxsray6glm7ya3irua5yruow2g6syenbsyngbgubeaayzelq",
            "security_list_ids": [
              "ocid1.securitylist.oc1.uk-london-1.aaaaaaaabnzaxfgtu4zzxoasyuufcfs34japze5idolfcssx6ivki3ltfjnq"
            ],
            "state": "AVAILABLE",
            "subnet_domain_name": null,
            "time_created": "2021-10-14 19:12:22.973 +0000 UTC",
            "timeouts": null,
            "vcn_id": "ocid1.vcn.oc1.uk-london-1.amaaaaaafacedtiabva5lttzd7jnxezwp7szygjlxfi5otalq5aweilfn2la",
            "virtual_router_ip": "10.0.10.1",
            "virtual_router_mac": "00:00:17:BB:8B:4F"
          },
          "sensitive_attributes": [],
          "private": "eyJlMmJmYjczMC1lY2FhLTExZTYtOGY4OC0zNDM2M2JjN2M0YzAiOnsiY3JlYXRlIjoxMjAwMDAwMDAwMDAwLCJkZWxldGUiOjEyMDAwMDAwMDAwMDAsInVwZGF0ZSI6MTIwMDAwMDAwMDAwMH19",
          "dependencies": [
            "data.oci_identity_region_subscriptions.home_region_subscriptions",
            "oci_core_vcn.vcn01",
            "oci_identity_tag.ArchitectureCenterTag",
            "oci_identity_tag_namespace.ArchitectureCenterTagNamespace",
            "random_id.tag"
          ]
        }
      ]
    },
    {
      "mode": "managed",
      "type": "oci_core_subnet",
      "name": "vcn01_subnet_db01",
      "provider": "provider[\"registry.terraform.io/hashicorp/oci\"]",
      "instances": [
        {
          "schema_version": 0,
          "attributes": {
            "availability_domain": null,
            "cidr_block": "10.0.20.0/24",
            "compartment_id": "ocid1.tenancy.oc1..aaaaaaaawxhxnvqcnahx74civwly2duq4gfytiw2inngqg2tbcflgl56ytmq",
            "defined_tags": {
              "ArchitectureCenter\\deploy-tomcat-adb-38d2.release": "1.4",
              "Oracle-Tags.CreatedBy": "oracleidentitycloudservice/amish.jain@oracle.com",
              "Oracle-Tags.CreatedOn": "2021-10-14T19:12:24.054Z"
            },
            "dhcp_options_id": "ocid1.dhcpoptions.oc1.uk-london-1.aaaaaaaappgrvbijtijp6ozzobxoloqlrq2mxxkv2ytyp7bmnopvobmhz7dq",
            "display_name": "vcn01_subnet_db01",
            "dns_label": "dbsubnet",
            "freeform_tags": {},
            "id": "ocid1.subnet.oc1.uk-london-1.aaaaaaaa6v4xvgp6ut5grp7s6r4fwqefoeefkyjx37w5fxrpbe2b2x5o35fq",
            "ipv6cidr_block": null,
            "ipv6virtual_router_ip": null,
            "prohibit_internet_ingress": true,
            "prohibit_public_ip_on_vnic": true,
            "route_table_id": "ocid1.routetable.oc1.uk-london-1.aaaaaaaapfijlxsray6glm7ya3irua5yruow2g6syenbsyngbgubeaayzelq",
            "security_list_ids": [
              "ocid1.securitylist.oc1.uk-london-1.aaaaaaaafrptata6svfrzjep6r7uu2ogvmmg3z4rftfnyxyjuzmetkunwvma"
            ],
            "state": "AVAILABLE",
            "subnet_domain_name": "dbsubnet.vcn01.oraclevcn.com",
            "time_created": "2021-10-14 19:12:24.093 +0000 UTC",
            "timeouts": null,
            "vcn_id": "ocid1.vcn.oc1.uk-london-1.amaaaaaafacedtiabva5lttzd7jnxezwp7szygjlxfi5otalq5aweilfn2la",
            "virtual_router_ip": "10.0.20.1",
            "virtual_router_mac": "00:00:17:BB:8B:4F"
          },
          "sensitive_attributes": [],
          "private": "eyJlMmJmYjczMC1lY2FhLTExZTYtOGY4OC0zNDM2M2JjN2M0YzAiOnsiY3JlYXRlIjoxMjAwMDAwMDAwMDAwLCJkZWxldGUiOjEyMDAwMDAwMDAwMDAsInVwZGF0ZSI6MTIwMDAwMDAwMDAwMH19",
          "dependencies": [
            "data.oci_identity_region_subscriptions.home_region_subscriptions",
            "oci_core_security_list.vcn01_db_security_list",
            "oci_core_vcn.vcn01",
            "oci_identity_tag.ArchitectureCenterTag",
            "oci_identity_tag_namespace.ArchitectureCenterTagNamespace",
            "random_id.tag"
          ]
        }
      ]
    },
    {
      "mode": "managed",
      "type": "oci_core_subnet",
      "name": "vcn01_subnet_pub01",
      "provider": "provider[\"registry.terraform.io/hashicorp/oci\"]",
      "instances": [
        {
          "schema_version": 0,
          "attributes": {
            "availability_domain": null,
            "cidr_block": "10.0.1.0/24",
            "compartment_id": "ocid1.tenancy.oc1..aaaaaaaawxhxnvqcnahx74civwly2duq4gfytiw2inngqg2tbcflgl56ytmq",
            "defined_tags": {
              "ArchitectureCenter\\deploy-tomcat-adb-38d2.release": "1.4",
              "Oracle-Tags.CreatedBy": "oracleidentitycloudservice/amish.jain@oracle.com",
              "Oracle-Tags.CreatedOn": "2021-10-14T19:12:22.942Z"
            },
            "dhcp_options_id": "ocid1.dhcpoptions.oc1.uk-london-1.aaaaaaaappgrvbijtijp6ozzobxoloqlrq2mxxkv2ytyp7bmnopvobmhz7dq",
            "display_name": "vcn01_subnet_pub01",
            "dns_label": null,
            "freeform_tags": {},
            "id": "ocid1.subnet.oc1.uk-london-1.aaaaaaaat3cy4qbxfdiedy4vzaicarksnfaxh33wfgspwrhqq6iy5yrmxt2a",
            "ipv6cidr_block": null,
            "ipv6virtual_router_ip": null,
            "prohibit_internet_ingress": false,
            "prohibit_public_ip_on_vnic": false,
            "route_table_id": "ocid1.routetable.oc1.uk-london-1.aaaaaaaapfijlxsray6glm7ya3irua5yruow2g6syenbsyngbgubeaayzelq",
            "security_list_ids": [
              "ocid1.securitylist.oc1.uk-london-1.aaaaaaaabnzaxfgtu4zzxoasyuufcfs34japze5idolfcssx6ivki3ltfjnq"
            ],
            "state": "AVAILABLE",
            "subnet_domain_name": null,
            "time_created": "2021-10-14 19:12:24.466 +0000 UTC",
            "timeouts": null,
            "vcn_id": "ocid1.vcn.oc1.uk-london-1.amaaaaaafacedtiabva5lttzd7jnxezwp7szygjlxfi5otalq5aweilfn2la",
            "virtual_router_ip": "10.0.1.1",
            "virtual_router_mac": "00:00:17:BB:8B:4F"
          },
          "sensitive_attributes": [],
          "private": "eyJlMmJmYjczMC1lY2FhLTExZTYtOGY4OC0zNDM2M2JjN2M0YzAiOnsiY3JlYXRlIjoxMjAwMDAwMDAwMDAwLCJkZWxldGUiOjEyMDAwMDAwMDAwMDAsInVwZGF0ZSI6MTIwMDAwMDAwMDAwMH19",
          "dependencies": [
            "data.oci_identity_region_subscriptions.home_region_subscriptions",
            "oci_core_vcn.vcn01",
            "oci_identity_tag.ArchitectureCenterTag",
            "oci_identity_tag_namespace.ArchitectureCenterTagNamespace",
            "random_id.tag"
          ]
        }
      ]
    },
    {
      "mode": "managed",
      "type": "oci_core_subnet",
      "name": "vcn01_subnet_pub02",
      "provider": "provider[\"registry.terraform.io/hashicorp/oci\"]",
      "instances": [
        {
          "schema_version": 0,
          "attributes": {
            "availability_domain": null,
            "cidr_block": "10.0.2.0/24",
            "compartment_id": "ocid1.tenancy.oc1..aaaaaaaawxhxnvqcnahx74civwly2duq4gfytiw2inngqg2tbcflgl56ytmq",
            "defined_tags": {
              "ArchitectureCenter\\deploy-tomcat-adb-38d2.release": "1.4",
              "Oracle-Tags.CreatedBy": "oracleidentitycloudservice/amish.jain@oracle.com",
              "Oracle-Tags.CreatedOn": "2021-10-14T19:12:22.954Z"
            },
            "dhcp_options_id": "ocid1.dhcpoptions.oc1.uk-london-1.aaaaaaaappgrvbijtijp6ozzobxoloqlrq2mxxkv2ytyp7bmnopvobmhz7dq",
            "display_name": "vcn01_subnet_pub02",
            "dns_label": null,
            "freeform_tags": {},
            "id": "ocid1.subnet.oc1.uk-london-1.aaaaaaaa4p7xgydaejgntw5odvdwgzxf32oiuzzbsue5ulhzmqwzczfuq77a",
            "ipv6cidr_block": null,
            "ipv6virtual_router_ip": null,
            "prohibit_internet_ingress": false,
            "prohibit_public_ip_on_vnic": false,
            "route_table_id": "ocid1.routetable.oc1.uk-london-1.aaaaaaaapfijlxsray6glm7ya3irua5yruow2g6syenbsyngbgubeaayzelq",
            "security_list_ids": [
              "ocid1.securitylist.oc1.uk-london-1.aaaaaaaabnzaxfgtu4zzxoasyuufcfs34japze5idolfcssx6ivki3ltfjnq"
            ],
            "state": "AVAILABLE",
            "subnet_domain_name": null,
            "time_created": "2021-10-14 19:12:23.346 +0000 UTC",
            "timeouts": null,
            "vcn_id": "ocid1.vcn.oc1.uk-london-1.amaaaaaafacedtiabva5lttzd7jnxezwp7szygjlxfi5otalq5aweilfn2la",
            "virtual_router_ip": "10.0.2.1",
            "virtual_router_mac": "00:00:17:BB:8B:4F"
          },
          "sensitive_attributes": [],
          "private": "eyJlMmJmYjczMC1lY2FhLTExZTYtOGY4OC0zNDM2M2JjN2M0YzAiOnsiY3JlYXRlIjoxMjAwMDAwMDAwMDAwLCJkZWxldGUiOjEyMDAwMDAwMDAwMDAsInVwZGF0ZSI6MTIwMDAwMDAwMDAwMH19",
          "dependencies": [
            "data.oci_identity_region_subscriptions.home_region_subscriptions",
            "oci_core_vcn.vcn01",
            "oci_identity_tag.ArchitectureCenterTag",
            "oci_identity_tag_namespace.ArchitectureCenterTagNamespace",
            "random_id.tag"
          ]
        }
      ]
    },
    {
      "mode": "managed",
      "type": "oci_core_vcn",
      "name": "vcn01",
      "provider": "provider[\"registry.terraform.io/hashicorp/oci\"]",
      "instances": [
        {
          "schema_version": 0,
          "attributes": {
            "cidr_block": "10.0.0.0/16",
            "cidr_blocks": [
              "10.0.0.0/16"
            ],
            "compartment_id": "ocid1.tenancy.oc1..aaaaaaaawxhxnvqcnahx74civwly2duq4gfytiw2inngqg2tbcflgl56ytmq",
            "default_dhcp_options_id": "ocid1.dhcpoptions.oc1.uk-london-1.aaaaaaaappgrvbijtijp6ozzobxoloqlrq2mxxkv2ytyp7bmnopvobmhz7dq",
            "default_route_table_id": "ocid1.routetable.oc1.uk-london-1.aaaaaaaapfijlxsray6glm7ya3irua5yruow2g6syenbsyngbgubeaayzelq",
            "default_security_list_id": "ocid1.securitylist.oc1.uk-london-1.aaaaaaaabnzaxfgtu4zzxoasyuufcfs34japze5idolfcssx6ivki3ltfjnq",
            "defined_tags": {
              "ArchitectureCenter\\deploy-tomcat-adb-38d2.release": "1.4",
              "Oracle-Tags.CreatedBy": "oracleidentitycloudservice/amish.jain@oracle.com",
              "Oracle-Tags.CreatedOn": "2021-10-14T19:12:21.293Z"
            },
            "display_name": "vcn01",
            "dns_label": "vcn01",
            "freeform_tags": {},
            "id": "ocid1.vcn.oc1.uk-london-1.amaaaaaafacedtiabva5lttzd7jnxezwp7szygjlxfi5otalq5aweilfn2la",
            "ipv6cidr_blocks": [],
            "is_ipv6enabled": false,
            "state": "AVAILABLE",
            "time_created": "2021-10-14 19:12:21.467 +0000 UTC",
            "timeouts": null,
            "vcn_domain_name": "vcn01.oraclevcn.com"
          },
          "sensitive_attributes": [],
          "private": "eyJlMmJmYjczMC1lY2FhLTExZTYtOGY4OC0zNDM2M2JjN2M0YzAiOnsiY3JlYXRlIjoxMjAwMDAwMDAwMDAwLCJkZWxldGUiOjEyMDAwMDAwMDAwMDAsInVwZGF0ZSI6MTIwMDAwMDAwMDAwMH19",
          "dependencies": [
            "data.oci_identity_region_subscriptions.home_region_subscriptions",
            "oci_identity_tag.ArchitectureCenterTag",
            "oci_identity_tag_namespace.ArchitectureCenterTagNamespace",
            "random_id.tag"
          ]
        }
      ]
    },
    {
      "mode": "managed",
      "type": "oci_database_autonomous_database",
      "name": "ATPdatabase",
      "provider": "provider[\"registry.terraform.io/hashicorp/oci\"]",
      "instances": [
        {
          "schema_version": 0,
          "attributes": {
            "admin_password": "CcB51rjgUJlu",
            "apex_details": [
              {
                "apex_version": "21.1.3",
                "ords_version": "21.3.0.266.1100"
              }
            ],
            "are_primary_whitelisted_ips_used": null,
            "autonomous_container_database_id": null,
            "autonomous_database_backup_id": null,
            "autonomous_database_id": null,
            "autonomous_maintenance_schedule_type": "REGULAR",
            "available_upgrade_versions": [],
            "backup_config": [
              {
                "manual_backup_bucket_name": "",
                "manual_backup_type": "NONE"
              }
            ],
            "clone_type": null,
            "compartment_id": "ocid1.tenancy.oc1..aaaaaaaawxhxnvqcnahx74civwly2duq4gfytiw2inngqg2tbcflgl56ytmq",
            "connection_strings": [
              {
                "all_connection_strings": {
                  "HIGH": "adb.uk-london-1.oraclecloud.com:1522/g979e80b33720d6_atpdb_high.adb.oraclecloud.com",
                  "LOW": "adb.uk-london-1.oraclecloud.com:1522/g979e80b33720d6_atpdb_low.adb.oraclecloud.com",
                  "MEDIUM": "adb.uk-london-1.oraclecloud.com:1522/g979e80b33720d6_atpdb_medium.adb.oraclecloud.com",
                  "TP": "adb.uk-london-1.oraclecloud.com:1522/g979e80b33720d6_atpdb_tp.adb.oraclecloud.com",
                  "TPURGENT": "adb.uk-london-1.oraclecloud.com:1522/g979e80b33720d6_atpdb_tpurgent.adb.oraclecloud.com"
                },
                "dedicated": "",
                "high": "adb.uk-london-1.oraclecloud.com:1522/g979e80b33720d6_atpdb_high.adb.oraclecloud.com",
                "low": "adb.uk-london-1.oraclecloud.com:1522/g979e80b33720d6_atpdb_low.adb.oraclecloud.com",
                "medium": "adb.uk-london-1.oraclecloud.com:1522/g979e80b33720d6_atpdb_medium.adb.oraclecloud.com",
                "profiles": [
                  {
                    "consumer_group": "HIGH",
                    "display_name": "atpdb_high",
                    "host_format": "FQDN",
                    "protocol": "TCPS",
                    "session_mode": "DIRECT",
                    "syntax_format": "LONG",
                    "tls_authentication": "SERVER",
                    "value": "(description= (retry_count=20)(retry_delay=3)(address=(protocol=tcps)(port=1521)(host=adb.uk-london-1.oraclecloud.com))(connect_data=(service_name=g979e80b33720d6_atpdb_high.adb.oraclecloud.com))(security=(ssl_server_cert_dn=\"CN=adwc.eucom-central-1.oraclecloud.com, OU=Oracle BMCS FRANKFURT, O=Oracle Corporation, L=Redwood City, ST=California, C=US\")))"
                  },
                  {
                    "consumer_group": "LOW",
                    "display_name": "atpdb_low",
                    "host_format": "FQDN",
                    "protocol": "TCPS",
                    "session_mode": "DIRECT",
                    "syntax_format": "LONG",
                    "tls_authentication": "SERVER",
                    "value": "(description= (retry_count=20)(retry_delay=3)(address=(protocol=tcps)(port=1521)(host=adb.uk-london-1.oraclecloud.com))(connect_data=(service_name=g979e80b33720d6_atpdb_low.adb.oraclecloud.com))(security=(ssl_server_cert_dn=\"CN=adwc.eucom-central-1.oraclecloud.com, OU=Oracle BMCS FRANKFURT, O=Oracle Corporation, L=Redwood City, ST=California, C=US\")))"
                  },
                  {
                    "consumer_group": "MEDIUM",
                    "display_name": "atpdb_medium",
                    "host_format": "FQDN",
                    "protocol": "TCPS",
                    "session_mode": "DIRECT",
                    "syntax_format": "LONG",
                    "tls_authentication": "SERVER",
                    "value": "(description= (retry_count=20)(retry_delay=3)(address=(protocol=tcps)(port=1521)(host=adb.uk-london-1.oraclecloud.com))(connect_data=(service_name=g979e80b33720d6_atpdb_medium.adb.oraclecloud.com))(security=(ssl_server_cert_dn=\"CN=adwc.eucom-central-1.oraclecloud.com, OU=Oracle BMCS FRANKFURT, O=Oracle Corporation, L=Redwood City, ST=California, C=US\")))"
                  },
                  {
                    "consumer_group": "TP",
                    "display_name": "atpdb_tp",
                    "host_format": "FQDN",
                    "protocol": "TCPS",
                    "session_mode": "DIRECT",
                    "syntax_format": "LONG",
                    "tls_authentication": "SERVER",
                    "value": "(description= (retry_count=20)(retry_delay=3)(address=(protocol=tcps)(port=1521)(host=adb.uk-london-1.oraclecloud.com))(connect_data=(service_name=g979e80b33720d6_atpdb_tp.adb.oraclecloud.com))(security=(ssl_server_cert_dn=\"CN=adwc.eucom-central-1.oraclecloud.com, OU=Oracle BMCS FRANKFURT, O=Oracle Corporation, L=Redwood City, ST=California, C=US\")))"
                  },
                  {
                    "consumer_group": "TPURGENT",
                    "display_name": "atpdb_tpurgent",
                    "host_format": "FQDN",
                    "protocol": "TCPS",
                    "session_mode": "DIRECT",
                    "syntax_format": "LONG",
                    "tls_authentication": "SERVER",
                    "value": "(description= (retry_count=20)(retry_delay=3)(address=(protocol=tcps)(port=1521)(host=adb.uk-london-1.oraclecloud.com))(connect_data=(service_name=g979e80b33720d6_atpdb_tpurgent.adb.oraclecloud.com))(security=(ssl_server_cert_dn=\"CN=adwc.eucom-central-1.oraclecloud.com, OU=Oracle BMCS FRANKFURT, O=Oracle Corporation, L=Redwood City, ST=California, C=US\")))"
                  },
                  {
                    "consumer_group": "HIGH",
                    "display_name": "atpdb_high",
                    "host_format": "FQDN",
                    "protocol": "TCPS",
                    "session_mode": "DIRECT",
                    "syntax_format": "LONG",
                    "tls_authentication": "MUTUAL",
                    "value": "(description= (retry_count=20)(retry_delay=3)(address=(protocol=tcps)(port=1522)(host=adb.uk-london-1.oraclecloud.com))(connect_data=(service_name=g979e80b33720d6_atpdb_high.adb.oraclecloud.com))(security=(ssl_server_cert_dn=\"CN=adwc.eucom-central-1.oraclecloud.com, OU=Oracle BMCS FRANKFURT, O=Oracle Corporation, L=Redwood City, ST=California, C=US\")))"
                  },
                  {
                    "consumer_group": "LOW",
                    "display_name": "atpdb_low",
                    "host_format": "FQDN",
                    "protocol": "TCPS",
                    "session_mode": "DIRECT",
                    "syntax_format": "LONG",
                    "tls_authentication": "MUTUAL",
                    "value": "(description= (retry_count=20)(retry_delay=3)(address=(protocol=tcps)(port=1522)(host=adb.uk-london-1.oraclecloud.com))(connect_data=(service_name=g979e80b33720d6_atpdb_low.adb.oraclecloud.com))(security=(ssl_server_cert_dn=\"CN=adwc.eucom-central-1.oraclecloud.com, OU=Oracle BMCS FRANKFURT, O=Oracle Corporation, L=Redwood City, ST=California, C=US\")))"
                  },
                  {
                    "consumer_group": "MEDIUM",
                    "display_name": "atpdb_medium",
                    "host_format": "FQDN",
                    "protocol": "TCPS",
                    "session_mode": "DIRECT",
                    "syntax_format": "LONG",
                    "tls_authentication": "MUTUAL",
                    "value": "(description= (retry_count=20)(retry_delay=3)(address=(protocol=tcps)(port=1522)(host=adb.uk-london-1.oraclecloud.com))(connect_data=(service_name=g979e80b33720d6_atpdb_medium.adb.oraclecloud.com))(security=(ssl_server_cert_dn=\"CN=adwc.eucom-central-1.oraclecloud.com, OU=Oracle BMCS FRANKFURT, O=Oracle Corporation, L=Redwood City, ST=California, C=US\")))"
                  },
                  {
                    "consumer_group": "TP",
                    "display_name": "atpdb_tp",
                    "host_format": "FQDN",
                    "protocol": "TCPS",
                    "session_mode": "DIRECT",
                    "syntax_format": "LONG",
                    "tls_authentication": "MUTUAL",
                    "value": "(description= (retry_count=20)(retry_delay=3)(address=(protocol=tcps)(port=1522)(host=adb.uk-london-1.oraclecloud.com))(connect_data=(service_name=g979e80b33720d6_atpdb_tp.adb.oraclecloud.com))(security=(ssl_server_cert_dn=\"CN=adwc.eucom-central-1.oraclecloud.com, OU=Oracle BMCS FRANKFURT, O=Oracle Corporation, L=Redwood City, ST=California, C=US\")))"
                  },
                  {
                    "consumer_group": "TPURGENT",
                    "display_name": "atpdb_tpurgent",
                    "host_format": "FQDN",
                    "protocol": "TCPS",
                    "session_mode": "DIRECT",
                    "syntax_format": "LONG",
                    "tls_authentication": "MUTUAL",
                    "value": "(description= (retry_count=20)(retry_delay=3)(address=(protocol=tcps)(port=1522)(host=adb.uk-london-1.oraclecloud.com))(connect_data=(service_name=g979e80b33720d6_atpdb_tpurgent.adb.oraclecloud.com))(security=(ssl_server_cert_dn=\"CN=adwc.eucom-central-1.oraclecloud.com, OU=Oracle BMCS FRANKFURT, O=Oracle Corporation, L=Redwood City, ST=California, C=US\")))"
                  }
                ]
              }
            ],
            "connection_urls": [
              {
                "apex_url": "https://G979E80B33720D6-ATPDB.adb.uk-london-1.oraclecloudapps.com/ords/apex",
                "graph_studio_url": "https://G979E80B33720D6-ATPDB.adb.uk-london-1.oraclecloudapps.com/graphstudio/",
                "machine_learning_user_management_url": "https://G979E80B33720D6-ATPDB.adb.uk-london-1.oraclecloudapps.com/omlusers/",
                "sql_dev_web_url": "https://G979E80B33720D6-ATPDB.adb.uk-london-1.oraclecloudapps.com/ords/sql-developer"
              }
            ],
            "cpu_core_count": 2,
            "customer_contacts": [],
            "data_safe_status": "NOT_REGISTERED",
            "data_storage_size_in_gb": 1024,
            "data_storage_size_in_tbs": 1,
            "db_name": "ATPDB",
            "db_version": "19c",
            "db_workload": "OLTP",
            "defined_tags": {
              "ArchitectureCenter\\deploy-tomcat-adb-38d2.release": "1.4",
              "Oracle-Tags.CreatedBy": "oracleidentitycloudservice/amish.jain@oracle.com",
              "Oracle-Tags.CreatedOn": "2021-10-14T19:12:28.876Z"
            },
            "display_name": "TomcatATP",
            "failed_data_recovery_in_seconds": null,
            "freeform_tags": {
              "Owner": "ATP"
            },
            "id": "ocid1.autonomousdatabase.oc1.uk-london-1.anwgiljrfacedtiaadhs63bppzul3jqjwv2virzyi7o53eudgfojar3ivuta",
            "infrastructure_type": "",
            "is_access_control_enabled": null,
            "is_auto_scaling_enabled": true,
            "is_data_guard_enabled": false,
            "is_dedicated": false,
            "is_free_tier": false,
            "is_mtls_connection_required": false,
            "is_preview": false,
            "is_preview_version_with_service_terms_accepted": null,
            "is_refreshable_clone": null,
            "key_history_entry": [
              {
                "id": "ORACLE_MANAGED_KEY",
                "time_activated": "2021-10-14 19:13:13.847 +0000 UTC",
                "vault_id": ""
              }
            ],
            "key_store_id": null,
            "key_store_wallet_name": null,
            "kms_key_id": "ORACLE_MANAGED_KEY",
            "kms_key_lifecycle_details": null,
            "license_model": "LICENSE_INCLUDED",
            "lifecycle_details": null,
            "nsg_ids": [],
            "ocpu_count": null,
            "open_mode": "READ_WRITE",
            "operations_insights_status": "NOT_ENABLED",
            "permission_level": "UNRESTRICTED",
            "private_endpoint": null,
            "private_endpoint_ip": null,
            "private_endpoint_label": null,
            "refreshable_mode": null,
            "refreshable_status": "",
            "role": "",
            "rotate_key_trigger": null,
            "service_console_url": "https://adb.uk-london-1.oraclecloud.com/console/index.html?tenant_name=OCID1.TENANCY.OC1..AAAAAAAAWXHXNVQCNAHX74CIVWLY2DUQ4GFYTIW2INNGQG2TBCFLGL56YTMQ\u0026database_name=ATPDB\u0026service_type=ATP",
            "source": null,
            "source_id": null,
            "standby_db": [],
            "standby_whitelisted_ips": [],
            "state": "AVAILABLE",
            "subnet_id": null,
            "switchover_to": null,
            "system_tags": {},
            "time_created": "2021-10-14 19:12:28.884 +0000 UTC",
            "time_deletion_of_free_autonomous_database": null,
            "time_maintenance_begin": "2021-10-16 19:00:00 +0000 UTC",
            "time_maintenance_end": "2021-10-16 21:00:00 +0000 UTC",
            "time_of_last_failover": null,
            "time_of_last_refresh": null,
            "time_of_last_refresh_point": null,
            "time_of_last_switchover": null,
            "time_of_next_refresh": null,
            "time_reclamation_of_free_autonomous_database": null,
            "timeouts": null,
            "timestamp": null,
            "used_data_storage_size_in_tbs": null,
            "vault_id": null,
            "whitelisted_ips": [
              "0.0.0.0/0"
            ]
          },
          "sensitive_attributes": [],
          "private": "eyJlMmJmYjczMC1lY2FhLTExZTYtOGY4OC0zNDM2M2JjN2M0YzAiOnsiY3JlYXRlIjo0MzIwMDAwMDAwMDAwMCwiZGVsZXRlIjo0MzIwMDAwMDAwMDAwMCwidXBkYXRlIjo0MzIwMDAwMDAwMDAwMH19",
          "dependencies": [
            "data.oci_identity_region_subscriptions.home_region_subscriptions",
            "oci_core_network_security_group.ATPSecurityGroup",
            "oci_core_security_list.vcn01_db_security_list",
            "oci_core_subnet.vcn01_subnet_db01",
            "oci_core_vcn.vcn01",
            "oci_identity_tag.ArchitectureCenterTag",
            "oci_identity_tag_namespace.ArchitectureCenterTagNamespace",
            "random_id.tag"
          ]
        }
      ]
    },
    {
      "mode": "managed",
      "type": "oci_database_autonomous_database_wallet",
      "name": "atp_wallet",
      "provider": "provider[\"registry.terraform.io/hashicorp/oci\"]",
      "instances": [
        {
          "schema_version": 0,
          "attributes": {
            "autonomous_database_id": "ocid1.autonomousdatabase.oc1.uk-london-1.anwgiljrfacedtiaadhs63bppzul3jqjwv2virzyi7o53eudgfojar3ivuta",
            "base64_encode_content": true,
            "content": "UEsDBBQACAgIAL2ZTlMAAAAAAAAAAAAAAAAGAAAAUkVBRE1FtVZdbxo5FH2fX3GlldpUGoaQr7aRVisKaUpFSbLQJnmqzIwBNx6b2h4I/fV7bM+QZLPJ9iU8gbGP78c55/qSSckdndwuhdlQnzmetP77k0wWwtI67l8zS4VeK6lZwQvSivZ29zqtzm6rc0Cd98ed/ePDd9nR7gF9nfQyHOU0Hg8p58aJmchxjaWl0SvhTwtF7j62kJK4D4jXwEcBeL8GPtjPOofvIvBAkTYFN+Q0sZUWBTG1IcvNSuQcwI4bUy2d0ArxVjxsUzV48e+QUtroisrKOjK81aSH2HgT2pTPNKIK0RY4kSVJt3Ja6VJX1lePTZnlNNFaWlxU0N/c6srk3D5V1UdVTrYo3TzE/ehkMkRUqU9CIpiUnGHKIq4ypVIXXKbhZiTEpJ77lIyPlWX0FaDIfnwxpLU2N3bBuUtpWgmJQE/Gk1ivGUO4AULqdSsHIrHl0gKcKTbnVKG68f9cK8VjkA2MX8ZuucHufCEUJ8mZUULNY2w2o6Sb4wJLQ6FujpNk4dzSHrfbp+/fvj95t/thf//t3m7/qNWdnPc/ZKyYZtVNS2pVaNXqZNqwXPJc6qrwQWW5LtsggG3bn7JV8BWXeslNkpwatlzQ2FWF0A8KmJwFBLq/ATE6G3qfG46uks2ZZFPsAkUB5zY0D9uLujXI4sF5Bg6UgdOeKwEERSE9q8/F1ENxhGqVvNSmhrQ0M7rcApPz1wJ+4LAzl1UBTKUdn2p9EwG2SVL3fOAvZI5ATr0OCYDf/JbnFZKIV/+suBEAqazvwfkper8TOdCS4ub+rg1JpuYVWvwmXKRXuONwNzTWtaDRuJXJuTbCLcpHRZBWI+WZZ0ehf3EoDgVYCVsxKX6FiqR1Uj4UhZVVc/+DXS9AkVjrEGc7aSjQBU+97n2r4H8GNz6j0mdO0U73/OTqDcEU2J1o6kaVXDlaSua8QmO7uApdbhoWldNwLoV75RVMhnsxLo2wUX/xaI7eTT02tL/hwe3WC274S8mKLfnttmBfakkPG0nDUAxWvS34NH/b43pRZoqv6Slo7zLE8lxXykXi1/ZTK6zAfQKUI5QVlBfW+VPPob2I9ZQyQLf/p0ajRsK/WaIn0e68oJ6exJnd+EL5vECmePA1/mfGzyyIimNYbB0N/rM1G1EuZWgciwMScgV/xdQwmAF+NIwvVkzlIFtXMblxIrevH7v7nS3QTi6ZtXGmBtEbPvcyCd8ZZiVQwGAXR0dKcAQLqgMFf1urc8HqmcKcM2LqzQyhauN8GCnNQJ4gkFtMvhrDiRKCssHrMBpdnr1JvcmldD5s+4HnGbStjfUZgzEoSpxYdWL46ffOKhWn2sswBmQZ1w+UHi7R8tGTK/milXAgNnQiWz63ECZeHVgMYQrl7SS6EJvqygVdVE40Jur755fqp1BKmBjBgVhRCgUgE/3XT5Km/eYej+7GjPOPmScr8UzOId88ZtgWquC32cKV8i8H/1Puu2Il//OsN+h3ssnJqDvqXWdnvU6WdevP5dWnq9G3i96o++nq7UFv8O1yeL3X/3pxcPrxejK43BuMRqcXp3uTD72Pw9Ph4dH15MvFq4bbET205VVdgu9uswxLKP9Zv0t9g/zNQ0Um46CJhvl9nVfBv+vcd/zB2uctnoOo8d0Q9u9D7+j+aYU3rFvQ5/HZCKMwYtjawAqabkJnmjsaNfojvpGK8zAg0QR4iydkRiHgIgZMDNxnKyaioL3/+cdbSp+xmMJqCp79gAjON8BTjQDio7D3ZB/X63Xdu9C2po5tqHShNB6SEBamwRK8aP+wGNK+lX9YXbA6rH8AUEsHCNJkC/VJBQAASQwAAFBLAwQUAAgICAC9mU5TAAAAAAAAAAAAAAAACwAAAGN3YWxsZXQuc3NvAdUZKuah+E42AAAABgAAACEGcsjdQ6dvcaTBLLoRWvfdiJtpVvTSd7emi910/nhkAlkwghmkAgEDMIIZagYJKoZIhvcNAQcBoIIZWwSCGVcwghlTMIIZTwYJKoZIhvcNAQcGoIIZQDCCGTwCAQAwghk1BgkqhkiG9w0BBwEwHAYKKoZIhvcNAQwBAzAOBAhJauAl/d0QOwICJxCAghkI5WzBzGL74qExtD75iaAVBBjNtMipjiyzcDdr1Rr0w3LXW9OcA4sWgNRV04+pdDsET+DZkPLLSnMLo8oePhxVbCWQoEBgxjn00aOPF/iq/9VE1T9Am8GOgtllM1LW4Oaghw5ofgjcwDOL+ufyzbT+uJ466YmxR6zhW65967D/Tv6qEmPI9DjXiidmgzpq7WdP6nGz2Xj7RQz43v9vJ7JKNdC/HIrZphRZvz/GG1jnB85JnE7MksxZGV9ijuid0mp2RPFmUm11XiBYctquMzaDDmB43Tp3CcgfWFcOrq55qXXKMxQGOU5A1u7RX7eFWKAk5ImaoeT0ksM/JwWkVSBzMmRPydHq9RiAfdrXvA6o238Pl5koJBNt++H8wj7xwMF7+Y/IBxKi5IxlDL98BusLp1Zli6y+FEPUzWm8UxTxX18eolNyk1m2wppcOJCsBcXhxOXdsTB6v4b4rFz1io4IwPV7FXaZ2LhVnWp5mwBrGrCU7vtQftY6E1QqPt2G0hXS0QzCWBBYmhxAuPHhT7mFX43i1plw9z1Yt2ngQyouqom0djMXnmG7eIqptmGs9UYD8kDXXzdE2njYjztJLhXKkSOR9sthIMukdI6uVKJztI1HGjqfpP7bPriKfPelvUOjcAphx5ByUHwsH6ESuF1B4HMVBI33rgFpB2xKvOr7ydPLwNtUPFej2e7uK8HbOEfTJ8uD/0i1UrohO0XSJUrPk09Q1JKyOCEwkQzzjYPtgCp4L68BCaVBz4ePOutjc+uI8YvKriRBXfmT4TAhD/tkdHfffLkJJ0c7NGYEVgwoptkmk0GDscYLlAU3IOkhBHayhSYYZcos3+TixIvqkERg49dfaY6tP1ocdhAqvpUROlImQX8h9sHq0L46CPsphdmQUOCmGXkIDpYNUFBtADfXo6nwb0KBU0hmKfGEF2VBEDQPwl0HZPjzlrvVcC8I2wH4k4jMCuR65NGyzxaPt+JZXxsfWUMCsVi059VISPHGEQGzm8AfD5+tfvke9RnIXortSXSwIclI9nw1Zz9U0cqDE+HIJfK48vrBK7viJFcrmd4OqOnJWC67DfxdyH8HONkiTilGNi/BxaQ76kTh8otuQU25nKe8TqhsUHUPk5TrmZqqhhhWrW+TtTFuLzmSdmNx/nubq5uZ1SXy/P4uKrLlNl/U17MQH5buliIPPt6oFYh4TrB4+r9xruxNd5r1RzzzmnT1ldlrX5P3Wc4eRPyELCArkZU5jQM4pptJQTwJYvHhB4ykqBp+U8KMEpVgjTd/mtYlgaqfFRqFRWK4M78+tsBa4HPW17dKzvM7H6IfkfPS5gLJ4TV2ZxHNVbzHt6fbICIIO24OM0F087VlpHrqVKmP+Gf4j5JbMW31Wnh9zIDYodAN2ALHXvD1fsUJe4aBi/Tr02sCqvMtK1u4dTGwrYRalBiTkWhh2BSSCH+xDkvfC5//iZ+2A0K9mhRUFO8k7EOl8vP8BSq3auAtYp1udrkJb1hwuUE8vuF2SVW3CJSPyvdbzQSOD70SfiDlS7LJACjSfHMnLRFpshGhk71s8yfDSctfjVKTJ8f9NeUaLnAX04476ow7srNclnf+Q8IqbInhgF5sxCRBqzuJFLqwFrzkmYqPFoqQdThE2jjJuRUI5jrsxS22YUCjmw7UH93UdhcnhCKYZI6Hx1SJbbOnBWezqRj6+V2YJcTXD/31+PVIRwYoHU+5uGKRl6euvh1YhS27II/B7pGeiWEccguDoAhnV0FrEF1qQDsscHMcyX8H7XnYNOxYQRTspBg8O+RVjfrQTVjozL0hEC7JxmMyAWvjB/BO+LfaRnFR9m6ej5wyCoJ8Z4NZRwQZHie+6a8R1bNyat5eJRj0SVlr6VA6l+ZOYtcOWa8LzGFXvO5j+SDqNRUkelTUTw495gxZeHhtHC05gRaZ4XUuY/p15/U+uV89VsyT6edmHyfZlB24AFVkxFrgMMaWTcmEzkYedjzPD1UZ4+2rqeY0IomgbrKPep0zBIw0I0It61Gb1Qo02PS8dcluV3X6geAwTF4U5Xy5VD9CpiMcmxbNUSP99L/zGmjONvdpV8HgcQQZL/lfKKvMyGAUyVH6jg9pFekmJQ9bc9llM+xOYP7Ww7kOvDII4qeEapc/+yoTvP9C5u/qCgmf3cq5JNuf5nXdthgL3SQih+ZD7dmeu3VQXI+WYBfinotvgcPFo88FvPyK00wQi6Q9wppdlHX5dK4nXSyUoLGdTaDj9ltlXVLYZHZIjDn8IekjtGIN5C2s1GTtUxnuEyPcNzC1eam2evYmfYjjd159eoAyD2fbKi26aiKBOvyVfzXpkIcXEK6SYVI88PIUmAJgUKDl5ZHzte+FAR9vTcJB9h+Yw39EZJUhHKzjzzfUScsPe+j9ANS6Nyra3peLnjcbFHqCKv6ZxU0PdswpbK1wiQast+JMeoTIn/moNIZNFRJg0n1JHWSC6qHumP94haD/IgJ5du6JeCAImTNZeWygEnOJo/UysTq52vHxG9bxqmsmcyh4zBkNLYRjDVQPm4eAWB8cgvbK3PUFNp0vZPxvmBJ9RZdJmB3mEYvf3Dvihm0CvBnjFHPMS5Ezjp5iiSpkMdWy4A3adtU1EGY7XkSzB72NPE8poesLfCf3EgzK+HeAD+VKmWy85CH476MGKnLhvD0ijkX9oBosyDlXHRjLq7zDCnlIaQfT1pV+3CWaUOlBUsBtFD56EU/tn+w3jSZ//NrNygfZFa2fBdC5qxWd9ppRo+DzSVuzu39SoGV2RdhCBEAYGmTfzOxub5qa2m1DISI1RwkDiG681MhYzGVsday73VMqXbaLrnwHlWNzfFZpKxlqAPQoHqITFRzuitHZiDXjO/1+ikmoZ/RHs9ENEroIGCHZ6XPCizVl05LORkNSRP1CV+BC2BK/2PaKBxWARehFIhtki9fGF9BqiDUXhPx9PH8tXiHBYdyVyNWXbE4nVUs9Kvfe7so1kBkuKMLw6Cc4LBoy0mAABS/MD6Oh/E/na7WSNbxC2qAuJdWCNfFSq3t6NNC508uo53GILZUOIs6a2DKbV1eB8rs1RIXtfcIgR8mEOQthn/SURrEa1ng7WpCVlx/1i7FCwvzqCPCRMwYqcTPsICgf0B+tO8D3AreNBncmzoPzETqxucfNhm2H+CHD5EpEnCkZFgRLlICAKljoju7MAFbHm9hhdsLpjXqOhUVL7mzP0a24nPQIgLO5YIc3bhZHsh722UWC6MUTcwjn29PwLe2zF5H4Cg0schNgkUfhm/qMrWmItBZYfMIlyr3XPjJ967bVQEvyfwosUIQoGPqvQ0EdAJdlhpmIeb7lNCn8WLSwIV0tysKNfGk14D9OvvkmX++Gm2cb2o0hs0JeJXCCb2r4s00jxo6112DZZHfFHQdOgVHmMMKVyjhDv+YrR2IRzSvKmPlU49em53Eg3urSj4QuH9xWV/Pu6Btp4XgPJPW3XqWJViIU3YO4tmCScKPBEqZ56cdNhU4YhbFuG8vWVw0f6pTXLBOLslOJ1FrJosi1Q0vaFejHt4twY9tgJc3r9hd/rix5yJ9iaNcJGauT3Y8lUR0LaG4jnP2PcJ66q3I5iUzrh9Mekb8R9UM9iS6S5QguhvhFCbSJGSRxNKzrl3kxSGZa9qIEa2VRHSxV0Jv6Dzun0x/6nStP9BKxyVLtTtLrydVpGl0K+EOznEiwextAhtgS8BX3jWmLa0ogJLpn7xAKwliupyjT763+ojaLbDOPKE2VpBnhBoun1ixWwNSU1AZi2yKjWtBRtsbS9FvW2/VPGhmPsji/0qI7rtDKFjQoPVSGu11uPsco78DHeCSnI6aGPYaLGNE6AGoVZR0t8OtqRyfHhRQEeMTAj+10IJKyHqeh7ALDIc4Kgp2xu7ni3VLJkMX7SATY7DO1iZuOAuqjaA5KiSZgEtbxzGJzKjMv7e0mnepc2ykxKxp0fQoyfwleHxoviZSmt4rhBYWWPpFTCo6R3DHy6+19nepVpTDJQH/2vKoZNV0bUMm1KGo1xpCszNjbNbB8Nk4heMAyOsK+2JkvTb/lNwpGYg5Le5RDzxozXaoQd7Xnpcz//5Pdp5u9GlqND05sVcyK54kyN73J0IZaC9oFnaep2iT5T4km8R+TSBrFc3rko1uMRn1azkr85lo1irIsOs/hVd+vADISISZfTjhAzqeRiu3KvyFTQw5UY9s79UzE1X2fusoJpmT832zd8SyZSp8Xmtrj82oLNOlo59/BqdVV4+jHMb0FytAZGWGRFrh35/ul2KALf0Q2wFFtX1U6mX7kstxSIpL9EcKcpVlwgrioa0kavE/k6dedz4Setj2tvrcfi+5s6REQHjkodVdAOhjQDTmJPtL6lBsGfbWuq2wO2YTQ71isXLcE89ISCiapJMPvsnWJ9Y/Kfpjjm07JVaLTbVoNAX5HmQxge/zH660Mitbeh4/aXFiF2OQbXR5QkXgPslgWFiMtgIqgyiAmVKU4syi5BG4zXBx04wM1GDEJ3OJR+AOOTwqm/trF3w2fNgYv+bFUtqKjIRNEWJReePaYhQ8xcna1f2UhgKcYV+zGOhNA88ttiqwo3YMRqZ9A1m55JxgYnI98pxVQ6iSyxU3P+zfgG4XcP0mh2z6nZZ+cxzIANPs8FIO3V0EdwrhW/9Pmbkgs+/ghLy1yzWGiotZ8QkCuerE+MceHp9ldTRFU34pSytueKoidRj1zR+n80Hu1mu8Db5RHYXSGc7L+HvUm/MQVqUA1eLzkGi+7J5ajvFr4dRhteiSKVXW1A8g/YUV95Yi8cHqhERLY3uGamL+YGD74q9RaO72ZEL23FcnUmGxPXcZdmK6A86njTHHlH44i8Ef4sEHcY1I7vmi7YwV6Uah6RFtVOCJN7MwBpJeYYhW4olRBFlBjx5zqpCZpyYgV/rIQXkPBXL+KEApFq4F1LoPOtI2TJABCLzdmGNyh7YeXc5WKlLapFtLAjB2QY6Ewy3FfO5XtOPZWFm9jagV/90MgEVeTiiHeeVjUn4EqBsAKMbUPE6NKe0Vq73gHVjEeEo/qh+O+RNeQixFYjKCX5wJIDntiuM1h+kREqALXRHu7Be9pPFL/xZmQbVaF86IfrVdGjE/2JMDA1mkNod317RP/FkA8/1SUR6eT2P1K8enijyYWtaKdmgrPSs/aPLx1I08EKaNKaa1/oQeQ91OiFm7yygtsmm2UTm4vHZvHgglNKS3D7dI71QNrjif9Upe+5RkfgN5hWeTMhJoxI7jRuy5isIrfZhnxlNxfY7gvpwpme0YqcDgNZFB/vseC3I6ANW78tgLpkZdZmcU58St88KbDStJGZJB2J7CRxocCIjPTOcQgPT/JltYqejttrtF36+8fYl4g4/2FYRi0gxA4e2nzTDJiitftPLDJ5w4VMm2xab093jxrQczVfE+OSvdzwUPvuFdbZ+z4rzfuvE7MEGmO+D/U6wmuyTy7WEKw3ky8XfHNW4u0LgDb9306GuqPlatlsXuyCfsMml07crJfCALcp+kmZlGcztJC9vruq4feiRYylqIUsk8yH2lL3j/GyCkcAXd/NfNCqC78cfsM6R4SLzEF4r6jBMt/DruoqEr8MQuIQfN7JAW1NPXu+UdNa0mRgUh+DZgaAtLKqabyXVqawblfuxTlLuhz7DxjMDHJEh7Iy1/4VieW2JCLFwO/vKslhmOBoc07kNpu6rcS9kI2pX/Y6V91mxvDLapEZj97PTffdSwWohwUPgDxDxPdFyTlaylHJ6R/SoCGmtYB0TU1EwW6rR3wPd87sqXWY4Ni2SaHzQl7cnb3DXJz+q7iJ8d6NQ1BWKcd4GJUi8Be89kUSRvyebs49KNuDcOuARf7kSKF3FENMverKgO/DfLp+WUJgdnox/OJphD9EzUmnl+O3nOmxyaYpsRhUKNtJ6Se6kzwn+kSCt+ci76XJKz4IX1j4HAK7OO+WhxA9msNKoRSdN3mf435YAz4FYTK31ivcAeCBrGRaP+1mVq+eKb1Owr1SHjpTJUYCutZXYQJsiRLFdzLFEWuO47FN2aiz31Vq+1PLbet8Kx9boXsOz8TRXwucT+irltVqPEW+wufHqlGuh+eEzz/bCgJ6vj8X2gE8BTBQZuXeRRw6W8pgtKVaQ6Cd1zqBR6pICdEHDzT9ZE/VttW5XJRcM8PXOeHsyHKQYA8rHQTcEzd9Wdc4hzZ6UdOhXGRrJdGKat2cIwt2T9WYQwRSlVLAeitAaO7N4nriWcQUyJZaPXYfAtsf8TJPnr9MC8ME4AQGEBcEKRKCU3aUBL0fvapTl/BOETeRxHuZEsdlgbQ7XtJsHAhcH9aZJcbYk2gNcQQDHCiQGaJacxJVVzkK+l6a9wecIUjCqDeDV/7y0DjH/tIuERyCbkl+cQPz7v2ge0pXwfJajtJMyVIT7G4nYn51XL64G+CwKXcAIYBkBIvsimy3jDFDZ2nKtuBze38jMHhXlZrf1IBX2oEd7M7WofUVfFh2U8t4Kf2f/h8PmdV3vN+OvilsvV2UiKBNa/eLiGYzdQEIaxI4e+8erGMkn+1j2yAYkLIp7Olei9udTZCzflMkMGhfQSopPGs6k40WIRMwLg3wpcEYngfhF0vrs8k9VFJH4rj3st6UQCpt/vf/ufjMO73D5A5qMV6hGyvw62mFCiUwfrFNCNbGleNFgsuFUVLMTBUuHT5cmLhb5UlWO3f9bE6Szkpvpd6E7nmWJHevCFaqh76IPtfUb8e1qdlLF3Iz1X4U7xdOGMc9GULGmQavYkP6lK2xdwj9ottoL5IiyqewbVCcel0HLsD1GGQlSoQvC5fMx/qB+xs6WU7JObLluZPLjaziV+OIoWvWh5pyAOhUkC2bObTHrPNr8wRj73fUiZF6aTsGfT2EHsUVNNvqRIZSkp6gzF3dpOi2fTHtbMDrzLq++G8BE+qvJXKJD4mmpdeCqUaLyIOWGf+UaWURlWjPOnbsSOVTj5LPGI76y29+GgPleWZRDLAgXVZ/zM3+wrqYoPAGpqXQ5tWxMoMgPLRDamM+grXDUr8BY5KAHw1AUrdMWzaxbf4J2UmMHZhzI+VW/dhmPppZ3aQbRdMyMkBfoW5gcE46jA+epVnc8SUywbI6MzXL9tegEf9fvnA0E9CmtdpQyL/sXwpfwUaeggCWf0XPholnuux8Oz9sB3HWu/uOI1vYKSOWfi+KQo9cQluGTqO1b5QEPRWqPLR6m1B7sBph4UYFfMWJo/3FBM0mlkKDiYf0J4yNMd/GfUOs6j3v/4X7p/RChX596GtQPSY5Q5mb/QE0DxHpFb2KB+U6XI14FdYkzXebSTFjcSkpgb0E7HQ1jJtS/EQ2EZCOd+ViQPVe9o3Xz9dyyDMA8/4GyldkJhoa+OvDcf+x9dnX4BP1xGeZBqYKVOw0xtbrlClQE7hiHdAFYQqTvuCSh1AH/b3BuTa86lz23kJOaCX1XSwK1kCw/ylcRsgz7sEHmjlP5/qqYc3JQ5yUKtsWR5qDLTBbOV0zEco/0EZZDphUMnS9eNnZFlqKCsHutjhcQaB0tsizpMY7JF731Of6emm1qQOVvNHdrpH5Bex+MZHbTbZUhZSOl27E+oW1DWbY/OO1ZHjxxpDr+FaK1zZak7LSkI2iCTFsmqxk/bYee7CBvoG5vQelUfnuDqZ/miU+OGWaYkvmRCI9pFpjPQz+AoxauI+zeb5k5aUUvsIbaNS7wgZeqnEiknkQYbGzTfBWyoVAcilEE5PdjSoZG09x2TF1tdwR4XkQCq3RFtZlojF+uQz85t64iTLRRGhvOtLYq2pn7ux+j+EwNd2PNRlT7eTVrp4yBVPwnshmjUgGQEoydZ0PTmBhfT/1ztCo6NCNVh1E2RaOEdM3/yo4xvA1s/2TUtd3+Qr4pn2EZoTXhsdknqLsChfRVI1zoOA9ZpfiBEGNxIq6UJxtCIJXnejzBfLPsxXpYC0xShOlZ7ti3vftrqx2pMb4akVz3p95hjKdFswtOrqyIpRy+jkv4mkJa/WI4LJH6xs4QIzBjVcgrlV4IDHj8ik+/PX+Pc0g6YGGPKoa5Kilg/ces3/bb6P4UYsiwBdaUG7YuLFgZW36ZUFCVa/heX+OGDbavzxpWMJJ0Rl07029Zdda0vFksaVp8IIE1CJ3hG+gzqLiullnUPxLrso9As9iyMba9TmSnuQOiXpSrDgHGCOTkHnsWtHQxxkNNcXC6uT6nTKdbR2mP1t6ebCIwEOTzuq3jXjCry9JVgjI2Zu1+DlNVG69FuO6qBJmVduH1bury6T8xkkWDLu53Uo8TmRt+cBXScjSxZ5N//xTe2nXbc2oiPdkjUwhIKU7yoJuFHaiG1S3Hk1dd/W7JzhI+B3qdJI5RbRQal5lP9CKeocdjm8UuLCdaJj6q1kt1/9PmfuH3LEFOC7WtjG89DtFus8/Fqi70kEU1qTemDXiCxZMxCTaC0KihB7DpiqEUpOHmvutfd0usZVnz4fgktC+IU2nL7bSjDBzHr8mgvcnTMIJ6mmo8u0nogPnqqrmfPrNRt9GxNhIRoLf0HfGzc+33eoMDEwITAJBgUrDgMCGgUABBT18rWmAQ6VCmzIoSBUuvxBkqEm2AQILb5ZbCCMKHkCAicQUEsHCLMc/v3aGQAA1RkAAFBLAwQUAAgICAC9mU5TAAAAAAAAAAAAAAAADAAAAHRuc25hbWVzLm9yYdWQwW7CMAyG70i8Q8SpkUoFRRvjkMNWics2kAqcq5B4EC2NKycd4u2Xjm0XniDKybH1+/MnQ6ePzdmczkywTINXZLpg0MWKINC1Udi7IMoZ/601WHkVC55JrQm8F1lHGFChFUF1nmcdUhDzh7Lk2Rl9EFIfi/5zatFpdNN5gSSVBWWx14XClvNMoXOgQqNlkCLzQF9GQeNkC+K0Wq7gaXZcLJblTD828p+3GHLvszyonky4xhxvmyELqFFAMd2JSbWJOBdVQB+npwpcIGnvmXK2PYjtzx97ea92bF0/b17Xh3ofO3+NCimeKgdZOXsTNegLomZVXJ6z3V5U0poPJGdkzipx2E045+PReHQ7weIlJeMRN3HhLWjTtyk5vxEnrj10KSkPXfK6ezrF/WlJvzEnq35431BLBwg3jVgtNQEAAEkHAABQSwMEFAAICAgAvZlOUwAAAAAAAAAAAAAAAA4AAAB0cnVzdHN0b3JlLmprc9VWeTiUaxufd4yx75MRYRQhjOcdY9diyx6fSQgxxgiNGY1hok1TJGWJyqSUpUWpVCg+J0v5klNIlmpOtqmkZCkqOcqZSfVVp+s65/vnXNf3XNd7Pe99P8+9PPdz/37v+3Hk4wgCgUAKHpFPsxaFvjQscn0khcpk4WIjyARcLJUSx6QKJmY8lYmjkBEIaEuS5VUZhKgf3hRYIhAoLuCgDgCOyJYCESSERMpDH4qH6b/G3Uq138t0a/tlP5BBSyxJcU55JwNBUqIIQIalgARaxAeFVkL6kOB5QEkoSCpJOwgC2wsDu9Ap8HyAFaqllOTZbDb+S054CiMaxgEN4ZKIEvarhRONEUqm4bwZDBbO3hZoYGVgE2ACLGACEIy1WBnCtyLw+Fsp6AKduTgaX9UkZ1sCjjRXEtJcSQThONDCbw8JiSJEOJAcQqCXRHIgCPHogl+WR0MjmJdlGkC34cx7Yxh47fFvsxvtp8N0kjpHVYo8xsPvSsbSFbhm2LAy8/wP07a7yprK9n1UjfVoM8nNKjq0m7TToPpUnLOR+hrzzTyYoHr/XCl68myQ21WnlT1Lcm5k4ROSksaUUFEY68oj2bXXxairZngzs4kXHgVu84GlhyzFTtyvNe6Qirp3qS/4oy+LZG2a1HMhw4Fbfly2g9d/f3KDfqnDaTe/XdHZbjtu8GL3KuY6Z6Ec41R7zOHc7KGW1TLWTxqWW67DV00EbpPPSLFFpDuGO10spLYWnNWXWDWROzyEL5Vjngay002THzDsGycC9Hyvl7/nfLjq6HcEKQIhoGIOtFZQkTVAUVBUdSUImkWJA7RgQkIIICvUyQl1KEETpQAiWtwADYmKikEQSg8sBtpfZAClqESwWDFWxsYMSmzMd40BNgu9aKJYgAnMC0wLTFLgz1spTJrJd1uNv9zoXOMI+8beFi/Y9mdD4t80XCoMjkOZASIgoFGCVwRYAvS+5I2ElBcIfcYKnP7Y0Mb2XiSgLjSXRSmjMHJJ5AUcmNxlrPcsfaVFheHAzYd8oClcXoRSAcpJGJFeL9M17e414ePFfDW1G7mXl7b7/AAyEWHbLVrW53YPtjt5ZZtdoKrDncj2iIogt36UFs2NH33nUn9u5imSRMvZJdSnlp4aO0/SA7lF2osHfy8cyWnCI296uNZdtOvbxCsveR89q5VMMgtxj299afGo+19J4//pftrpoRtWeqRp2cbfnXOrTKKblcRGDxWpqcx7G+i+YqT8+svZjQ2PnWY7qxEV5nY8XPMLetooBn1ha5E/N7VEjWE0+boZE7y4zTB924h5/Zkuy2pO3XzpF8QyhFbE1PlYfjOBZ6Ej5dORpz4ekTKCtyWObTnppV5n9b6jQVx6cEQjzU/nSRX7vBH9jXdPBSuz1AWfb51D1NPc1HrgRdO1juboBb2BhIlPjKb6LaOtn6MJppAmfkJlIuUCGisDHGTuZyoTt+5fk2W38lJhXFSz//4m12+rLPqPURkwg2EYzA0BlZnA34j/RAp/RW986wEFZm/JiY5i37NeRZlS7KzmopOjiq2HAiAJ3B0o5/QqcJX0zr4xEuGbz09f2LMbvQKxQ6K1VW1nXV+L9caV/O7wJtHyeF3lzM3HNA5uHb3qXCzO6y5LlLZEU7e7Bmn+gp0qrR3Vu8/anrjpsH9yBD1wEcGtblX90NroxzF1bPm6Geht8sMSB3k/wpk4la72olonvm7UZJ7JlIt4yN7O4AqrXXWFZ13dty5r8wymxa8rcDPff+zRwsHoVoxqRtTtjy3lmDBsU4D+MULd69HpDim7ztKrtgSedOfY1I6umnS/5ZVqQy56RTE8GNXz7rLya3fJVWIlI65L11VuL866UaY7R28UQP4Tjcl9pTpRICKYvkH5T0H8v6Bc9DPKbx81P+uspCg53eNw1NP74mTfBdSbhATxYm2VGTeDXfVG1V1NHycbNP1uV0UfTWQ94+qXKlQ+jikobHFPPZyzb38Mv1RuQW3OmVlK1xOxkI7iuvwAiVddGY9JkxmU6eWnf6sI7wsN726n26a/Nqp8wXY9nu/HN/CvX7FoxEiP47gsYXX2Ym5/knOJ+dh4d0KIcu+5IdkW+jkHrIWxC2/AcdmSajNSm5UX+h1+qNHXhUbWUulCnd9kY2iVtOH0cNk8zPMHexqqLWj8/bS02bBqto4vqFfTLh549LzPaUtlhba4KHhpdE2qzrHOq/rMxDAXUjx/K/UmlxicLmlz83nXwYPRvZ9QPl+AcnIci0FnRDPiYnFhZBY5lBxL/SnI7wpAfkcA8gqkAqKff+iYldrMYYnbNIyjTtSrH/9VdhTDmp8uTYAPZdv/BnD4EsDeFnYE9nOQs/Fkkik0gY7BjGEwyaxIBh33M5vP8CJRaeFGsZHr6dQwoRssmCd0I6Yk600NYzMYYThSBINJjYWVgIJwQVxJ0p5MiwxnMOmR34NeyBEEGJgDAjCBiUQLAUcQYWBGMP8s/p+c4q9o5sREwIeaKcSFgQfotjKX4/rnBzr0z7jUyEi/JWtpHkseWJqL5RrW7mFvDw0nDeK0/61oGuSK2NncmzUxUXGi83RfCndmyGiUiFu8zuZiRuf8hoJhuUTZtc/LUS+um7Zvs8te/gEXl5Dm+dL6QL9KanvfSf9bDMpgQ7VrT3XoyRU2PctHUou8cy6mrWgd7vb6VZXjjqVp6Dl0xy/Eutk/Fr07msYLGIuZ9L3kecVbJe3NszY5zMamsKCw1IbLU/w8bgqD43fqDb2x5nDtq4VST+mM+n6f8ldHoEb/0HjHRfQH6dSsRjGngZ6C/jsu94y5b0Oj5tsYN7Lb4uye5MFElTzG+0WfaOZn33n5J3tCsixKp5xLTAaSeYmGqN4kuac1VxIM3uya1S/1idaFN1bja8zU2cV5Cts79La3yCHEH1FcrjfuzZ3Z2Qm6g7MptLRBbsCr8UPHJ3Dp7su6b0pXmIaGtK1mBWcH85jT+56bXZlNrZ8Zx3hoPDnMGGeWSelt7rTGRqpvaHLbvfRcnLq5vnrc6BmyaKlpn9GUi+yeqii/Iaux0ZmxPVPdN2+P56qzeP6U5HT9GrZ/YZ77ApvcoERtguMhpMjtRsbD0Pi+h8GeR/CTzsQqh5DMssbxDTXXXWcG/eWdXhejCPfYqJajBrLStVXtXO+XBusmSEFRMTZ4LczLDINKw+bhNbvyjfxs3mcW6u1uO5EysM2pcUBB8g9QSwcILIqr8mcJAADaDAAAUEsDBBQACAgIAL2ZTlMAAAAAAAAAAAAAAAAQAAAAb2pkYmMucHJvcGVydGllc3VRTU/CQBC98ysm0UR6qVGv1oRAkSpQwpYYT83SDlJYdsjuQiXG/+5uSyWQcJy38+Z97A10SUrMTEEStoq2qMwBymUhEHa6kF8QK57ZoeRCoNF+i6rZl2j8GksFZdzxgzaLZ9NuGLRHYTKIe0E/GobecUh7naQTtHvRNOwm8fQzuP1Jxizt9EbR+NfzvNYN9OPhMP6AZBCyEFgSTpiFpjBj0fgV3t6ZXWk/eDCTGW02KA2YJcKChKDSGT26L1CDIWseHcd3pEfPpqwptKtp11OcWuBz2qPjP3nAsOZlpJRtC7Zc65JUbvUVzMkswaidNsyQwknzxmUOazycgc5QZO50de3/yoF2oLeYFYsCc1s/SsiplIJ47qK53domLBRtIO5G7t80CZekemao9kWGDWxlVnzPv6uEWgv/ZO+s+fsK1w73V2t9ndX4D54b06mzkma13ssls8l9rmbRq1qXTV1T+gNQSwcIeWZV4WMBAACzAgAAUEsDBBQACAgIAL2ZTlMAAAAAAAAAAAAAAAAKAAAAc3FsbmV0Lm9yYQt39PFxDYn38Xd2DPH091OwVdAI9g8NcnYFsXxdQzz8XYCstMycVE0YP97FMcQRJO3iGeTqHOIfFGmrZK+fl1pSnl+UrZ+YkpuZp6SpqckVHOwTH+waFOYaFO/iF+/rGOLsYVuZWgwAUEsHCPvq6GNoAAAAcgAAAFBLAwQUAAgICAC9mU5TAAAAAAAAAAAAAAAACwAAAGV3YWxsZXQucDEyAagZV+YwghmkAgEDMIIZagYJKoZIhvcNAQcBoIIZWwSCGVcwghlTMIIZTwYJKoZIhvcNAQcGoIIZQDCCGTwCAQAwghk1BgkqhkiG9w0BBwEwHAYKKoZIhvcNAQwBAzAOBAh7hb8I4KjiZgICJxCAghkIrZ35wf4TXDfit1yfObj9WhlYLQ0Upcs3ePrfJLHOEfbqSebnzS2FiyTSVC1SePvRipvhoLKf2KQ07jUXOSKhSEjX2thIcqYwooPL7yHFr+65bm0DWYOU6XDIGAbstK+Us1SsVUlAGlQcaweZTVt2yXvFOzeUMHeiTSVJJ6Qdmd/oAD9MzjjVoe7rmMNGP0FmyvfPbpG7zE7OZ1be2rLTz5CjBW8OtR5eFWFCtzvVXD1qAKbvfkg3EaGGir/lGFhhzZZmQfuJcbAW3VpENl3ZCeMKt6f1wjX8oJa3I2TxkF1HnZ6HP2jY+knIredtZrE4UHOwZUEL+pjmAIQg525C1bTQ2cDUHIF6+pzy3Y+EczgAV7AnHDCeTMfy12Q3ViohlRh+11qGN9PugDnNUAo0rxEiHxUssSvF49BUjKExkWosqZlzR5FSJWaxcK8kxF8zDJNMIoXIz/EWYpsUSZAHNX1QhezpuWS83AMxDJAqzdKgg0dA9usdI7BWqqjUXasjVSAv7dN8QC//5H5IGk9p6MeBItj4rFJRRCnLPlE9O4SMvKd+0QxkW583Cjh5unyPwm2dkbMW16356eiWQGhTIHjprMGEHHij1fvL1kDidHzDRg/bu+3LYex4VkiRXvE3ZMi5wusW2AYoOo11tG/rbmeGKW/OoPEi0+0p49xxkeqDuE+q6MnPAbI++F8VT0HaRnd/+Y85GpsnsGrquNa5wF6eFtmMGrvoWHznrKtWLgZMYOp93erDlgvdeNaY40fov5OIsJ3AkKU3jCVrrNw1LaEPoxGJsz+YTkXOLoYKcvRonqDpABynTO5vsjWq49ZE0CNzesb/NlknsmqC53YuxASkZGBj8Ugi4tc5FRfzgMKNWgVgaE24uWtNAUXOruM01iWlW9JyMADc+5NYsv3MS4W1w1lsPooQw3Z5kYwBQl4A/zVRndfgTV4cTMkwWKY0mGP0ULpY23XKmC8YEr5MQdIb8JnWgtct99tfRK8p7HAUBWhVq4xwiPAbLX/HNPCsObM+KOjpsMumKZp7dSdBw7X7Srh3Ivq6d3iJXKr+DJ3mMSWDwsBACfrAWDupnnZ14d6Srad5oYRpMzknMnNZU8fZ4NVBOMebV/2BJlU+tplFjhobziFoX2uiuLwqYMhwvwD67RvF9ZJHbQmV5NkyDAT408mTAF+Wpm72xhN7XFzHvd2OOp8zgHmUuowLVT4jeZLAtBrpsOLGr2cQ++7HL9yM7Flv0Ts1K80qzfuHgVQc3ZvhbnmfIyEWzlcWnQupq0wiAqX6OqO3wfjEBaPwFr8HhK0fxMPBUvibNXVBUWIZlT1EUVePFGI9hydNfM5jpu2bcJdhMrm8r0QHRalx7K2rMeSWjfowHkZFbDm/ktx9VcfWcajA1iNfLtHYGZ6eIqJ+BqBIladTHNngPAphI5ljbPLB6MyKGTnWAVIbKkzo1qTtYmJK+07emf2BVElpkuQnjwFooDJUHeVAeZf5/N2pYag/glX2Qe9Ad1d8R6yffQBHgtfoHG4BkfePrkgPFJfIDL1KPyxJOygsI88ezZA1+pF/dudw3FgxwU+IFMefNY2ZnkXa4fPVfWgZmQff857KPvK/RaURSofuoC1+2meSn3/fpKB3GCSpl3+VqEz8th6UxPdCTV66/BmhB8Y29L9b0SYOLsYcNsZW7q7Z+gd/aHystjbsTza829Dbf9ClR2CKU1fklUYI57tvQpHQSN4LCOOPoupXBI3f1Y5HQfgV3ygXt8Qr9KCtIUYH1ks7lT01dTbZsFJW+GduS9N8WdB6EDLszdHuzDw+7pISf+l5nh15nyMDK4vbNFI4L2rEL4w7WMZ4a7YaSaE0GO8nLk/oRN5F0ENDYRaIfuPyX7E95NjGFg+DBkX2cZtuTKzRQD61uxqH9w5L6QEkxQaaSPVIKB4rVM52m1B9+4GQa6qgpPL5wZpdedsb2C/1wcCTOCMI1OgFL1n8nMT2q8PZd4YHrty3l5K7aHEf5F8lkZ7KxjK3pxXPPZnA8hnOM3FeXbFQce5CBidbo6cvJ+MKpjeSuuljpU6d+AqdVVipYa2SZVwVHd3SO6f7ZiMLv6ORT0AITo9ExsfyYj+IlF8Dp1KC9WLXL+0M+zCyFhQubL0MEFuCzcJh/kz0fC52x9NqOnqP9/m6E8Nya27kSWcvZP1H2inLP0AfbdqG1lzsIC9bDgRshyNjj0SaR5x0ziR/s0UfgSS39RPMNbFdr96GxZtEafFynAIUom1V6o3Dyh86v7MyXxLUpe3XfW/bfgoygDqKEcUcttuaw/9rzAGgMfL8J+BofFCmzKf1BFJN7aceU/Alcb4eT5vq8ZyyWef9AKfrrNUWPdyWoo7Pqp75u1P16yTLLc0zUbY5NF9ph5R8XeyhT8QZYboi++b4VRqqjBnS3iA0DL5cZ/sNkfuzDlE5D6XFFGZEtdQ6il1tMVwBIfceGAKWp4Zre/0+HS1JmRuExN5iWF8vcygzzdEuFP19S6V72/KZijpLoaRLMNojpgQzAR83DxGrG0GI6+YKKrPjOfOEHXSaI1jdCFfjvJnVHk4tEQSqtA8as7pCf+kHgiBkOcHBtI0FjY76TFVkvITl4EpUfEBYLqjhdW9qVwMqTfX6V95zVszKkvcA0m5LkrAOzkBQVMkHUvMgTek8HyU47rsJKCrLGeFrHbv03xFomKBKPXe20xaaeFE06rtkjcUIL5vHrSZevTw0T3IvAQQvVEjojgg79vZRZshmleooI6WopCG+k7PsHzybTC8Dwk2qM4I1fOdHDGXfhOtEOefW98x3z4qyAOqLri4SB4runuRtGYip7hnHG9b2u5tHpX7/NdwHzuTKUso+Q5TEktj3Y+p+5uSfPcYwNh4h3m7LmxGIRlYOMGS54VSONxJyoyzgKKpAmW9sbB73rA1Cryb9hgwWD8vP6IWQue0oSYMqQG35t66YNNwfQmevScupyTm0WvVveGcL/jICon75AgQZdzJ2Jl21TA/v27yNv5bnW6RleAq43pIZyGHvV07ftBkeAmm1rQk7bjn/Go6oKHpEWEl0IHlTVMQcbRg68H/D60Gw+yZtmxQyxF/5oVK5HVP7MV10OQ5JOWOz4ehzOYBNlnTGRSRVxOQa78ehuFU/+L7yLAz+wmAf2HnFqOkQlxiLI7a+WszGgek0n4YoyCWMRQi0c++xfpyH4QyDCJDAHzjBI8RY4GJe6q97TbHr7si11x0GbafL3mw5QSwN6YSdctItc8dH3eFg/HfNpmKB4iHjZg4Tq9I8ZGQ/YEtlbSIwzOviqA/StmTIgusiLaGkgvYfAT9vHa1umiRahmmFKZ7F+NZtj9UtcnhkIa9+LfgRmVy8Eb1Mo4cXP6s9alMPTjZmt1h74fP7Tsfb0b4sVgGmhdQGcEqG5eq+wXb9qhyHf9E3BaM+EoNeoW3YFcELFNNNwc+FkL6+Q62pQH5OCz6d3jQuitQF2XXpzz11aqMnWdLeJombaFICvfBJFwyOp/ORvEpK/tQi4HH588aTDQVmy3P33EYhZHQEMqz0sacsJQ9CE6NJA2kebErTw98BEOObsVpnZj5J2j//rVAfjg7Btcigmtn3RMZwWNTtLCmnVtqYqLulhQlAfIxZi4oqiTMRXn2MbcTFhqyXV3o1Ciz9+QPVj3ANeL5P0YkHNgREyu1Txu66I+lUtFvVynAPV0ncdYcCWz1dPQy1qsNgiYmXIV+/ko/NZNQZKhLXbpcT6wj/sS/e50KgUkBnj3MavK47/NUlZb5c9Tw4KpQOwseAtjun8ykUC3HtqeoWCZkvbm3R9zsEYF9pfFMQVqat8vNph3bSBnbA8QMKJ75tlB17VWOooidSWdrel5DXK02y7TelGnmgEGbDu9sJR5RShVSIv+CDTRA7sqQsHRcu2q1YkaPePs85m4uxyH4MJnBCicEl0mMFkEse5YnmXTNip8QUtSaQnIqqO2C2NlCq5K7p6DxVfZHhPOwRRWKMCFbT6dH3Y1rw6qv5tPMTbQbhlC5/5mkFVIqD7jl1BhxCYGC/ASAtJeUjGDufysXX7ex94aXLb8sIP60+HMOg1doWYnk5vi2BT9Hcr+LVk3rrCCLZIDcgrksLDxCoNWKzYGiDGsNj6lUSRwy8Uo4SbbPZDJ9+r8RCktWV+LlBYIXyB4xC+7aiG2eJ0ENsWES7CVf+v+0g+sGvw4DVRSKqpUWAa8jNar0K33FDB7Y8KxyTeOVBd7/zMJPxR0jLtHQLH8gDZDJi84GRsE1IXFJl+ZnOk2D5kZN93ysrszW851Oq4/1jLLJauOFFcs9EBYgK/b79Q5YVEchKVPIpPJdsuLhNUC7bK+xVoqTiShvL/VzsLIarGtihg8nj6mHiRFSm1MEbNlsbeN28CGhzWlU09OPeevBawyeyLrZa+WIA/S9jI92snPXiAvsmlKvNYzGHvh8SDXByB63iIRWLQUUGXeGgCYImxuKSsCBCJ5wUumENns6eVohE2DaNZSISlH4MuUcCSxU+cNr8XH0zy+HV0KABGV2l9zpJ/k4enG4SJWRI3P81fEzhZ4D3zVOPv/44I8MEPemosJlQK5uc5eYUwRYATOr3LMBHTgnib4lIIxM1niTHB4uXt7wBjVJRxPYuWd0lDAA+QXispPZic53LWXadfcU2QnQZvKd8/jGewQLA6etnyLiDQabK635t/Qhj58B6y42WRWg/E4BXZrhENE81XmqRspZgBqJchiQ+pvnVaIpxw3dzGjPofqio8n0ec6jMDGPX9s3leYQyIyqQmwSZLXNm/WhtDZ0rFS2iX7X/al136siD2x9S7KULACRCa+xxDivkswd8Sx/VCdG28soElsfZxGIxVepzCEzZa3/7xqZNyMlzX+1a9YntKylM3Xc6Reyrg1h/P+Xl1FanTU8SMRHIg5mcFbgcDZxjzq3rQ8+ndIoLAJ146eEWr/vhpY+05u0IbXqoSm1ciekub34A7iJNYxFrchoeVAdTOZbbtaQqA+sKi9jWXKR4LQFrU6wBWfmoYuTm3rSLIW9LafP/elSPLO0Kw34MHVmQO64OrRQmp6tdiqdsctf8VWDsBUuuGU0mZ8hkXKVa1YBP6+rBUPm6MwN5SKBg2bp/BfL+9QYTv5+eqiipiuGxlpLqLotJbcMMRIIg7LjrizbFsVojV/sUslEUaAASnatZXrgtjiaqY1U1nzyn23XNvEnRm+rrwh/d0yb/Zk/BKmYQePtJMzixXynsgWfr5SEuvA1jelDdV7zX8rEbQ37xwLQvCqtUQXfSYUUFHF0jTWAXjD4zjFuSBJN3mAvJ3mpGoKyLZaMCCks9eytwWVqobiyP+GpVcIOWhZZ07eKl6Bc/6L5gpl2mQo+7k3MbSIkv36jKqhCb2njrAK7o6hhvElypo3yaXNiHbbtX94Ok6doiOZb5MnVNUoCNU0SvxXEYVU8L6SagCx6tmZA8o+3sb+S48mYr2ITafHosi+/mPP8Kz6C/cIW5aYRI7/JEdYsSgwaGFJvyMkb/ovp1Kv+ieYSajN94Qj2KeUProytx6XRSfFq0PfHefk8SY1g9NuKWAdKEVh69PuLPxCddOrq/9Z0gP1XlRgUfTNCrjfFPNAQ6NyyeLo3VOTR4uzVYX69DXzZsuanBj79YVKQWRgRqCYMKop70WXaEgNPggoof9F6ytHR/o4NcGi7a9NvugUjv1d65ygeg3p9rkcemiOtn6Tir9QXfupA0GhY8ErrTfWa+27N6EhT+sXvNkB6rVMm/hvwEDeS1i5K32BhN0JJCjwYZS4ov/q54/+k/sYH2cZS+s0xbaRoKnMBfD9oNWNbkMirSliGzrcisnG9zKIPiCjNm789AD72QJiurnoRRz36+5KkihUICxiPgsk8bpxNGjPHPWws46EKkt7+capP4WO44JcGwa+xZkUhVubAxTe5UT7Yi7Rb40MRab1+vKK11AR8ZlqKWzCtjMEc35PgaF4wBOLw5MpVcIqe6Oco0/p4zfn/DW9MSmUlGyzwvwv5grq8RX3W/bSMe2gjXww3l/aR+yn6MCQQi7U0tHdgLgm/dQaD2GpJwIo/F+eeAqpCrrs1ZOy/0Vricj4LZZQSwUaBqKuKgjuPhpMfZ3A0ySU/yCOjyURTpm0hRyYVkKzIlc/xnThOKICEUW3+Atn0eN3DQICNhEsjsoTeDzKR4JkXWGdDGYzdcMo2roQmCgeHmD1bVM5lZrHc/nRwylXZXCES1ACsc8XngeMlfIkzWH7E8+KHB4gAOPJwqu2d3VpI78Z3BwtWreoCBS+ZpMpD9sibbKRTaJgbcw5oFM7lDIotL3RPCWneSTXW3/G+ktfnNonDS8aIoQDSyPXHmYL0REKEvphuaJX/rGJvN0TPw1d80pQIXqRexF9Xd/BJiMUqWM8GhHOS0lgS2+4pby9PjdoPPZA+6ILY6zks+RBCdLYPwNJPKRz13Tu+1N5QM/VrHziC1NpHnHslOATPJhdPpvAZnIgte179zDrOkuJr5D6gnzvgDsL5sNqYSFdi7Eyer9KFWqGCWUGMM3W1AcOyGRp1Gxjc2Xmv5TacBSBsMdZAZJ+IdK06o/CHgujSO/aBkp/eqOSWT0PFF4GquPXH1mItYWjzXF1Gp78Q/ITMG2iUQo3+1hVuh1u/NiS2hBsScfZjfQ1Qepk7zm5sP4RC4QlK63s/sHuItK4rkWXGRi+QE1hCdbAOKgm+KerXzpsuPB19dHsCVGFuq/dsk7zqpXkCztMJQuTfiSYLm9oGU6klx585kf80Sr7zXLQ7rfpM58xAvoUan9KiEX4qrXA4Lj/7EvbpE9t2O+E/LwfkfqDErMoWFtxmJB/30hCjahdfHCqLFCweprtef5DmWL1d5aNsSfvDxM8XKdEFcfQexYsuwcobeW0mbBJ/uCcsrDzadxTtEjtIJjNuJOWb0PMsxXhM6TdnoHIgXxAqTyyQDxa4nBKCyFW4RQz7j1pyHvcTrC/ddwYdGYb7kvQe5IPxe1LR1OuOeySCbedTbjXiImacFsXzT+1rmQUuGqj6hz5Oq1n7uj6K1cTgXDxommpg10uJzJTGJMnUC8+xrdKHyf7LoQdMNWpR8QNbMZXfoEZ10n1ao/hQ9qlf79fqXKLq6RIh/JT/DR3A99HWuz5PLMW/km6UFKetx3rG02ZdytgfUV7Ev2LcIawkDZeBZHTQMrMncbpZbaXmPY77uSDwN8imc1jU79gaoH4Y/D6f2Y8YTylxuikALL6euW2fgIB2oG4ueu0AUszfnijYJ71aCW90ouAnvZrFunaiuVJVwEdfg3eYuquonEirpHBfqDh2IzgQT/QtNDVD1khOc/B3taqYHPGHPNqDblFB0D0OZZPLHWX+OsXlVOMyYTQ/zCpCIz5B6F3LvXs1/LZqeOP4C0N83qS12q08TN91sJyUNPk1ZaWr1Jpdq/uAD7bXIE0B1vWZubvBsXdzs/ikeZYXYSuY12+I8AZvtSQZbd66qzcrSV0M+ID1SbOcXQLFb7RJr81ln0O6JITJeQxcuLe+JXSR9VMO2iWzXkNCA3PmhdP4cXZEl6fMThbKl+pVEDTFlgqEn8ppL/PXnnPkijKuG5g26MbM7ykHJS+KB/BWKNUY9plmuhojED8Jlr+BxfnAsexUD2dacwv+Aqw57OXTCfIzN6fvZ2dHtK64nD1SkOeoKaEaRcoSuP2KqZU85GuX+PXaho2SopG1QoIZYS82ghR7FW+3atRR7h/PT3Q0VvcAUV+JrRRITI7ff3A6qtXiFwAhgDYRva7IYIObNEHtaW7Dw1KcFXhUHjJMi28FlMFKXzF/A5fk3TxPDDraUdE89bBikqnXQguF0fzB7oBhNmeERUfzAYGhFHxJrugE8VrN3dmIUuPAGW9J5or4Kq6rEAqDfLz8AqyAKMM614IVvfW2aWhOrwuRF72mgfzVf0sj0lR7VuaQedT11usta8iVn90X2tgQiezLkrYXPiarL//91CPe7GZoKpvxTwy4CYi2cHdHogWbcK0WC+W4yTmOHC1YdvOgqQ2WbucJUbpKQdOpEU77Oh8oeysW7GY7HCzS2ptL20hCloEmYOuynLx5GbeCkRZ8tWOsIqj37RntEq10Fh7ojEAPFmio1xk1hmaJeOenqkicS8O1gRYhyaIAgAmDbsGjdFyeALd8gtniJ52SiTxOXKcs+ji3HqyWmqKQcwgk2PA/YatJ3FK6Vc+5v/93B6DSvQZWz4i2dF02B1OPTF/wvit8E18WO7fRFLa4Zz4u0YmXSInzs81oQMhfd4GZ5e4M2tavxqQD7fGvyqZOtLjflKllwf8ai0ABNxPgwKyS6pXqqzbOhmU80fF8eLHLVbZyQYhCuwNow1nJ1za8/puBt3o4p5CcvqJgFWZu98xbsxGdNm4GbgB1RqILRdrdvY9gKr7JFzLnsMNUwWnf9ZxC0m4aeoe55S+ozLr7IuJ+3r93MOoXT7U0t/joqAs45kpzg4C/mKalaerPEdrOogdj6cEKnrpuKoHfBiGWl1F47RgmFVg0gxCUSEibVfSBwo9RarOvrMDEwITAJBgUrDgMCGgUABBRwASKl8uzbFmDw7WoMduTJ1PAFVAQILb5ZbCCMKHkCAicQUEsHCBLaOH6tGQAAqBkAAFBLAwQUAAgICAC9mU5TAAAAAAAAAAAAAAAADAAAAGtleXN0b3JlLmprc9WVeTQbehbHE0loBBE7rV3VGgkJsaYkRtVW1NbSiEgUkbQJ8ihd6EarizVoqa0tqrRp1dIqrddWUUWe7VlLbbVrLbV09M2bM3PmzJz5+/1xz/l97+/+7jn3nvu5v+3Z7VkAACCwY8A/TJDJIodSo3aOMWdNK2cAAAgQFQfeQokJCusKAsFAHQEEEAgBgOPAU5TCilqcEwGkqZ7SVOgA4FJ6dCmKFebb8qfSV6kx/fK7G4Lkmm1VsTJt++RCXPhGnm7ZVvPLjFEHZqzN+ndfQsCElvL0O4YhguNmOzqZjnoprODRw/9I0BLDnxeacepfpo+OvktEXOu2cG/CMe4GGn2XpO3GefbBGvyxFevvoqTrWbvC5PaFkReEzntvRJufJjl24fKCkSLrcIfsWSaQ5PRg2WJUPs/FdIhcBvllMI/wIubN+49Hh1aoYga0SwU6mp1RsU7gO6fa1KJ5DhQ8M+c8YoIjvLdF3yaLVxP7gdKjfQ6Oa+aEoJ2WMeAEPnb4eczV3F6rDvvuvdJs/O86CGDHhLvUnvYAb3+ldwcrFI640Y34XGlS8z6MEF62zTKIaA8Vsf/Nborjk7ysHko8Jmb6uEBCc99IJj4J7+LZG7+HVlRcQTihvso7u5TCgC7syrKUNchtUeelFS2Pvn2WZXAk5RFbBJlTdTVV5lqqmS8o4sQxnZLVUMhrIUOzWjSqfoN9OL13xLWm4PYtkuWKcCcrT6s80vjr+8m7yGniudzB3jMNP4LCYLPwBMdx23vCorBz2wQHxzTvJIBLAxl4OPNxiYiWVaVX2EtOrFkBMVucdidLPMg0E/EtIXMeOw6ezYA7OpxrhjFqgFO2WZsV0ETdVYfdtUJeDx9223jnW02uCJ1Y0DGJu8lRHJjKf13ZuCWu0QiYvgyWs5Ep1jo7HVPwpclvzpHWRHUMupFUrJBv4PRYfE3i8uKYb+qLr0GNYeVqvroff1G+GiBzEeis3KixtD3a336levpItbhHwxbrgfOS/6/IsmlaPkn8qc9XrdXA9YlByrAjeTcHmS65QSnej9ALyBFOtMuGhxB4zRfXs/I5MDE3atJvXa87a6DHFQ5QB99Gz5hcGYD2zU5HCirNWwzynpU3dpqPn0/ta9KRvOw1SpDf6uCBPAiSfvrDzRpwev+ZqzIg1wl/pPPjBn6kXU50e0nQRlB6ixGqG9V30NUpcnz5mChQIUZx32NSr0MCuGaTufVKu86I/YidvxjFyIgQVNp4KQIPDmvdUzT/aQUid4Nv8EE7Q1QoF2szg7B+oqB6KzloZPWF76d72VfiH6bpdR+SoCDgfRmw/YweN08MZnvuFmLtLu+Xh9n0SiC3FL4qU53GnvS8mFgWLQNgRLZGl+unyFu59Q/kpRxvmMRWK6eGZZb05DjHfw992tWVMH1eWOTWL9dHhkY65epPYYBzeK04KwSUgWYdCkfH7l/eRSv9rf/5WPvMJbCvJgO84p5CTJnMQljK4L+98F3rkOg6HHp0KVzskr56cox3Bns2obUt6UI3THw/K4MvYHyA1tR9+1m8T/TrHzcKqZzuuDHyY1EBr4mTr/xHyt0gb53vUj0eiSqdy2zRrx/2db/HZzoY1/nFNLnLNTunhzNbolguFJZEoZxtqJyJE6TEWidtNA+AP3Jvtm4xcNDi+vOpK8murlq9iXoKRdbSFeUnO/VuGdbhMzo1ahRxYajjOAl49e3OmrDwUesR5/bmm1bgcnlIkOuYNNadzjx1uvloGvQ93o7WoWpeGvoZ536I86xFyr+9mB8f+/K2TqCujGl6a+aegqZH3BwJXFkzCUlgtFeXt08A3jbp6cmdtuuWGCx9s0KFavhJPZ8BKu7Vt15aUZhB/rEgId5ILMoUAAAdRsWBDqHiBHACQABKVBCqc/HAxVVRIBAGAaDOFaCVUYqCIA8wSFLGOiKcyWCGMSPYKkRyODmAzKaqEKzRtijCzwBhSQsXFplC3/ExWSd2tm54MJOh8t/e2NGZAWS6ijuVTtNnBwcxqIE/08iipH+mEZLcmfdADpMZqOJ+nMmistGSKMTPi12SwgQyPZjGZDGCyWgYCvrTKSgp4OGOUpIVNUSjUWgM2hRthEEf2ZHGO9LoT4nC/TMcKSngiUZro/b9oyIVnLEx0doEh90pwRqDNbXG4YwxOEMjHNEaS8BY44ioOKDav7dk56MAxQHhgB2/sEAcEAioC7N38I2x9f5iOQlK5WYv8YjKJYVq/pBN/7uC2/asEoVWrjdPntxq+7Fr6JnXl6ff/EhQ49T5VBw3Z9r4ynWTCrClMPuIm/Peb5U9EU9gr0o663694GSeMxZ8vC+19hZwlj8cn55lFmcYTjr/AcaothOfuK6++2mNofodM8siQWLLtjt5Gx9bxVYzFYx02MuTtAfWF2ZNtvf4RF4iukJl1FVaD7Ae8F3Xkd4+2oOy5lXKzD5KjJkwwga5XfvMyZvrpjAg0iOOufk8IvD1UDx1/X4HLyWZllPev9RqqrBOUteDY3jgEMVHN06VSd+bXrJjnL4/0S84OYE4xPN9vbYhAAICgP8xNKCfjZGi6V4revK9+M1TTzErXdUNW4Hsa+/CPUMfRG/0K4z7jqiWeqQVHPudaT+bbb7id71N4Tn0tMyA3gh1Mb1zoD3oVEWaD+5llHJy21KA11YziERXN3iwnxj64t68igANO/3GcD0+ne2fUwLoik/Uu9t5QQoQ6sqNMYdXf962c11SAt1PsziGwsOrbuZWmqut4q7JPJ16dmlsucTIVunCIswM8omYEoJk5+steVxy/ZKjmZN/6MQLm5nN6b9FeJBf0mtVYWlzHV71k/z5xtGqpbRCKJf0a4WvwjuzPaskg3QVIZ/A0bdzYcpRK65WKULCcZEthjIh524n33GdYU7sXqrQhPwLr487eLXs4PVEAAEY/pSeY7Z7MxPaTJey3Ruy+BfGDWWCMkQZoTEY3A5uGDTK2NDkT/kXqeL/oV24fHSrdg3wcKRHsK3cPle7bKRTu9i+VlRkhayqnHNhxDJDlqtXl8A5E0BzH1fRqJHA+h0ExDcN3lheflLIvzd0kbs5qT+HUdE8ZlFxjS/fcOcLPFrsyBQPPP0K237aJhm/pRIRlegyY546LHe5fajI5x2TMt5QfXCgOqBov8UAfvZyvltKReL+D1+6Dr1XiHOUpStpEbsi1WQdCKOQj3OJfUfnT3z1euRS6SaX+G2iDS518m2gX+Dlhsdrn7K4F5lx3ne/MRprM+sW1WCfGcz6YQ/eYjaw0Scg0lad0ZNEvdEoZDcycGe4xb7DgLsSECJvYdDIaYuwGctCY+SymOvq/xNt8bEE/xu40rUD941GLvRF64EHz8I/11ZG6X47/0O71CNsH/pkNbLWWJFTkIU406l1phUO2NVPsX/VeCVjM56P6iIlU+iJ49yjiwvpucsqSY5WXW9EnmAD/NsOh5OSSX2s71enjCt/XK7fXJByUhrLZC6wymFap/jmssGKoW8dLlk+iFA00VaMmCsmQ0qxQ/pr9mIJVSHek2bzc5vzCWtdb5oXMhTD+3woF5K0azk+eVmOeywy/KI1DG3TBUDNjczegMihXpJLNvLrAUwV0f96eeNCaO2rg5vjPuJ2SwVgww4OuPWWrphIXVU7121G99iyu1/ICQukqtTMNd2nek1fPKUXNfI0c8siNWK33CMZuK2WlTK/vwNQSwcIWNCAk9UKAAB3DAAAUEsBAhQAFAAICAgAvZlOU9JkC/VJBQAASQwAAAYAAAAAAAAAAAAAAAAAAAAAAFJFQURNRVBLAQIUABQACAgIAL2ZTlOzHP792hkAANUZAAALAAAAAAAAAAAAAAAAAH0FAABjd2FsbGV0LnNzb1BLAQIUABQACAgIAL2ZTlM3jVgtNQEAAEkHAAAMAAAAAAAAAAAAAAAAAJAfAAB0bnNuYW1lcy5vcmFQSwECFAAUAAgICAC9mU5TLIqr8mcJAADaDAAADgAAAAAAAAAAAAAAAAD/IAAAdHJ1c3RzdG9yZS5qa3NQSwECFAAUAAgICAC9mU5TeWZV4WMBAACzAgAAEAAAAAAAAAAAAAAAAACiKgAAb2pkYmMucHJvcGVydGllc1BLAQIUABQACAgIAL2ZTlP76uhjaAAAAHIAAAAKAAAAAAAAAAAAAAAAAEMsAABzcWxuZXQub3JhUEsBAhQAFAAICAgAvZlOUxLaOH6tGQAAqBkAAAsAAAAAAAAAAAAAAAAA4ywAAGV3YWxsZXQucDEyUEsBAhQAFAAICAgAvZlOU1jQgJPVCgAAdwwAAAwAAAAAAAAAAAAAAAAAyUYAAGtleXN0b3JlLmprc1BLBQYAAAAACAAIAMwBAADYUQAAAAA=",
            "generate_type": "SINGLE",
            "id": "DatabaseAutonomousDatabaseWalletResource-2928827732",
            "password": "OegQgA8t6ONWJTv1",
            "timeouts": null
          },
          "sensitive_attributes": [
            [
              {
                "type": "get_attr",
                "value": "password"
              }
            ]
          ],
          "private": "eyJlMmJmYjczMC1lY2FhLTExZTYtOGY4OC0zNDM2M2JjN2M0YzAiOnsiY3JlYXRlIjoxMjAwMDAwMDAwMDAwLCJkZWxldGUiOjEyMDAwMDAwMDAwMDAsInVwZGF0ZSI6MTIwMDAwMDAwMDAwMH19",
          "dependencies": [
            "data.oci_identity_region_subscriptions.home_region_subscriptions",
            "oci_core_network_security_group.ATPSecurityGroup",
            "oci_core_security_list.vcn01_db_security_list",
            "oci_core_subnet.vcn01_subnet_db01",
            "oci_core_vcn.vcn01",
            "oci_database_autonomous_database.ATPdatabase",
            "oci_identity_tag.ArchitectureCenterTag",
            "oci_identity_tag_namespace.ArchitectureCenterTagNamespace",
            "random_id.tag",
            "random_password.wallet_password"
          ]
        }
      ]
    },
    {
      "mode": "managed",
      "type": "oci_identity_tag",
      "name": "ArchitectureCenterTag",
      "provider": "provider[\"registry.terraform.io/hashicorp/oci\"].homeregion",
      "instances": [
        {
          "schema_version": 0,
          "attributes": {
            "defined_tags": {
              "Oracle-Tags.CreatedBy": "oracleidentitycloudservice/amish.jain@oracle.com",
              "Oracle-Tags.CreatedOn": "2021-10-14T19:10:19.615Z"
            },
            "description": "ArchitectureCenterTag",
            "freeform_tags": {},
            "id": "ocid1.tagdefinition.oc1..aaaaaaaanhstgp37qil6buq5esd2minvi5re3uf2viy2slaygpwfwyfb7uaa",
            "is_cost_tracking": false,
            "is_retired": false,
            "name": "release",
            "state": "ACTIVE",
            "tag_namespace_id": "ocid1.tagnamespace.oc1..aaaaaaaamigmz7ybeprmoytortvqf6yaygh6bubjcli2ygwv5p2irtsokcwa",
            "time_created": "2021-10-14 19:10:19.632 +0000 UTC",
            "timeouts": null,
            "validator": [
              {
                "validator_type": "ENUM",
                "values": [
                  "release",
                  "1.4"
                ]
              }
            ]
          },
          "sensitive_attributes": [],
          "private": "eyJlMmJmYjczMC1lY2FhLTExZTYtOGY4OC0zNDM2M2JjN2M0YzAiOnsiY3JlYXRlIjo5MDAwMDAwMDAwMDAsImRlbGV0ZSI6NDMyMDAwMDAwMDAwMDAsInVwZGF0ZSI6OTAwMDAwMDAwMDAwfX0=",
          "dependencies": [
            "data.oci_identity_region_subscriptions.home_region_subscriptions",
            "oci_identity_tag_namespace.ArchitectureCenterTagNamespace",
            "random_id.tag"
          ]
        }
      ]
    },
    {
      "mode": "managed",
      "type": "oci_identity_tag_namespace",
      "name": "ArchitectureCenterTagNamespace",
      "provider": "provider[\"registry.terraform.io/hashicorp/oci\"].homeregion",
      "instances": [
        {
          "schema_version": 0,
          "attributes": {
            "compartment_id": "ocid1.tenancy.oc1..aaaaaaaawxhxnvqcnahx74civwly2duq4gfytiw2inngqg2tbcflgl56ytmq",
            "defined_tags": {
              "Oracle-Tags.CreatedBy": "oracleidentitycloudservice/amish.jain@oracle.com",
              "Oracle-Tags.CreatedOn": "2021-10-14T19:10:08.457Z"
            },
            "description": "ArchitectureCenterTagNamespace",
            "freeform_tags": {},
            "id": "ocid1.tagnamespace.oc1..aaaaaaaamigmz7ybeprmoytortvqf6yaygh6bubjcli2ygwv5p2irtsokcwa",
            "is_retired": false,
            "name": "ArchitectureCenter\\deploy-tomcat-adb-38d2",
            "state": "ACTIVE",
            "time_created": "2021-10-14 19:10:08.49 +0000 UTC",
            "timeouts": null
          },
          "sensitive_attributes": [],
          "private": "eyJlMmJmYjczMC1lY2FhLTExZTYtOGY4OC0zNDM2M2JjN2M0YzAiOnsiY3JlYXRlIjoxMjAwMDAwMDAwMDAwLCJkZWxldGUiOjEyMDAwMDAwMDAwMDAsInVwZGF0ZSI6MTIwMDAwMDAwMDAwMH19",
          "dependencies": [
            "data.oci_identity_region_subscriptions.home_region_subscriptions",
            "random_id.tag"
          ]
        }
      ]
    },
    {
      "mode": "managed",
      "type": "oci_load_balancer",
      "name": "lb01",
      "provider": "provider[\"registry.terraform.io/hashicorp/oci\"]",
      "instances": [
        {
          "schema_version": 0,
          "attributes": {
            "compartment_id": "ocid1.tenancy.oc1..aaaaaaaawxhxnvqcnahx74civwly2duq4gfytiw2inngqg2tbcflgl56ytmq",
            "defined_tags": {
              "ArchitectureCenter\\deploy-tomcat-adb-38d2.release": "1.4",
              "Oracle-Tags.CreatedBy": "oracleidentitycloudservice/amish.jain@oracle.com",
              "Oracle-Tags.CreatedOn": "2021-10-14T19:12:27.312Z"
            },
            "display_name": "load_balancer_01",
            "freeform_tags": {},
            "id": "ocid1.loadbalancer.oc1.uk-london-1.aaaaaaaa2bc7apncriwwogmcklhgl3fltdhso5oyc6gxlicwf2xkw24wl6ca",
            "ip_address_details": [
              {
                "ip_address": "150.230.122.17",
                "is_public": true,
                "reserved_ip": []
              }
            ],
            "ip_addresses": [
              "150.230.122.17"
            ],
            "ip_mode": "IPV4",
            "is_private": false,
            "network_security_group_ids": [
              "ocid1.networksecuritygroup.oc1.uk-london-1.aaaaaaaadkwiojvfrvqlnkbdprm6j3ko2z734a4b4cvtywwb47mqijxkm6pa"
            ],
            "reserved_ips": [],
            "shape": "flexible",
            "shape_details": [
              {
                "maximum_bandwidth_in_mbps": 100,
                "minimum_bandwidth_in_mbps": 10
              }
            ],
            "state": "ACTIVE",
            "subnet_ids": [
              "ocid1.subnet.oc1.uk-london-1.aaaaaaaat3cy4qbxfdiedy4vzaicarksnfaxh33wfgspwrhqq6iy5yrmxt2a"
            ],
            "system_tags": {},
            "time_created": "2021-10-14 19:12:27.873 +0000 UTC",
            "timeouts": null
          },
          "sensitive_attributes": [],
          "private": "eyJlMmJmYjczMC1lY2FhLTExZTYtOGY4OC0zNDM2M2JjN2M0YzAiOnsiY3JlYXRlIjoxMjAwMDAwMDAwMDAwLCJkZWxldGUiOjEyMDAwMDAwMDAwMDAsInVwZGF0ZSI6MTIwMDAwMDAwMDAwMH19",
          "dependencies": [
            "data.oci_identity_region_subscriptions.home_region_subscriptions",
            "oci_core_network_security_group.LBSecurityGroup",
            "oci_core_subnet.vcn01_subnet_pub01",
            "oci_core_vcn.vcn01",
            "oci_identity_tag.ArchitectureCenterTag",
            "oci_identity_tag_namespace.ArchitectureCenterTagNamespace",
            "random_id.tag"
          ]
        }
      ]
    },
    {
      "mode": "managed",
      "type": "oci_load_balancer_backend",
      "name": "lb_be_tomcat",
      "provider": "provider[\"registry.terraform.io/hashicorp/oci\"]",
      "instances": [
        {
          "index_key": 0,
          "schema_version": 0,
          "attributes": {
            "backendset_name": "lb_app01",
            "backup": false,
            "drain": false,
            "id": "loadBalancers/ocid1.loadbalancer.oc1.uk-london-1.aaaaaaaa2bc7apncriwwogmcklhgl3fltdhso5oyc6gxlicwf2xkw24wl6ca/backendSets/lb_app01/backends/10.0.10.22:8080",
            "ip_address": "10.0.10.22",
            "load_balancer_id": "ocid1.loadbalancer.oc1.uk-london-1.aaaaaaaa2bc7apncriwwogmcklhgl3fltdhso5oyc6gxlicwf2xkw24wl6ca",
            "name": "10.0.10.22:8080",
            "offline": false,
            "port": 8080,
            "state": "SUCCEEDED",
            "timeouts": null,
            "weight": 1
          },
          "sensitive_attributes": [],
          "private": "eyJlMmJmYjczMC1lY2FhLTExZTYtOGY4OC0zNDM2M2JjN2M0YzAiOnsiY3JlYXRlIjoxMjAwMDAwMDAwMDAwLCJkZWxldGUiOjEyMDAwMDAwMDAwMDAsInVwZGF0ZSI6MTIwMDAwMDAwMDAwMH19",
          "dependencies": [
            "data.oci_core_images.InstanceImageOCID",
            "data.oci_identity_availability_domains.ADs",
            "data.oci_identity_region_subscriptions.home_region_subscriptions",
            "data.template_cloudinit_config.cloud_init",
            "data.template_file.key_script",
            "oci_core_instance.tomcat-server",
            "oci_core_network_security_group.APPSecurityGroup",
            "oci_core_network_security_group.LBSecurityGroup",
            "oci_core_network_security_group.SSHSecurityGroup",
            "oci_core_subnet.vcn01_subnet_app01",
            "oci_core_subnet.vcn01_subnet_pub01",
            "oci_core_vcn.vcn01",
            "oci_identity_tag.ArchitectureCenterTag",
            "oci_identity_tag_namespace.ArchitectureCenterTagNamespace",
            "oci_load_balancer.lb01",
            "oci_load_balancer_backend_set.lb_be_app01",
            "random_id.tag",
            "tls_private_key.public_private_key_pair"
          ]
        },
        {
          "index_key": 1,
          "schema_version": 0,
          "attributes": {
            "backendset_name": "lb_app01",
            "backup": false,
            "drain": false,
            "id": "loadBalancers/ocid1.loadbalancer.oc1.uk-london-1.aaaaaaaa2bc7apncriwwogmcklhgl3fltdhso5oyc6gxlicwf2xkw24wl6ca/backendSets/lb_app01/backends/10.0.10.176:8080",
            "ip_address": "10.0.10.176",
            "load_balancer_id": "ocid1.loadbalancer.oc1.uk-london-1.aaaaaaaa2bc7apncriwwogmcklhgl3fltdhso5oyc6gxlicwf2xkw24wl6ca",
            "name": "10.0.10.176:8080",
            "offline": false,
            "port": 8080,
            "state": "SUCCEEDED",
            "timeouts": null,
            "weight": 1
          },
          "sensitive_attributes": [],
          "private": "eyJlMmJmYjczMC1lY2FhLTExZTYtOGY4OC0zNDM2M2JjN2M0YzAiOnsiY3JlYXRlIjoxMjAwMDAwMDAwMDAwLCJkZWxldGUiOjEyMDAwMDAwMDAwMDAsInVwZGF0ZSI6MTIwMDAwMDAwMDAwMH19",
          "dependencies": [
            "data.oci_core_images.InstanceImageOCID",
            "data.oci_identity_availability_domains.ADs",
            "data.oci_identity_region_subscriptions.home_region_subscriptions",
            "data.template_cloudinit_config.cloud_init",
            "data.template_file.key_script",
            "oci_core_instance.tomcat-server",
            "oci_core_network_security_group.APPSecurityGroup",
            "oci_core_network_security_group.LBSecurityGroup",
            "oci_core_network_security_group.SSHSecurityGroup",
            "oci_core_subnet.vcn01_subnet_app01",
            "oci_core_subnet.vcn01_subnet_pub01",
            "oci_core_vcn.vcn01",
            "oci_identity_tag.ArchitectureCenterTag",
            "oci_identity_tag_namespace.ArchitectureCenterTagNamespace",
            "oci_load_balancer.lb01",
            "oci_load_balancer_backend_set.lb_be_app01",
            "random_id.tag",
            "tls_private_key.public_private_key_pair"
          ]
        }
      ]
    },
    {
      "mode": "managed",
      "type": "oci_load_balancer_backend_set",
      "name": "lb_be_app01",
      "provider": "provider[\"registry.terraform.io/hashicorp/oci\"]",
      "instances": [
        {
          "schema_version": 0,
          "attributes": {
            "backend": [],
            "health_checker": [
              {
                "interval_ms": 10000,
                "port": 8080,
                "protocol": "HTTP",
                "response_body_regex": ".*",
                "retries": 3,
                "return_code": 200,
                "timeout_in_millis": 3000,
                "url_path": "/"
              }
            ],
            "id": "loadBalancers/ocid1.loadbalancer.oc1.uk-london-1.aaaaaaaa2bc7apncriwwogmcklhgl3fltdhso5oyc6gxlicwf2xkw24wl6ca/backendSets/lb_app01",
            "lb_cookie_session_persistence_configuration": [],
            "load_balancer_id": "ocid1.loadbalancer.oc1.uk-london-1.aaaaaaaa2bc7apncriwwogmcklhgl3fltdhso5oyc6gxlicwf2xkw24wl6ca",
            "name": "lb_app01",
            "policy": "ROUND_ROBIN",
            "session_persistence_configuration": [],
            "ssl_configuration": [],
            "state": "SUCCEEDED",
            "timeouts": null
          },
          "sensitive_attributes": [],
          "private": "eyJlMmJmYjczMC1lY2FhLTExZTYtOGY4OC0zNDM2M2JjN2M0YzAiOnsiY3JlYXRlIjoxMjAwMDAwMDAwMDAwLCJkZWxldGUiOjEyMDAwMDAwMDAwMDAsInVwZGF0ZSI6MTIwMDAwMDAwMDAwMH19",
          "dependencies": [
            "data.oci_identity_region_subscriptions.home_region_subscriptions",
            "oci_core_network_security_group.LBSecurityGroup",
            "oci_core_subnet.vcn01_subnet_pub01",
            "oci_core_vcn.vcn01",
            "oci_identity_tag.ArchitectureCenterTag",
            "oci_identity_tag_namespace.ArchitectureCenterTagNamespace",
            "oci_load_balancer.lb01",
            "random_id.tag"
          ]
        }
      ]
    },
    {
      "mode": "managed",
      "type": "oci_load_balancer_listener",
      "name": "lb_listener_app01",
      "provider": "provider[\"registry.terraform.io/hashicorp/oci\"]",
      "instances": [
        {
          "schema_version": 0,
          "attributes": {
            "connection_configuration": [
              {
                "backend_tcp_proxy_protocol_version": 0,
                "idle_timeout_in_seconds": "60"
              }
            ],
            "default_backend_set_name": "lb_app01",
            "hostname_names": [],
            "id": "loadBalancers/ocid1.loadbalancer.oc1.uk-london-1.aaaaaaaa2bc7apncriwwogmcklhgl3fltdhso5oyc6gxlicwf2xkw24wl6ca/listeners/http",
            "load_balancer_id": "ocid1.loadbalancer.oc1.uk-london-1.aaaaaaaa2bc7apncriwwogmcklhgl3fltdhso5oyc6gxlicwf2xkw24wl6ca",
            "name": "http",
            "path_route_set_name": null,
            "port": 80,
            "protocol": "HTTP",
            "routing_policy_name": null,
            "rule_set_names": [],
            "ssl_configuration": [],
            "state": "SUCCEEDED",
            "timeouts": null
          },
          "sensitive_attributes": [],
          "private": "eyJlMmJmYjczMC1lY2FhLTExZTYtOGY4OC0zNDM2M2JjN2M0YzAiOnsiY3JlYXRlIjoxMjAwMDAwMDAwMDAwLCJkZWxldGUiOjEyMDAwMDAwMDAwMDAsInVwZGF0ZSI6MTIwMDAwMDAwMDAwMH19",
          "dependencies": [
            "data.oci_identity_region_subscriptions.home_region_subscriptions",
            "oci_core_network_security_group.LBSecurityGroup",
            "oci_core_subnet.vcn01_subnet_pub01",
            "oci_core_vcn.vcn01",
            "oci_identity_tag.ArchitectureCenterTag",
            "oci_identity_tag_namespace.ArchitectureCenterTagNamespace",
            "oci_load_balancer.lb01",
            "oci_load_balancer_backend_set.lb_be_app01",
            "random_id.tag"
          ]
        }
      ]
    },
    {
      "mode": "managed",
      "type": "random_id",
      "name": "tag",
      "provider": "provider[\"registry.terraform.io/hashicorp/random\"]",
      "instances": [
        {
          "schema_version": 0,
          "attributes": {
            "b64_std": "ONI=",
            "b64_url": "ONI",
            "byte_length": 2,
            "dec": "14546",
            "hex": "38d2",
            "id": "ONI",
            "keepers": null,
            "prefix": null
          },
          "sensitive_attributes": [],
          "private": "bnVsbA=="
        }
      ]
    },
    {
      "mode": "managed",
      "type": "random_password",
      "name": "wallet_password",
      "provider": "provider[\"registry.terraform.io/hashicorp/random\"]",
      "instances": [
        {
          "schema_version": 0,
          "attributes": {
            "id": "none",
            "keepers": null,
            "length": 16,
            "lower": true,
            "min_lower": 0,
            "min_numeric": 0,
            "min_special": 0,
            "min_upper": 0,
            "number": true,
            "override_special": "_%@",
            "result": "OegQgA8t6ONWJTv1",
            "special": true,
            "upper": true
          },
          "sensitive_attributes": [],
          "private": "bnVsbA=="
        }
      ]
    },
    {
      "mode": "managed",
      "type": "tls_private_key",
      "name": "public_private_key_pair",
      "provider": "provider[\"registry.terraform.io/hashicorp/tls\"]",
      "instances": [
        {
          "schema_version": 0,
          "attributes": {
            "algorithm": "RSA",
            "ecdsa_curve": "P224",
            "id": "a8737202e66fa9be98c6d07ed384cb8cf3f90c1f",
            "private_key_pem": "-----BEGIN RSA PRIVATE KEY-----\nMIIEpQIBAAKCAQEA0B7684GtIpIb+/pG1Vnjb58w2RwDsBdv0iEwO06MNv/k5/G7\nD/02xaFX9oWfZK6w6H7HLJ7/PPdG8g8utI7v1rTF/w4Ppgjo0jY5f+ZYqPmzdNP/\nTClmBFelZzksqLt+DRKVzsdxNhJKUPQ4BrNRlBrNIiWPbL/9CnOOlemX9S2WnXTj\neh92zkQkjPm+tQKPzLbFg5mxnE3pFd7Z50aURI5mcQvmjcRes8lkBdh+jHh0JP9i\n+yAgMIzMLa9U8IgoH0xKFYA/qNpnO76UXjuYNfbGu9skPOyxSBKSvgzNq7gUPJWd\n9Qn91YOd6XUwI1yCt5XYy7v72A4x6g1rr0Kf0wIDAQABAoIBAQCEDiRNvkqNVQhM\nqlGnrpGRkgD8wbnVUgmx2z0vZHezrksgoVGAo7rNS8L0uXSZ/f5ih4750SlDFeP+\nU4PfLZMhOTMo01M6lwyj1aRGc3JuRYKI7rtfKCWDO9nH1Y9wwQcKZHCJ9CLxnElr\ndIrYNY/d2eOvdwW6i1eT+h7PIJk7B71Lx+o6RuASIdWlVfZujS9yh9oV9lx67hIQ\n+cMyDs7KAmntOrGYtSIjg4Xc9wtEScnNwJ2317EaWbdVN/TW4zo3S7iAd0P20So1\nGkDFwuiqS4ZnqRr98ffXag0LJf84lj4Xqc/OwROISmTVHBaPq7Qe1k7kjtB432N1\n6UtdMn2BAoGBAOVTVjbCYbSgFBj572qK+2rOl4FIS0p3UhV+LoM8CqRvvRdVRZ6G\ntjLSBC5CE5GXgYFv9onCzuYoJWEssqFj9I28CyydSht0i8RL8RADaASB0gGmPD5K\n6jYaSad/abxLDWGChDLAnAiLeFelz3iR3C14SuJtBULvRzUwtf/0RYgNAoGBAOhU\nO7HsuiYaFQIsO+ZodEtPiUXSNGJPXzsfDX5KmAdRgq6ntrnGARpLuItbk22gOVky\n2klCoF165GdEdq4jhsqWcACIwsV1reENIM+07ket6ZFBD9xY9dZuF+NVLLTL/13V\nTcC/gVk1Xza0UzOBujoxiYYDhHTluYPuWqnX9e9fAoGAfyK1gERBgK7ilXoyxiFp\nAyynh8/5lb4S7sF2reDikYk1DrOClkFez0vpb2/Ig4W4EXdt+a/bnnORTY9HNPxC\nPzWKCGDnDdOODPSBH3yT9TO3ppxvd6V2tSnbvZWAnBgLwgxml/B6UK5puEW/gLt0\nkmzHL0J7kUEwfAeWTuEwjx0CgYEAjmgLSy1KkM5N8E4CzWFbX0o6X1TQjS4PtmJ7\nV90LQPkifEILC+YliOO/E5SnUnvyiw1TpbI0L/iDBhV+FZFrLsR1lK4/jN9sHFV6\ntjY2FDOyxjk2Kp9Q2QYUmGD+DTg5qF910F7SP0cqvJJdqWWsK71viXigeTLSut6g\nLhlVA0sCgYEAo4KNCtIVD6vmxLi+gJ9ORI1cZ1iZ7/QMAyODUko/2tqw7HSWf6/F\nAt9G1iJJtLRTJZBwVnapTcud+vB5fMsgu3Q4IuVAjUaxO7J4+MdiUK5BrAOR/yJH\ndy68wDn9asqA006L05acoeQhYuAAsJ6Hff/DrseqEZuSAe58W4BQXPk=\n-----END RSA PRIVATE KEY-----\n",
            "public_key_fingerprint_md5": "79:d4:47:72:e3:97:8e:d9:81:f1:4d:84:f7:16:9a:3c",
            "public_key_openssh": "ssh-rsa AAAAB3NzaC1yc2EAAAADAQABAAABAQDQHvrzga0ikhv7+kbVWeNvnzDZHAOwF2/SITA7Tow2/+Tn8bsP/TbFoVf2hZ9krrDofscsnv8890byDy60ju/WtMX/Dg+mCOjSNjl/5lio+bN00/9MKWYEV6VnOSyou34NEpXOx3E2EkpQ9DgGs1GUGs0iJY9sv/0Kc46V6Zf1LZaddON6H3bORCSM+b61Ao/MtsWDmbGcTekV3tnnRpREjmZxC+aNxF6zyWQF2H6MeHQk/2L7ICAwjMwtr1TwiCgfTEoVgD+o2mc7vpReO5g19sa72yQ87LFIEpK+DM2ruBQ8lZ31Cf3Vg53pdTAjXIK3ldjLu/vYDjHqDWuvQp/T\n",
            "public_key_pem": "-----BEGIN PUBLIC KEY-----\nMIIBIjANBgkqhkiG9w0BAQEFAAOCAQ8AMIIBCgKCAQEA0B7684GtIpIb+/pG1Vnj\nb58w2RwDsBdv0iEwO06MNv/k5/G7D/02xaFX9oWfZK6w6H7HLJ7/PPdG8g8utI7v\n1rTF/w4Ppgjo0jY5f+ZYqPmzdNP/TClmBFelZzksqLt+DRKVzsdxNhJKUPQ4BrNR\nlBrNIiWPbL/9CnOOlemX9S2WnXTjeh92zkQkjPm+tQKPzLbFg5mxnE3pFd7Z50aU\nRI5mcQvmjcRes8lkBdh+jHh0JP9i+yAgMIzMLa9U8IgoH0xKFYA/qNpnO76UXjuY\nNfbGu9skPOyxSBKSvgzNq7gUPJWd9Qn91YOd6XUwI1yCt5XYy7v72A4x6g1rr0Kf\n0wIDAQAB\n-----END PUBLIC KEY-----\n",
            "rsa_bits": 2048
          },
          "sensitive_attributes": [],
          "private": "bnVsbA=="
        }
      ]
    }
  ]
}
